
Microsoft Visual Studio Solution File, Format Version 12.00
# Visual Studio Version 17
VisualStudioVersion = 17.4.33205.214
MinimumVisualStudioVersion = 10.0.40219.1
Project("{9A19103F-16F7-4668-BE54-9A1E7A4F7556}") = "PicaTest", "PicaTest\PicaTest.csproj", "{5035948D-039C-4ABA-9010-9952BE587E10}"
EndProject
Project("{9A19103F-16F7-4668-BE54-9A1E7A4F7556}") = "PicaApi", "PicaApi\PicaApi.csproj", "{8AF7C2E1-7BB6-41E7-8CDB-C2DF39AFE629}"
EndProject
Project("{9A19103F-16F7-4668-BE54-9A1E7A4F7556}") = "Pica.Services", "Pica.Services\Pica.Services.csproj", "{5A384803-72D8-47A6-AD38-1AF5EAEEF042}"
EndProject
Project("{9A19103F-16F7-4668-BE54-9A1E7A4F7556}") = "Pica.Interfaces", "Pica.Interfaces\Pica.Interfaces.csproj", "{1BEF0557-86EE-4205-A8DF-54F1A9C10CD8}"
EndProject
Project("{2150E333-8FDC-42A3-9474-1A3956D46DE8}") = "Pica.Models", "Pica.Models", "{B1390257-1771-41BD-B1B9-EBE2DE79F0E5}"
EndProject
Project("{9A19103F-16F7-4668-BE54-9A1E7A4F7556}") = "Pica.Models.ApiModels", "Pica.Models.ApiModels\Pica.Models.ApiModels.csproj", "{7B2DEE15-FE5C-406D-8901-D30C84EE6890}"
EndProject
Project("{9A19103F-16F7-4668-BE54-9A1E7A4F7556}") = "Pica.Models.PicaJsonConverts", "Pica.Models.PicaJsonConverts\Pica.Models.PicaJsonConverts.csproj", "{C3DF1519-9D05-4D28-BBF7-162E82A2BC23}"
EndProject
Project("{2150E333-8FDC-42A3-9474-1A3956D46DE8}") = "PicaApis", "PicaApis", "{0D427D54-F8E6-473D-8B45-1094EB7597EB}"
EndProject
Project("{FAE04EC0-301F-11D3-BF4B-00C04F79EFBC}") = "Pica", "Pica\Pica.csproj", "{A6A3B3FB-1861-4FC3-91D2-1BFB38778108}"
EndProject
Global
	GlobalSection(SolutionConfigurationPlatforms) = preSolution
		Ad-Hoc|Any CPU = Ad-Hoc|Any CPU
		Ad-Hoc|ARM = Ad-Hoc|ARM
		Ad-Hoc|ARM64 = Ad-Hoc|ARM64
		Ad-Hoc|iPhone = Ad-Hoc|iPhone
		Ad-Hoc|iPhoneSimulator = Ad-Hoc|iPhoneSimulator
		Ad-Hoc|x64 = Ad-Hoc|x64
		Ad-Hoc|x86 = Ad-Hoc|x86
		AppStore|Any CPU = AppStore|Any CPU
		AppStore|ARM = AppStore|ARM
		AppStore|ARM64 = AppStore|ARM64
		AppStore|iPhone = AppStore|iPhone
		AppStore|iPhoneSimulator = AppStore|iPhoneSimulator
		AppStore|x64 = AppStore|x64
		AppStore|x86 = AppStore|x86
		Debug|Any CPU = Debug|Any CPU
		Debug|ARM = Debug|ARM
		Debug|ARM64 = Debug|ARM64
		Debug|iPhone = Debug|iPhone
		Debug|iPhoneSimulator = Debug|iPhoneSimulator
		Debug|x64 = Debug|x64
		Debug|x86 = Debug|x86
		Release|Any CPU = Release|Any CPU
		Release|ARM = Release|ARM
		Release|ARM64 = Release|ARM64
		Release|iPhone = Release|iPhone
		Release|iPhoneSimulator = Release|iPhoneSimulator
		Release|x64 = Release|x64
		Release|x86 = Release|x86
	EndGlobalSection
	GlobalSection(ProjectConfigurationPlatforms) = postSolution
		{5035948D-039C-4ABA-9010-9952BE587E10}.Ad-Hoc|Any CPU.ActiveCfg = Release|Any CPU
		{5035948D-039C-4ABA-9010-9952BE587E10}.Ad-Hoc|Any CPU.Build.0 = Release|Any CPU
		{5035948D-039C-4ABA-9010-9952BE587E10}.Ad-Hoc|ARM.ActiveCfg = Release|Any CPU
		{5035948D-039C-4ABA-9010-9952BE587E10}.Ad-Hoc|ARM.Build.0 = Release|Any CPU
		{5035948D-039C-4ABA-9010-9952BE587E10}.Ad-Hoc|ARM64.ActiveCfg = Release|Any CPU
		{5035948D-039C-4ABA-9010-9952BE587E10}.Ad-Hoc|ARM64.Build.0 = Release|Any CPU
		{5035948D-039C-4ABA-9010-9952BE587E10}.Ad-Hoc|iPhone.ActiveCfg = Release|Any CPU
		{5035948D-039C-4ABA-9010-9952BE587E10}.Ad-Hoc|iPhone.Build.0 = Release|Any CPU
		{5035948D-039C-4ABA-9010-9952BE587E10}.Ad-Hoc|iPhoneSimulator.ActiveCfg = Release|Any CPU
		{5035948D-039C-4ABA-9010-9952BE587E10}.Ad-Hoc|iPhoneSimulator.Build.0 = Release|Any CPU
		{5035948D-039C-4ABA-9010-9952BE587E10}.Ad-Hoc|x64.ActiveCfg = Release|Any CPU
		{5035948D-039C-4ABA-9010-9952BE587E10}.Ad-Hoc|x64.Build.0 = Release|Any CPU
		{5035948D-039C-4ABA-9010-9952BE587E10}.Ad-Hoc|x86.ActiveCfg = Release|Any CPU
		{5035948D-039C-4ABA-9010-9952BE587E10}.Ad-Hoc|x86.Build.0 = Release|Any CPU
		{5035948D-039C-4ABA-9010-9952BE587E10}.AppStore|Any CPU.ActiveCfg = Release|Any CPU
		{5035948D-039C-4ABA-9010-9952BE587E10}.AppStore|Any CPU.Build.0 = Release|Any CPU
		{5035948D-039C-4ABA-9010-9952BE587E10}.AppStore|ARM.ActiveCfg = Release|Any CPU
		{5035948D-039C-4ABA-9010-9952BE587E10}.AppStore|ARM.Build.0 = Release|Any CPU
		{5035948D-039C-4ABA-9010-9952BE587E10}.AppStore|ARM64.ActiveCfg = Release|Any CPU
		{5035948D-039C-4ABA-9010-9952BE587E10}.AppStore|ARM64.Build.0 = Release|Any CPU
		{5035948D-039C-4ABA-9010-9952BE587E10}.AppStore|iPhone.ActiveCfg = Release|Any CPU
		{5035948D-039C-4ABA-9010-9952BE587E10}.AppStore|iPhone.Build.0 = Release|Any CPU
		{5035948D-039C-4ABA-9010-9952BE587E10}.AppStore|iPhoneSimulator.ActiveCfg = Release|Any CPU
		{5035948D-039C-4ABA-9010-9952BE587E10}.AppStore|iPhoneSimulator.Build.0 = Release|Any CPU
		{5035948D-039C-4ABA-9010-9952BE587E10}.AppStore|x64.ActiveCfg = Release|Any CPU
		{5035948D-039C-4ABA-9010-9952BE587E10}.AppStore|x64.Build.0 = Release|Any CPU
		{5035948D-039C-4ABA-9010-9952BE587E10}.AppStore|x86.ActiveCfg = Release|Any CPU
		{5035948D-039C-4ABA-9010-9952BE587E10}.AppStore|x86.Build.0 = Release|Any CPU
		{5035948D-039C-4ABA-9010-9952BE587E10}.Debug|Any CPU.ActiveCfg = Debug|Any CPU
		{5035948D-039C-4ABA-9010-9952BE587E10}.Debug|Any CPU.Build.0 = Debug|Any CPU
		{5035948D-039C-4ABA-9010-9952BE587E10}.Debug|ARM.ActiveCfg = Debug|Any CPU
		{5035948D-039C-4ABA-9010-9952BE587E10}.Debug|ARM.Build.0 = Debug|Any CPU
		{5035948D-039C-4ABA-9010-9952BE587E10}.Debug|ARM64.ActiveCfg = Debug|Any CPU
		{5035948D-039C-4ABA-9010-9952BE587E10}.Debug|ARM64.Build.0 = Debug|Any CPU
		{5035948D-039C-4ABA-9010-9952BE587E10}.Debug|iPhone.ActiveCfg = Debug|Any CPU
		{5035948D-039C-4ABA-9010-9952BE587E10}.Debug|iPhone.Build.0 = Debug|Any CPU
		{5035948D-039C-4ABA-9010-9952BE587E10}.Debug|iPhoneSimulator.ActiveCfg = Debug|Any CPU
		{5035948D-039C-4ABA-9010-9952BE587E10}.Debug|iPhoneSimulator.Build.0 = Debug|Any CPU
		{5035948D-039C-4ABA-9010-9952BE587E10}.Debug|x64.ActiveCfg = Debug|Any CPU
		{5035948D-039C-4ABA-9010-9952BE587E10}.Debug|x64.Build.0 = Debug|Any CPU
		{5035948D-039C-4ABA-9010-9952BE587E10}.Debug|x86.ActiveCfg = Debug|Any CPU
		{5035948D-039C-4ABA-9010-9952BE587E10}.Debug|x86.Build.0 = Debug|Any CPU
		{5035948D-039C-4ABA-9010-9952BE587E10}.Release|Any CPU.ActiveCfg = Release|Any CPU
		{5035948D-039C-4ABA-9010-9952BE587E10}.Release|Any CPU.Build.0 = Release|Any CPU
		{5035948D-039C-4ABA-9010-9952BE587E10}.Release|ARM.ActiveCfg = Release|Any CPU
		{5035948D-039C-4ABA-9010-9952BE587E10}.Release|ARM.Build.0 = Release|Any CPU
		{5035948D-039C-4ABA-9010-9952BE587E10}.Release|ARM64.ActiveCfg = Release|Any CPU
		{5035948D-039C-4ABA-9010-9952BE587E10}.Release|ARM64.Build.0 = Release|Any CPU
		{5035948D-039C-4ABA-9010-9952BE587E10}.Release|iPhone.ActiveCfg = Release|Any CPU
		{5035948D-039C-4ABA-9010-9952BE587E10}.Release|iPhone.Build.0 = Release|Any CPU
		{5035948D-039C-4ABA-9010-9952BE587E10}.Release|iPhoneSimulator.ActiveCfg = Release|Any CPU
		{5035948D-039C-4ABA-9010-9952BE587E10}.Release|iPhoneSimulator.Build.0 = Release|Any CPU
		{5035948D-039C-4ABA-9010-9952BE587E10}.Release|x64.ActiveCfg = Release|Any CPU
		{5035948D-039C-4ABA-9010-9952BE587E10}.Release|x64.Build.0 = Release|Any CPU
		{5035948D-039C-4ABA-9010-9952BE587E10}.Release|x86.ActiveCfg = Release|Any CPU
		{5035948D-039C-4ABA-9010-9952BE587E10}.Release|x86.Build.0 = Release|Any CPU
		{8AF7C2E1-7BB6-41E7-8CDB-C2DF39AFE629}.Ad-Hoc|Any CPU.ActiveCfg = Release|Any CPU
		{8AF7C2E1-7BB6-41E7-8CDB-C2DF39AFE629}.Ad-Hoc|Any CPU.Build.0 = Release|Any CPU
		{8AF7C2E1-7BB6-41E7-8CDB-C2DF39AFE629}.Ad-Hoc|ARM.ActiveCfg = Release|Any CPU
		{8AF7C2E1-7BB6-41E7-8CDB-C2DF39AFE629}.Ad-Hoc|ARM.Build.0 = Release|Any CPU
		{8AF7C2E1-7BB6-41E7-8CDB-C2DF39AFE629}.Ad-Hoc|ARM64.ActiveCfg = Release|Any CPU
		{8AF7C2E1-7BB6-41E7-8CDB-C2DF39AFE629}.Ad-Hoc|ARM64.Build.0 = Release|Any CPU
		{8AF7C2E1-7BB6-41E7-8CDB-C2DF39AFE629}.Ad-Hoc|iPhone.ActiveCfg = Release|Any CPU
		{8AF7C2E1-7BB6-41E7-8CDB-C2DF39AFE629}.Ad-Hoc|iPhone.Build.0 = Release|Any CPU
		{8AF7C2E1-7BB6-41E7-8CDB-C2DF39AFE629}.Ad-Hoc|iPhoneSimulator.ActiveCfg = Release|Any CPU
		{8AF7C2E1-7BB6-41E7-8CDB-C2DF39AFE629}.Ad-Hoc|iPhoneSimulator.Build.0 = Release|Any CPU
		{8AF7C2E1-7BB6-41E7-8CDB-C2DF39AFE629}.Ad-Hoc|x64.ActiveCfg = Release|Any CPU
		{8AF7C2E1-7BB6-41E7-8CDB-C2DF39AFE629}.Ad-Hoc|x64.Build.0 = Release|Any CPU
		{8AF7C2E1-7BB6-41E7-8CDB-C2DF39AFE629}.Ad-Hoc|x86.ActiveCfg = Release|Any CPU
		{8AF7C2E1-7BB6-41E7-8CDB-C2DF39AFE629}.Ad-Hoc|x86.Build.0 = Release|Any CPU
		{8AF7C2E1-7BB6-41E7-8CDB-C2DF39AFE629}.AppStore|Any CPU.ActiveCfg = Release|Any CPU
		{8AF7C2E1-7BB6-41E7-8CDB-C2DF39AFE629}.AppStore|Any CPU.Build.0 = Release|Any CPU
		{8AF7C2E1-7BB6-41E7-8CDB-C2DF39AFE629}.AppStore|ARM.ActiveCfg = Release|Any CPU
		{8AF7C2E1-7BB6-41E7-8CDB-C2DF39AFE629}.AppStore|ARM.Build.0 = Release|Any CPU
		{8AF7C2E1-7BB6-41E7-8CDB-C2DF39AFE629}.AppStore|ARM64.ActiveCfg = Release|Any CPU
		{8AF7C2E1-7BB6-41E7-8CDB-C2DF39AFE629}.AppStore|ARM64.Build.0 = Release|Any CPU
		{8AF7C2E1-7BB6-41E7-8CDB-C2DF39AFE629}.AppStore|iPhone.ActiveCfg = Release|Any CPU
		{8AF7C2E1-7BB6-41E7-8CDB-C2DF39AFE629}.AppStore|iPhone.Build.0 = Release|Any CPU
		{8AF7C2E1-7BB6-41E7-8CDB-C2DF39AFE629}.AppStore|iPhoneSimulator.ActiveCfg = Release|Any CPU
		{8AF7C2E1-7BB6-41E7-8CDB-C2DF39AFE629}.AppStore|iPhoneSimulator.Build.0 = Release|Any CPU
		{8AF7C2E1-7BB6-41E7-8CDB-C2DF39AFE629}.AppStore|x64.ActiveCfg = Release|Any CPU
		{8AF7C2E1-7BB6-41E7-8CDB-C2DF39AFE629}.AppStore|x64.Build.0 = Release|Any CPU
		{8AF7C2E1-7BB6-41E7-8CDB-C2DF39AFE629}.AppStore|x86.ActiveCfg = Release|Any CPU
		{8AF7C2E1-7BB6-41E7-8CDB-C2DF39AFE629}.AppStore|x86.Build.0 = Release|Any CPU
		{8AF7C2E1-7BB6-41E7-8CDB-C2DF39AFE629}.Debug|Any CPU.ActiveCfg = Debug|Any CPU
		{8AF7C2E1-7BB6-41E7-8CDB-C2DF39AFE629}.Debug|Any CPU.Build.0 = Debug|Any CPU
		{8AF7C2E1-7BB6-41E7-8CDB-C2DF39AFE629}.Debug|ARM.ActiveCfg = Debug|Any CPU
		{8AF7C2E1-7BB6-41E7-8CDB-C2DF39AFE629}.Debug|ARM.Build.0 = Debug|Any CPU
		{8AF7C2E1-7BB6-41E7-8CDB-C2DF39AFE629}.Debug|ARM64.ActiveCfg = Debug|Any CPU
		{8AF7C2E1-7BB6-41E7-8CDB-C2DF39AFE629}.Debug|ARM64.Build.0 = Debug|Any CPU
		{8AF7C2E1-7BB6-41E7-8CDB-C2DF39AFE629}.Debug|iPhone.ActiveCfg = Debug|Any CPU
		{8AF7C2E1-7BB6-41E7-8CDB-C2DF39AFE629}.Debug|iPhone.Build.0 = Debug|Any CPU
		{8AF7C2E1-7BB6-41E7-8CDB-C2DF39AFE629}.Debug|iPhoneSimulator.ActiveCfg = Debug|Any CPU
		{8AF7C2E1-7BB6-41E7-8CDB-C2DF39AFE629}.Debug|iPhoneSimulator.Build.0 = Debug|Any CPU
		{8AF7C2E1-7BB6-41E7-8CDB-C2DF39AFE629}.Debug|x64.ActiveCfg = Debug|Any CPU
		{8AF7C2E1-7BB6-41E7-8CDB-C2DF39AFE629}.Debug|x64.Build.0 = Debug|Any CPU
		{8AF7C2E1-7BB6-41E7-8CDB-C2DF39AFE629}.Debug|x86.ActiveCfg = Debug|Any CPU
		{8AF7C2E1-7BB6-41E7-8CDB-C2DF39AFE629}.Debug|x86.Build.0 = Debug|Any CPU
		{8AF7C2E1-7BB6-41E7-8CDB-C2DF39AFE629}.Release|Any CPU.ActiveCfg = Release|Any CPU
		{8AF7C2E1-7BB6-41E7-8CDB-C2DF39AFE629}.Release|Any CPU.Build.0 = Release|Any CPU
		{8AF7C2E1-7BB6-41E7-8CDB-C2DF39AFE629}.Release|ARM.ActiveCfg = Release|Any CPU
		{8AF7C2E1-7BB6-41E7-8CDB-C2DF39AFE629}.Release|ARM.Build.0 = Release|Any CPU
		{8AF7C2E1-7BB6-41E7-8CDB-C2DF39AFE629}.Release|ARM64.ActiveCfg = Release|Any CPU
		{8AF7C2E1-7BB6-41E7-8CDB-C2DF39AFE629}.Release|ARM64.Build.0 = Release|Any CPU
		{8AF7C2E1-7BB6-41E7-8CDB-C2DF39AFE629}.Release|iPhone.ActiveCfg = Release|Any CPU
		{8AF7C2E1-7BB6-41E7-8CDB-C2DF39AFE629}.Release|iPhone.Build.0 = Release|Any CPU
		{8AF7C2E1-7BB6-41E7-8CDB-C2DF39AFE629}.Release|iPhoneSimulator.ActiveCfg = Release|Any CPU
		{8AF7C2E1-7BB6-41E7-8CDB-C2DF39AFE629}.Release|iPhoneSimulator.Build.0 = Release|Any CPU
		{8AF7C2E1-7BB6-41E7-8CDB-C2DF39AFE629}.Release|x64.ActiveCfg = Release|Any CPU
		{8AF7C2E1-7BB6-41E7-8CDB-C2DF39AFE629}.Release|x64.Build.0 = Release|Any CPU
		{8AF7C2E1-7BB6-41E7-8CDB-C2DF39AFE629}.Release|x86.ActiveCfg = Release|Any CPU
		{8AF7C2E1-7BB6-41E7-8CDB-C2DF39AFE629}.Release|x86.Build.0 = Release|Any CPU
		{5A384803-72D8-47A6-AD38-1AF5EAEEF042}.Ad-Hoc|Any CPU.ActiveCfg = Release|Any CPU
		{5A384803-72D8-47A6-AD38-1AF5EAEEF042}.Ad-Hoc|Any CPU.Build.0 = Release|Any CPU
		{5A384803-72D8-47A6-AD38-1AF5EAEEF042}.Ad-Hoc|ARM.ActiveCfg = Release|Any CPU
		{5A384803-72D8-47A6-AD38-1AF5EAEEF042}.Ad-Hoc|ARM.Build.0 = Release|Any CPU
		{5A384803-72D8-47A6-AD38-1AF5EAEEF042}.Ad-Hoc|ARM64.ActiveCfg = Release|Any CPU
		{5A384803-72D8-47A6-AD38-1AF5EAEEF042}.Ad-Hoc|ARM64.Build.0 = Release|Any CPU
		{5A384803-72D8-47A6-AD38-1AF5EAEEF042}.Ad-Hoc|iPhone.ActiveCfg = Release|Any CPU
		{5A384803-72D8-47A6-AD38-1AF5EAEEF042}.Ad-Hoc|iPhone.Build.0 = Release|Any CPU
		{5A384803-72D8-47A6-AD38-1AF5EAEEF042}.Ad-Hoc|iPhoneSimulator.ActiveCfg = Release|Any CPU
		{5A384803-72D8-47A6-AD38-1AF5EAEEF042}.Ad-Hoc|iPhoneSimulator.Build.0 = Release|Any CPU
		{5A384803-72D8-47A6-AD38-1AF5EAEEF042}.Ad-Hoc|x64.ActiveCfg = Release|Any CPU
		{5A384803-72D8-47A6-AD38-1AF5EAEEF042}.Ad-Hoc|x64.Build.0 = Release|Any CPU
		{5A384803-72D8-47A6-AD38-1AF5EAEEF042}.Ad-Hoc|x86.ActiveCfg = Release|Any CPU
		{5A384803-72D8-47A6-AD38-1AF5EAEEF042}.Ad-Hoc|x86.Build.0 = Release|Any CPU
		{5A384803-72D8-47A6-AD38-1AF5EAEEF042}.AppStore|Any CPU.ActiveCfg = Release|Any CPU
		{5A384803-72D8-47A6-AD38-1AF5EAEEF042}.AppStore|Any CPU.Build.0 = Release|Any CPU
		{5A384803-72D8-47A6-AD38-1AF5EAEEF042}.AppStore|ARM.ActiveCfg = Release|Any CPU
		{5A384803-72D8-47A6-AD38-1AF5EAEEF042}.AppStore|ARM.Build.0 = Release|Any CPU
		{5A384803-72D8-47A6-AD38-1AF5EAEEF042}.AppStore|ARM64.ActiveCfg = Release|Any CPU
		{5A384803-72D8-47A6-AD38-1AF5EAEEF042}.AppStore|ARM64.Build.0 = Release|Any CPU
		{5A384803-72D8-47A6-AD38-1AF5EAEEF042}.AppStore|iPhone.ActiveCfg = Release|Any CPU
		{5A384803-72D8-47A6-AD38-1AF5EAEEF042}.AppStore|iPhone.Build.0 = Release|Any CPU
		{5A384803-72D8-47A6-AD38-1AF5EAEEF042}.AppStore|iPhoneSimulator.ActiveCfg = Release|Any CPU
		{5A384803-72D8-47A6-AD38-1AF5EAEEF042}.AppStore|iPhoneSimulator.Build.0 = Release|Any CPU
		{5A384803-72D8-47A6-AD38-1AF5EAEEF042}.AppStore|x64.ActiveCfg = Release|Any CPU
		{5A384803-72D8-47A6-AD38-1AF5EAEEF042}.AppStore|x64.Build.0 = Release|Any CPU
		{5A384803-72D8-47A6-AD38-1AF5EAEEF042}.AppStore|x86.ActiveCfg = Release|Any CPU
		{5A384803-72D8-47A6-AD38-1AF5EAEEF042}.AppStore|x86.Build.0 = Release|Any CPU
		{5A384803-72D8-47A6-AD38-1AF5EAEEF042}.Debug|Any CPU.ActiveCfg = Debug|Any CPU
		{5A384803-72D8-47A6-AD38-1AF5EAEEF042}.Debug|Any CPU.Build.0 = Debug|Any CPU
		{5A384803-72D8-47A6-AD38-1AF5EAEEF042}.Debug|ARM.ActiveCfg = Debug|Any CPU
		{5A384803-72D8-47A6-AD38-1AF5EAEEF042}.Debug|ARM.Build.0 = Debug|Any CPU
		{5A384803-72D8-47A6-AD38-1AF5EAEEF042}.Debug|ARM64.ActiveCfg = Debug|Any CPU
		{5A384803-72D8-47A6-AD38-1AF5EAEEF042}.Debug|ARM64.Build.0 = Debug|Any CPU
		{5A384803-72D8-47A6-AD38-1AF5EAEEF042}.Debug|iPhone.ActiveCfg = Debug|Any CPU
		{5A384803-72D8-47A6-AD38-1AF5EAEEF042}.Debug|iPhone.Build.0 = Debug|Any CPU
		{5A384803-72D8-47A6-AD38-1AF5EAEEF042}.Debug|iPhoneSimulator.ActiveCfg = Debug|Any CPU
		{5A384803-72D8-47A6-AD38-1AF5EAEEF042}.Debug|iPhoneSimulator.Build.0 = Debug|Any CPU
		{5A384803-72D8-47A6-AD38-1AF5EAEEF042}.Debug|x64.ActiveCfg = Debug|Any CPU
		{5A384803-72D8-47A6-AD38-1AF5EAEEF042}.Debug|x64.Build.0 = Debug|Any CPU
		{5A384803-72D8-47A6-AD38-1AF5EAEEF042}.Debug|x86.ActiveCfg = Debug|Any CPU
		{5A384803-72D8-47A6-AD38-1AF5EAEEF042}.Debug|x86.Build.0 = Debug|Any CPU
		{5A384803-72D8-47A6-AD38-1AF5EAEEF042}.Release|Any CPU.ActiveCfg = Release|Any CPU
		{5A384803-72D8-47A6-AD38-1AF5EAEEF042}.Release|Any CPU.Build.0 = Release|Any CPU
		{5A384803-72D8-47A6-AD38-1AF5EAEEF042}.Release|ARM.ActiveCfg = Release|Any CPU
		{5A384803-72D8-47A6-AD38-1AF5EAEEF042}.Release|ARM.Build.0 = Release|Any CPU
		{5A384803-72D8-47A6-AD38-1AF5EAEEF042}.Release|ARM64.ActiveCfg = Release|Any CPU
		{5A384803-72D8-47A6-AD38-1AF5EAEEF042}.Release|ARM64.Build.0 = Release|Any CPU
		{5A384803-72D8-47A6-AD38-1AF5EAEEF042}.Release|iPhone.ActiveCfg = Release|Any CPU
		{5A384803-72D8-47A6-AD38-1AF5EAEEF042}.Release|iPhone.Build.0 = Release|Any CPU
		{5A384803-72D8-47A6-AD38-1AF5EAEEF042}.Release|iPhoneSimulator.ActiveCfg = Release|Any CPU
		{5A384803-72D8-47A6-AD38-1AF5EAEEF042}.Release|iPhoneSimulator.Build.0 = Release|Any CPU
		{5A384803-72D8-47A6-AD38-1AF5EAEEF042}.Release|x64.ActiveCfg = Release|Any CPU
		{5A384803-72D8-47A6-AD38-1AF5EAEEF042}.Release|x64.Build.0 = Release|Any CPU
		{5A384803-72D8-47A6-AD38-1AF5EAEEF042}.Release|x86.ActiveCfg = Release|Any CPU
		{5A384803-72D8-47A6-AD38-1AF5EAEEF042}.Release|x86.Build.0 = Release|Any CPU
		{1BEF0557-86EE-4205-A8DF-54F1A9C10CD8}.Ad-Hoc|Any CPU.ActiveCfg = Release|Any CPU
		{1BEF0557-86EE-4205-A8DF-54F1A9C10CD8}.Ad-Hoc|Any CPU.Build.0 = Release|Any CPU
		{1BEF0557-86EE-4205-A8DF-54F1A9C10CD8}.Ad-Hoc|ARM.ActiveCfg = Release|Any CPU
		{1BEF0557-86EE-4205-A8DF-54F1A9C10CD8}.Ad-Hoc|ARM.Build.0 = Release|Any CPU
		{1BEF0557-86EE-4205-A8DF-54F1A9C10CD8}.Ad-Hoc|ARM64.ActiveCfg = Release|Any CPU
		{1BEF0557-86EE-4205-A8DF-54F1A9C10CD8}.Ad-Hoc|ARM64.Build.0 = Release|Any CPU
		{1BEF0557-86EE-4205-A8DF-54F1A9C10CD8}.Ad-Hoc|iPhone.ActiveCfg = Release|Any CPU
		{1BEF0557-86EE-4205-A8DF-54F1A9C10CD8}.Ad-Hoc|iPhone.Build.0 = Release|Any CPU
		{1BEF0557-86EE-4205-A8DF-54F1A9C10CD8}.Ad-Hoc|iPhoneSimulator.ActiveCfg = Release|Any CPU
		{1BEF0557-86EE-4205-A8DF-54F1A9C10CD8}.Ad-Hoc|iPhoneSimulator.Build.0 = Release|Any CPU
		{1BEF0557-86EE-4205-A8DF-54F1A9C10CD8}.Ad-Hoc|x64.ActiveCfg = Release|Any CPU
		{1BEF0557-86EE-4205-A8DF-54F1A9C10CD8}.Ad-Hoc|x64.Build.0 = Release|Any CPU
		{1BEF0557-86EE-4205-A8DF-54F1A9C10CD8}.Ad-Hoc|x86.ActiveCfg = Release|Any CPU
		{1BEF0557-86EE-4205-A8DF-54F1A9C10CD8}.Ad-Hoc|x86.Build.0 = Release|Any CPU
		{1BEF0557-86EE-4205-A8DF-54F1A9C10CD8}.AppStore|Any CPU.ActiveCfg = Release|Any CPU
		{1BEF0557-86EE-4205-A8DF-54F1A9C10CD8}.AppStore|Any CPU.Build.0 = Release|Any CPU
		{1BEF0557-86EE-4205-A8DF-54F1A9C10CD8}.AppStore|ARM.ActiveCfg = Release|Any CPU
		{1BEF0557-86EE-4205-A8DF-54F1A9C10CD8}.AppStore|ARM.Build.0 = Release|Any CPU
		{1BEF0557-86EE-4205-A8DF-54F1A9C10CD8}.AppStore|ARM64.ActiveCfg = Release|Any CPU
		{1BEF0557-86EE-4205-A8DF-54F1A9C10CD8}.AppStore|ARM64.Build.0 = Release|Any CPU
		{1BEF0557-86EE-4205-A8DF-54F1A9C10CD8}.AppStore|iPhone.ActiveCfg = Release|Any CPU
		{1BEF0557-86EE-4205-A8DF-54F1A9C10CD8}.AppStore|iPhone.Build.0 = Release|Any CPU
		{1BEF0557-86EE-4205-A8DF-54F1A9C10CD8}.AppStore|iPhoneSimulator.ActiveCfg = Release|Any CPU
		{1BEF0557-86EE-4205-A8DF-54F1A9C10CD8}.AppStore|iPhoneSimulator.Build.0 = Release|Any CPU
		{1BEF0557-86EE-4205-A8DF-54F1A9C10CD8}.AppStore|x64.ActiveCfg = Release|Any CPU
		{1BEF0557-86EE-4205-A8DF-54F1A9C10CD8}.AppStore|x64.Build.0 = Release|Any CPU
		{1BEF0557-86EE-4205-A8DF-54F1A9C10CD8}.AppStore|x86.ActiveCfg = Release|Any CPU
		{1BEF0557-86EE-4205-A8DF-54F1A9C10CD8}.AppStore|x86.Build.0 = Release|Any CPU
		{1BEF0557-86EE-4205-A8DF-54F1A9C10CD8}.Debug|Any CPU.ActiveCfg = Debug|Any CPU
		{1BEF0557-86EE-4205-A8DF-54F1A9C10CD8}.Debug|Any CPU.Build.0 = Debug|Any CPU
		{1BEF0557-86EE-4205-A8DF-54F1A9C10CD8}.Debug|ARM.ActiveCfg = Debug|Any CPU
		{1BEF0557-86EE-4205-A8DF-54F1A9C10CD8}.Debug|ARM.Build.0 = Debug|Any CPU
		{1BEF0557-86EE-4205-A8DF-54F1A9C10CD8}.Debug|ARM64.ActiveCfg = Debug|Any CPU
		{1BEF0557-86EE-4205-A8DF-54F1A9C10CD8}.Debug|ARM64.Build.0 = Debug|Any CPU
		{1BEF0557-86EE-4205-A8DF-54F1A9C10CD8}.Debug|iPhone.ActiveCfg = Debug|Any CPU
		{1BEF0557-86EE-4205-A8DF-54F1A9C10CD8}.Debug|iPhone.Build.0 = Debug|Any CPU
		{1BEF0557-86EE-4205-A8DF-54F1A9C10CD8}.Debug|iPhoneSimulator.ActiveCfg = Debug|Any CPU
		{1BEF0557-86EE-4205-A8DF-54F1A9C10CD8}.Debug|iPhoneSimulator.Build.0 = Debug|Any CPU
		{1BEF0557-86EE-4205-A8DF-54F1A9C10CD8}.Debug|x64.ActiveCfg = Debug|Any CPU
		{1BEF0557-86EE-4205-A8DF-54F1A9C10CD8}.Debug|x64.Build.0 = Debug|Any CPU
		{1BEF0557-86EE-4205-A8DF-54F1A9C10CD8}.Debug|x86.ActiveCfg = Debug|Any CPU
		{1BEF0557-86EE-4205-A8DF-54F1A9C10CD8}.Debug|x86.Build.0 = Debug|Any CPU
		{1BEF0557-86EE-4205-A8DF-54F1A9C10CD8}.Release|Any CPU.ActiveCfg = Release|Any CPU
		{1BEF0557-86EE-4205-A8DF-54F1A9C10CD8}.Release|Any CPU.Build.0 = Release|Any CPU
		{1BEF0557-86EE-4205-A8DF-54F1A9C10CD8}.Release|ARM.ActiveCfg = Release|Any CPU
		{1BEF0557-86EE-4205-A8DF-54F1A9C10CD8}.Release|ARM.Build.0 = Release|Any CPU
		{1BEF0557-86EE-4205-A8DF-54F1A9C10CD8}.Release|ARM64.ActiveCfg = Release|Any CPU
		{1BEF0557-86EE-4205-A8DF-54F1A9C10CD8}.Release|ARM64.Build.0 = Release|Any CPU
		{1BEF0557-86EE-4205-A8DF-54F1A9C10CD8}.Release|iPhone.ActiveCfg = Release|Any CPU
		{1BEF0557-86EE-4205-A8DF-54F1A9C10CD8}.Release|iPhone.Build.0 = Release|Any CPU
		{1BEF0557-86EE-4205-A8DF-54F1A9C10CD8}.Release|iPhoneSimulator.ActiveCfg = Release|Any CPU
		{1BEF0557-86EE-4205-A8DF-54F1A9C10CD8}.Release|iPhoneSimulator.Build.0 = Release|Any CPU
		{1BEF0557-86EE-4205-A8DF-54F1A9C10CD8}.Release|x64.ActiveCfg = Release|Any CPU
		{1BEF0557-86EE-4205-A8DF-54F1A9C10CD8}.Release|x64.Build.0 = Release|Any CPU
		{1BEF0557-86EE-4205-A8DF-54F1A9C10CD8}.Release|x86.ActiveCfg = Release|Any CPU
		{1BEF0557-86EE-4205-A8DF-54F1A9C10CD8}.Release|x86.Build.0 = Release|Any CPU
		{7B2DEE15-FE5C-406D-8901-D30C84EE6890}.Ad-Hoc|Any CPU.ActiveCfg = Release|Any CPU
		{7B2DEE15-FE5C-406D-8901-D30C84EE6890}.Ad-Hoc|Any CPU.Build.0 = Release|Any CPU
		{7B2DEE15-FE5C-406D-8901-D30C84EE6890}.Ad-Hoc|ARM.ActiveCfg = Release|Any CPU
		{7B2DEE15-FE5C-406D-8901-D30C84EE6890}.Ad-Hoc|ARM.Build.0 = Release|Any CPU
		{7B2DEE15-FE5C-406D-8901-D30C84EE6890}.Ad-Hoc|ARM64.ActiveCfg = Release|Any CPU
		{7B2DEE15-FE5C-406D-8901-D30C84EE6890}.Ad-Hoc|ARM64.Build.0 = Release|Any CPU
		{7B2DEE15-FE5C-406D-8901-D30C84EE6890}.Ad-Hoc|iPhone.ActiveCfg = Release|Any CPU
		{7B2DEE15-FE5C-406D-8901-D30C84EE6890}.Ad-Hoc|iPhone.Build.0 = Release|Any CPU
		{7B2DEE15-FE5C-406D-8901-D30C84EE6890}.Ad-Hoc|iPhoneSimulator.ActiveCfg = Release|Any CPU
		{7B2DEE15-FE5C-406D-8901-D30C84EE6890}.Ad-Hoc|iPhoneSimulator.Build.0 = Release|Any CPU
		{7B2DEE15-FE5C-406D-8901-D30C84EE6890}.Ad-Hoc|x64.ActiveCfg = Release|Any CPU
		{7B2DEE15-FE5C-406D-8901-D30C84EE6890}.Ad-Hoc|x64.Build.0 = Release|Any CPU
		{7B2DEE15-FE5C-406D-8901-D30C84EE6890}.Ad-Hoc|x86.ActiveCfg = Release|Any CPU
		{7B2DEE15-FE5C-406D-8901-D30C84EE6890}.Ad-Hoc|x86.Build.0 = Release|Any CPU
		{7B2DEE15-FE5C-406D-8901-D30C84EE6890}.AppStore|Any CPU.ActiveCfg = Release|Any CPU
		{7B2DEE15-FE5C-406D-8901-D30C84EE6890}.AppStore|Any CPU.Build.0 = Release|Any CPU
		{7B2DEE15-FE5C-406D-8901-D30C84EE6890}.AppStore|ARM.ActiveCfg = Release|Any CPU
		{7B2DEE15-FE5C-406D-8901-D30C84EE6890}.AppStore|ARM.Build.0 = Release|Any CPU
		{7B2DEE15-FE5C-406D-8901-D30C84EE6890}.AppStore|ARM64.ActiveCfg = Release|Any CPU
		{7B2DEE15-FE5C-406D-8901-D30C84EE6890}.AppStore|ARM64.Build.0 = Release|Any CPU
		{7B2DEE15-FE5C-406D-8901-D30C84EE6890}.AppStore|iPhone.ActiveCfg = Release|Any CPU
		{7B2DEE15-FE5C-406D-8901-D30C84EE6890}.AppStore|iPhone.Build.0 = Release|Any CPU
		{7B2DEE15-FE5C-406D-8901-D30C84EE6890}.AppStore|iPhoneSimulator.ActiveCfg = Release|Any CPU
		{7B2DEE15-FE5C-406D-8901-D30C84EE6890}.AppStore|iPhoneSimulator.Build.0 = Release|Any CPU
		{7B2DEE15-FE5C-406D-8901-D30C84EE6890}.AppStore|x64.ActiveCfg = Release|Any CPU
		{7B2DEE15-FE5C-406D-8901-D30C84EE6890}.AppStore|x64.Build.0 = Release|Any CPU
		{7B2DEE15-FE5C-406D-8901-D30C84EE6890}.AppStore|x86.ActiveCfg = Release|Any CPU
		{7B2DEE15-FE5C-406D-8901-D30C84EE6890}.AppStore|x86.Build.0 = Release|Any CPU
		{7B2DEE15-FE5C-406D-8901-D30C84EE6890}.Debug|Any CPU.ActiveCfg = Debug|Any CPU
		{7B2DEE15-FE5C-406D-8901-D30C84EE6890}.Debug|Any CPU.Build.0 = Debug|Any CPU
		{7B2DEE15-FE5C-406D-8901-D30C84EE6890}.Debug|ARM.ActiveCfg = Debug|Any CPU
		{7B2DEE15-FE5C-406D-8901-D30C84EE6890}.Debug|ARM.Build.0 = Debug|Any CPU
		{7B2DEE15-FE5C-406D-8901-D30C84EE6890}.Debug|ARM64.ActiveCfg = Debug|Any CPU
		{7B2DEE15-FE5C-406D-8901-D30C84EE6890}.Debug|ARM64.Build.0 = Debug|Any CPU
		{7B2DEE15-FE5C-406D-8901-D30C84EE6890}.Debug|iPhone.ActiveCfg = Debug|Any CPU
		{7B2DEE15-FE5C-406D-8901-D30C84EE6890}.Debug|iPhone.Build.0 = Debug|Any CPU
		{7B2DEE15-FE5C-406D-8901-D30C84EE6890}.Debug|iPhoneSimulator.ActiveCfg = Debug|Any CPU
		{7B2DEE15-FE5C-406D-8901-D30C84EE6890}.Debug|iPhoneSimulator.Build.0 = Debug|Any CPU
		{7B2DEE15-FE5C-406D-8901-D30C84EE6890}.Debug|x64.ActiveCfg = Debug|Any CPU
		{7B2DEE15-FE5C-406D-8901-D30C84EE6890}.Debug|x64.Build.0 = Debug|Any CPU
		{7B2DEE15-FE5C-406D-8901-D30C84EE6890}.Debug|x86.ActiveCfg = Debug|Any CPU
		{7B2DEE15-FE5C-406D-8901-D30C84EE6890}.Debug|x86.Build.0 = Debug|Any CPU
		{7B2DEE15-FE5C-406D-8901-D30C84EE6890}.Release|Any CPU.ActiveCfg = Release|Any CPU
		{7B2DEE15-FE5C-406D-8901-D30C84EE6890}.Release|Any CPU.Build.0 = Release|Any CPU
		{7B2DEE15-FE5C-406D-8901-D30C84EE6890}.Release|ARM.ActiveCfg = Release|Any CPU
		{7B2DEE15-FE5C-406D-8901-D30C84EE6890}.Release|ARM.Build.0 = Release|Any CPU
		{7B2DEE15-FE5C-406D-8901-D30C84EE6890}.Release|ARM64.ActiveCfg = Release|Any CPU
		{7B2DEE15-FE5C-406D-8901-D30C84EE6890}.Release|ARM64.Build.0 = Release|Any CPU
		{7B2DEE15-FE5C-406D-8901-D30C84EE6890}.Release|iPhone.ActiveCfg = Release|Any CPU
		{7B2DEE15-FE5C-406D-8901-D30C84EE6890}.Release|iPhone.Build.0 = Release|Any CPU
		{7B2DEE15-FE5C-406D-8901-D30C84EE6890}.Release|iPhoneSimulator.ActiveCfg = Release|Any CPU
		{7B2DEE15-FE5C-406D-8901-D30C84EE6890}.Release|iPhoneSimulator.Build.0 = Release|Any CPU
		{7B2DEE15-FE5C-406D-8901-D30C84EE6890}.Release|x64.ActiveCfg = Release|Any CPU
		{7B2DEE15-FE5C-406D-8901-D30C84EE6890}.Release|x64.Build.0 = Release|Any CPU
		{7B2DEE15-FE5C-406D-8901-D30C84EE6890}.Release|x86.ActiveCfg = Release|Any CPU
		{7B2DEE15-FE5C-406D-8901-D30C84EE6890}.Release|x86.Build.0 = Release|Any CPU
		{C3DF1519-9D05-4D28-BBF7-162E82A2BC23}.Ad-Hoc|Any CPU.ActiveCfg = Release|Any CPU
		{C3DF1519-9D05-4D28-BBF7-162E82A2BC23}.Ad-Hoc|Any CPU.Build.0 = Release|Any CPU
		{C3DF1519-9D05-4D28-BBF7-162E82A2BC23}.Ad-Hoc|ARM.ActiveCfg = Release|Any CPU
		{C3DF1519-9D05-4D28-BBF7-162E82A2BC23}.Ad-Hoc|ARM.Build.0 = Release|Any CPU
		{C3DF1519-9D05-4D28-BBF7-162E82A2BC23}.Ad-Hoc|ARM64.ActiveCfg = Release|Any CPU
		{C3DF1519-9D05-4D28-BBF7-162E82A2BC23}.Ad-Hoc|ARM64.Build.0 = Release|Any CPU
		{C3DF1519-9D05-4D28-BBF7-162E82A2BC23}.Ad-Hoc|iPhone.ActiveCfg = Release|Any CPU
		{C3DF1519-9D05-4D28-BBF7-162E82A2BC23}.Ad-Hoc|iPhone.Build.0 = Release|Any CPU
		{C3DF1519-9D05-4D28-BBF7-162E82A2BC23}.Ad-Hoc|iPhoneSimulator.ActiveCfg = Release|Any CPU
		{C3DF1519-9D05-4D28-BBF7-162E82A2BC23}.Ad-Hoc|iPhoneSimulator.Build.0 = Release|Any CPU
		{C3DF1519-9D05-4D28-BBF7-162E82A2BC23}.Ad-Hoc|x64.ActiveCfg = Release|Any CPU
		{C3DF1519-9D05-4D28-BBF7-162E82A2BC23}.Ad-Hoc|x64.Build.0 = Release|Any CPU
		{C3DF1519-9D05-4D28-BBF7-162E82A2BC23}.Ad-Hoc|x86.ActiveCfg = Release|Any CPU
		{C3DF1519-9D05-4D28-BBF7-162E82A2BC23}.Ad-Hoc|x86.Build.0 = Release|Any CPU
		{C3DF1519-9D05-4D28-BBF7-162E82A2BC23}.AppStore|Any CPU.ActiveCfg = Release|Any CPU
		{C3DF1519-9D05-4D28-BBF7-162E82A2BC23}.AppStore|Any CPU.Build.0 = Release|Any CPU
		{C3DF1519-9D05-4D28-BBF7-162E82A2BC23}.AppStore|ARM.ActiveCfg = Release|Any CPU
		{C3DF1519-9D05-4D28-BBF7-162E82A2BC23}.AppStore|ARM.Build.0 = Release|Any CPU
		{C3DF1519-9D05-4D28-BBF7-162E82A2BC23}.AppStore|ARM64.ActiveCfg = Release|Any CPU
		{C3DF1519-9D05-4D28-BBF7-162E82A2BC23}.AppStore|ARM64.Build.0 = Release|Any CPU
		{C3DF1519-9D05-4D28-BBF7-162E82A2BC23}.AppStore|iPhone.ActiveCfg = Release|Any CPU
		{C3DF1519-9D05-4D28-BBF7-162E82A2BC23}.AppStore|iPhone.Build.0 = Release|Any CPU
		{C3DF1519-9D05-4D28-BBF7-162E82A2BC23}.AppStore|iPhoneSimulator.ActiveCfg = Release|Any CPU
		{C3DF1519-9D05-4D28-BBF7-162E82A2BC23}.AppStore|iPhoneSimulator.Build.0 = Release|Any CPU
		{C3DF1519-9D05-4D28-BBF7-162E82A2BC23}.AppStore|x64.ActiveCfg = Release|Any CPU
		{C3DF1519-9D05-4D28-BBF7-162E82A2BC23}.AppStore|x64.Build.0 = Release|Any CPU
		{C3DF1519-9D05-4D28-BBF7-162E82A2BC23}.AppStore|x86.ActiveCfg = Release|Any CPU
		{C3DF1519-9D05-4D28-BBF7-162E82A2BC23}.AppStore|x86.Build.0 = Release|Any CPU
		{C3DF1519-9D05-4D28-BBF7-162E82A2BC23}.Debug|Any CPU.ActiveCfg = Debug|Any CPU
		{C3DF1519-9D05-4D28-BBF7-162E82A2BC23}.Debug|Any CPU.Build.0 = Debug|Any CPU
		{C3DF1519-9D05-4D28-BBF7-162E82A2BC23}.Debug|ARM.ActiveCfg = Debug|Any CPU
		{C3DF1519-9D05-4D28-BBF7-162E82A2BC23}.Debug|ARM.Build.0 = Debug|Any CPU
		{C3DF1519-9D05-4D28-BBF7-162E82A2BC23}.Debug|ARM64.ActiveCfg = Debug|Any CPU
		{C3DF1519-9D05-4D28-BBF7-162E82A2BC23}.Debug|ARM64.Build.0 = Debug|Any CPU
		{C3DF1519-9D05-4D28-BBF7-162E82A2BC23}.Debug|iPhone.ActiveCfg = Debug|Any CPU
		{C3DF1519-9D05-4D28-BBF7-162E82A2BC23}.Debug|iPhone.Build.0 = Debug|Any CPU
		{C3DF1519-9D05-4D28-BBF7-162E82A2BC23}.Debug|iPhoneSimulator.ActiveCfg = Debug|Any CPU
		{C3DF1519-9D05-4D28-BBF7-162E82A2BC23}.Debug|iPhoneSimulator.Build.0 = Debug|Any CPU
		{C3DF1519-9D05-4D28-BBF7-162E82A2BC23}.Debug|x64.ActiveCfg = Debug|Any CPU
		{C3DF1519-9D05-4D28-BBF7-162E82A2BC23}.Debug|x64.Build.0 = Debug|Any CPU
		{C3DF1519-9D05-4D28-BBF7-162E82A2BC23}.Debug|x86.ActiveCfg = Debug|Any CPU
		{C3DF1519-9D05-4D28-BBF7-162E82A2BC23}.Debug|x86.Build.0 = Debug|Any CPU
		{C3DF1519-9D05-4D28-BBF7-162E82A2BC23}.Release|Any CPU.ActiveCfg = Release|Any CPU
		{C3DF1519-9D05-4D28-BBF7-162E82A2BC23}.Release|Any CPU.Build.0 = Release|Any CPU
		{C3DF1519-9D05-4D28-BBF7-162E82A2BC23}.Release|ARM.ActiveCfg = Release|Any CPU
		{C3DF1519-9D05-4D28-BBF7-162E82A2BC23}.Release|ARM.Build.0 = Release|Any CPU
		{C3DF1519-9D05-4D28-BBF7-162E82A2BC23}.Release|ARM64.ActiveCfg = Release|Any CPU
		{C3DF1519-9D05-4D28-BBF7-162E82A2BC23}.Release|ARM64.Build.0 = Release|Any CPU
		{C3DF1519-9D05-4D28-BBF7-162E82A2BC23}.Release|iPhone.ActiveCfg = Release|Any CPU
		{C3DF1519-9D05-4D28-BBF7-162E82A2BC23}.Release|iPhone.Build.0 = Release|Any CPU
		{C3DF1519-9D05-4D28-BBF7-162E82A2BC23}.Release|iPhoneSimulator.ActiveCfg = Release|Any CPU
		{C3DF1519-9D05-4D28-BBF7-162E82A2BC23}.Release|iPhoneSimulator.Build.0 = Release|Any CPU
		{C3DF1519-9D05-4D28-BBF7-162E82A2BC23}.Release|x64.ActiveCfg = Release|Any CPU
		{C3DF1519-9D05-4D28-BBF7-162E82A2BC23}.Release|x64.Build.0 = Release|Any CPU
		{C3DF1519-9D05-4D28-BBF7-162E82A2BC23}.Release|x86.ActiveCfg = Release|Any CPU
		{C3DF1519-9D05-4D28-BBF7-162E82A2BC23}.Release|x86.Build.0 = Release|Any CPU
		{A6A3B3FB-1861-4FC3-91D2-1BFB38778108}.Ad-Hoc|Any CPU.ActiveCfg = Debug|Any CPU
		{A6A3B3FB-1861-4FC3-91D2-1BFB38778108}.Ad-Hoc|Any CPU.Build.0 = Debug|Any CPU
		{A6A3B3FB-1861-4FC3-91D2-1BFB38778108}.Ad-Hoc|Any CPU.Deploy.0 = Debug|Any CPU
		{A6A3B3FB-1861-4FC3-91D2-1BFB38778108}.Ad-Hoc|ARM.ActiveCfg = Debug|Any CPU
		{A6A3B3FB-1861-4FC3-91D2-1BFB38778108}.Ad-Hoc|ARM.Build.0 = Debug|Any CPU
		{A6A3B3FB-1861-4FC3-91D2-1BFB38778108}.Ad-Hoc|ARM.Deploy.0 = Debug|Any CPU
		{A6A3B3FB-1861-4FC3-91D2-1BFB38778108}.Ad-Hoc|ARM64.ActiveCfg = Debug|Any CPU
		{A6A3B3FB-1861-4FC3-91D2-1BFB38778108}.Ad-Hoc|ARM64.Build.0 = Debug|Any CPU
		{A6A3B3FB-1861-4FC3-91D2-1BFB38778108}.Ad-Hoc|ARM64.Deploy.0 = Debug|Any CPU
		{A6A3B3FB-1861-4FC3-91D2-1BFB38778108}.Ad-Hoc|iPhone.ActiveCfg = Debug|Any CPU
		{A6A3B3FB-1861-4FC3-91D2-1BFB38778108}.Ad-Hoc|iPhone.Build.0 = Debug|Any CPU
		{A6A3B3FB-1861-4FC3-91D2-1BFB38778108}.Ad-Hoc|iPhone.Deploy.0 = Debug|Any CPU
		{A6A3B3FB-1861-4FC3-91D2-1BFB38778108}.Ad-Hoc|iPhoneSimulator.ActiveCfg = Debug|Any CPU
		{A6A3B3FB-1861-4FC3-91D2-1BFB38778108}.Ad-Hoc|iPhoneSimulator.Build.0 = Debug|Any CPU
		{A6A3B3FB-1861-4FC3-91D2-1BFB38778108}.Ad-Hoc|iPhoneSimulator.Deploy.0 = Debug|Any CPU
		{A6A3B3FB-1861-4FC3-91D2-1BFB38778108}.Ad-Hoc|x64.ActiveCfg = Debug|Any CPU
		{A6A3B3FB-1861-4FC3-91D2-1BFB38778108}.Ad-Hoc|x64.Build.0 = Debug|Any CPU
		{A6A3B3FB-1861-4FC3-91D2-1BFB38778108}.Ad-Hoc|x64.Deploy.0 = Debug|Any CPU
		{A6A3B3FB-1861-4FC3-91D2-1BFB38778108}.Ad-Hoc|x86.ActiveCfg = Debug|Any CPU
		{A6A3B3FB-1861-4FC3-91D2-1BFB38778108}.Ad-Hoc|x86.Build.0 = Debug|Any CPU
		{A6A3B3FB-1861-4FC3-91D2-1BFB38778108}.Ad-Hoc|x86.Deploy.0 = Debug|Any CPU
		{A6A3B3FB-1861-4FC3-91D2-1BFB38778108}.AppStore|Any CPU.ActiveCfg = Debug|Any CPU
		{A6A3B3FB-1861-4FC3-91D2-1BFB38778108}.AppStore|Any CPU.Build.0 = Debug|Any CPU
		{A6A3B3FB-1861-4FC3-91D2-1BFB38778108}.AppStore|Any CPU.Deploy.0 = Debug|Any CPU
		{A6A3B3FB-1861-4FC3-91D2-1BFB38778108}.AppStore|ARM.ActiveCfg = Debug|Any CPU
		{A6A3B3FB-1861-4FC3-91D2-1BFB38778108}.AppStore|ARM.Build.0 = Debug|Any CPU
		{A6A3B3FB-1861-4FC3-91D2-1BFB38778108}.AppStore|ARM.Deploy.0 = Debug|Any CPU
		{A6A3B3FB-1861-4FC3-91D2-1BFB38778108}.AppStore|ARM64.ActiveCfg = Debug|Any CPU
		{A6A3B3FB-1861-4FC3-91D2-1BFB38778108}.AppStore|ARM64.Build.0 = Debug|Any CPU
		{A6A3B3FB-1861-4FC3-91D2-1BFB38778108}.AppStore|ARM64.Deploy.0 = Debug|Any CPU
		{A6A3B3FB-1861-4FC3-91D2-1BFB38778108}.AppStore|iPhone.ActiveCfg = Debug|Any CPU
		{A6A3B3FB-1861-4FC3-91D2-1BFB38778108}.AppStore|iPhone.Build.0 = Debug|Any CPU
		{A6A3B3FB-1861-4FC3-91D2-1BFB38778108}.AppStore|iPhone.Deploy.0 = Debug|Any CPU
		{A6A3B3FB-1861-4FC3-91D2-1BFB38778108}.AppStore|iPhoneSimulator.ActiveCfg = Debug|Any CPU
		{A6A3B3FB-1861-4FC3-91D2-1BFB38778108}.AppStore|iPhoneSimulator.Build.0 = Debug|Any CPU
		{A6A3B3FB-1861-4FC3-91D2-1BFB38778108}.AppStore|iPhoneSimulator.Deploy.0 = Debug|Any CPU
		{A6A3B3FB-1861-4FC3-91D2-1BFB38778108}.AppStore|x64.ActiveCfg = Debug|Any CPU
		{A6A3B3FB-1861-4FC3-91D2-1BFB38778108}.AppStore|x64.Build.0 = Debug|Any CPU
		{A6A3B3FB-1861-4FC3-91D2-1BFB38778108}.AppStore|x64.Deploy.0 = Debug|Any CPU
		{A6A3B3FB-1861-4FC3-91D2-1BFB38778108}.AppStore|x86.ActiveCfg = Debug|Any CPU
		{A6A3B3FB-1861-4FC3-91D2-1BFB38778108}.AppStore|x86.Build.0 = Debug|Any CPU
		{A6A3B3FB-1861-4FC3-91D2-1BFB38778108}.AppStore|x86.Deploy.0 = Debug|Any CPU
		{A6A3B3FB-1861-4FC3-91D2-1BFB38778108}.Debug|Any CPU.ActiveCfg = Debug|Any CPU
		{A6A3B3FB-1861-4FC3-91D2-1BFB38778108}.Debug|Any CPU.Build.0 = Debug|Any CPU
		{A6A3B3FB-1861-4FC3-91D2-1BFB38778108}.Debug|Any CPU.Deploy.0 = Debug|Any CPU
		{A6A3B3FB-1861-4FC3-91D2-1BFB38778108}.Debug|ARM.ActiveCfg = Debug|Any CPU
		{A6A3B3FB-1861-4FC3-91D2-1BFB38778108}.Debug|ARM.Build.0 = Debug|Any CPU
		{A6A3B3FB-1861-4FC3-91D2-1BFB38778108}.Debug|ARM.Deploy.0 = Debug|Any CPU
		{A6A3B3FB-1861-4FC3-91D2-1BFB38778108}.Debug|ARM64.ActiveCfg = Debug|Any CPU
		{A6A3B3FB-1861-4FC3-91D2-1BFB38778108}.Debug|ARM64.Build.0 = Debug|Any CPU
		{A6A3B3FB-1861-4FC3-91D2-1BFB38778108}.Debug|ARM64.Deploy.0 = Debug|Any CPU
		{A6A3B3FB-1861-4FC3-91D2-1BFB38778108}.Debug|iPhone.ActiveCfg = Debug|Any CPU
		{A6A3B3FB-1861-4FC3-91D2-1BFB38778108}.Debug|iPhone.Build.0 = Debug|Any CPU
		{A6A3B3FB-1861-4FC3-91D2-1BFB38778108}.Debug|iPhone.Deploy.0 = Debug|Any CPU
		{A6A3B3FB-1861-4FC3-91D2-1BFB38778108}.Debug|iPhoneSimulator.ActiveCfg = Debug|Any CPU
		{A6A3B3FB-1861-4FC3-91D2-1BFB38778108}.Debug|iPhoneSimulator.Build.0 = Debug|Any CPU
		{A6A3B3FB-1861-4FC3-91D2-1BFB38778108}.Debug|iPhoneSimulator.Deploy.0 = Debug|Any CPU
		{A6A3B3FB-1861-4FC3-91D2-1BFB38778108}.Debug|x64.ActiveCfg = Debug|Any CPU
		{A6A3B3FB-1861-4FC3-91D2-1BFB38778108}.Debug|x64.Build.0 = Debug|Any CPU
		{A6A3B3FB-1861-4FC3-91D2-1BFB38778108}.Debug|x64.Deploy.0 = Debug|Any CPU
		{A6A3B3FB-1861-4FC3-91D2-1BFB38778108}.Debug|x86.ActiveCfg = Debug|Any CPU
		{A6A3B3FB-1861-4FC3-91D2-1BFB38778108}.Debug|x86.Build.0 = Debug|Any CPU
		{A6A3B3FB-1861-4FC3-91D2-1BFB38778108}.Debug|x86.Deploy.0 = Debug|Any CPU
		{A6A3B3FB-1861-4FC3-91D2-1BFB38778108}.Release|Any CPU.ActiveCfg = Release|Any CPU
		{A6A3B3FB-1861-4FC3-91D2-1BFB38778108}.Release|Any CPU.Build.0 = Release|Any CPU
		{A6A3B3FB-1861-4FC3-91D2-1BFB38778108}.Release|Any CPU.Deploy.0 = Release|Any CPU
		{A6A3B3FB-1861-4FC3-91D2-1BFB38778108}.Release|ARM.ActiveCfg = Release|Any CPU
		{A6A3B3FB-1861-4FC3-91D2-1BFB38778108}.Release|ARM.Build.0 = Release|Any CPU
		{A6A3B3FB-1861-4FC3-91D2-1BFB38778108}.Release|ARM.Deploy.0 = Release|Any CPU
		{A6A3B3FB-1861-4FC3-91D2-1BFB38778108}.Release|ARM64.ActiveCfg = Release|Any CPU
		{A6A3B3FB-1861-4FC3-91D2-1BFB38778108}.Release|ARM64.Build.0 = Release|Any CPU
		{A6A3B3FB-1861-4FC3-91D2-1BFB38778108}.Release|ARM64.Deploy.0 = Release|Any CPU
		{A6A3B3FB-1861-4FC3-91D2-1BFB38778108}.Release|iPhone.ActiveCfg = Release|Any CPU
		{A6A3B3FB-1861-4FC3-91D2-1BFB38778108}.Release|iPhone.Build.0 = Release|Any CPU
		{A6A3B3FB-1861-4FC3-91D2-1BFB38778108}.Release|iPhone.Deploy.0 = Release|Any CPU
		{A6A3B3FB-1861-4FC3-91D2-1BFB38778108}.Release|iPhoneSimulator.ActiveCfg = Release|Any CPU
		{A6A3B3FB-1861-4FC3-91D2-1BFB38778108}.Release|iPhoneSimulator.Build.0 = Release|Any CPU
		{A6A3B3FB-1861-4FC3-91D2-1BFB38778108}.Release|iPhoneSimulator.Deploy.0 = Release|Any CPU
		{A6A3B3FB-1861-4FC3-91D2-1BFB38778108}.Release|x64.ActiveCfg = Release|Any CPU
		{A6A3B3FB-1861-4FC3-91D2-1BFB38778108}.Release|x64.Build.0 = Release|Any CPU
		{A6A3B3FB-1861-4FC3-91D2-1BFB38778108}.Release|x64.Deploy.0 = Release|Any CPU
		{A6A3B3FB-1861-4FC3-91D2-1BFB38778108}.Release|x86.ActiveCfg = Release|Any CPU
		{A6A3B3FB-1861-4FC3-91D2-1BFB38778108}.Release|x86.Build.0 = Release|Any CPU
		{A6A3B3FB-1861-4FC3-91D2-1BFB38778108}.Release|x86.Deploy.0 = Release|Any CPU
	EndGlobalSection
	GlobalSection(SolutionProperties) = preSolution
		HideSolutionNode = FALSE
	EndGlobalSection
	GlobalSection(NestedProjects) = preSolution
		{8AF7C2E1-7BB6-41E7-8CDB-C2DF39AFE629} = {0D427D54-F8E6-473D-8B45-1094EB7597EB}
		{5A384803-72D8-47A6-AD38-1AF5EAEEF042} = {0D427D54-F8E6-473D-8B45-1094EB7597EB}
		{1BEF0557-86EE-4205-A8DF-54F1A9C10CD8} = {0D427D54-F8E6-473D-8B45-1094EB7597EB}
		{B1390257-1771-41BD-B1B9-EBE2DE79F0E5} = {0D427D54-F8E6-473D-8B45-1094EB7597EB}
		{7B2DEE15-FE5C-406D-8901-D30C84EE6890} = {B1390257-1771-41BD-B1B9-EBE2DE79F0E5}
		{C3DF1519-9D05-4D28-BBF7-162E82A2BC23} = {B1390257-1771-41BD-B1B9-EBE2DE79F0E5}
	EndGlobalSection
	GlobalSection(ExtensibilityGlobals) = postSolution
		SolutionGuid = {ADC908A3-CC5D-4882-A9A4-91848236F864}
	EndGlobalSection
EndGlobal
