
Microsoft Visual Studio Solution File, Format Version 12.00
# Visual Studio Version 17
VisualStudioVersion = 17.4.33205.214
MinimumVisualStudioVersion = 10.0.40219.1
Project("{9A19103F-16F7-4668-BE54-9A1E7A4F7556}") = "PicaTest", "PicaTest\PicaTest.csproj", "{5035948D-039C-4ABA-9010-9952BE587E10}"
EndProject
Project("{9A19103F-16F7-4668-BE54-9A1E7A4F7556}") = "PicaApi", "PicaApi\PicaApi.csproj", "{8AF7C2E1-7BB6-41E7-8CDB-C2DF39AFE629}"
EndProject
Project("{9A19103F-16F7-4668-BE54-9A1E7A4F7556}") = "Pica.Services", "Pica.Services\Pica.Services.csproj", "{5A384803-72D8-47A6-AD38-1AF5EAEEF042}"
EndProject
Project("{9A19103F-16F7-4668-BE54-9A1E7A4F7556}") = "Pica.Interfaces", "Pica.Interfaces\Pica.Interfaces.csproj", "{1BEF0557-86EE-4205-A8DF-54F1A9C10CD8}"
EndProject
Project("{2150E333-8FDC-42A3-9474-1A3956D46DE8}") = "Pica.Models", "Pica.Models", "{B1390257-1771-41BD-B1B9-EBE2DE79F0E5}"
EndProject
Project("{9A19103F-16F7-4668-BE54-9A1E7A4F7556}") = "Pica.Models.ApiModels", "Pica.Models.ApiModels\Pica.Models.ApiModels.csproj", "{7B2DEE15-FE5C-406D-8901-D30C84EE6890}"
EndProject
Project("{9A19103F-16F7-4668-BE54-9A1E7A4F7556}") = "Pica.Models.PicaJsonConverts", "Pica.Models.PicaJsonConverts\Pica.Models.PicaJsonConverts.csproj", "{C3DF1519-9D05-4D28-BBF7-162E82A2BC23}"
EndProject
Project("{2150E333-8FDC-42A3-9474-1A3956D46DE8}") = "PicaApis", "PicaApis", "{0D427D54-F8E6-473D-8B45-1094EB7597EB}"
EndProject
Project("{2150E333-8FDC-42A3-9474-1A3956D46DE8}") = "Pica3GUI", "Pica3GUI", "{C2C46D73-4F0D-4553-9D09-87D55A6CF68E}"
EndProject
Project("{2150E333-8FDC-42A3-9474-1A3956D46DE8}") = "WPF-Net7", "WPF-Net7", "{474C2F05-B34C-4D38-B269-F13EFFF0C0C0}"
EndProject
Project("{9A19103F-16F7-4668-BE54-9A1E7A4F7556}") = "Pica3", "WPF\Pica3\Pica3.csproj", "{DEF1D0BF-63A8-4EE1-B985-97C6DE04E172}"
EndProject
Project("{9A19103F-16F7-4668-BE54-9A1E7A4F7556}") = "Pica3.UI", "WPF\Pica3.UI\Pica3.UI.csproj", "{27743152-93EC-4C72-B737-754E52BF6205}"
EndProject
Project("{9A19103F-16F7-4668-BE54-9A1E7A4F7556}") = "Pica3.Views", "WPF\Pica3.Views\Pica3.Views.csproj", "{DDD1A351-F31C-459E-BE13-6C69132DA4C5}"
EndProject
Project("{FAE04EC0-301F-11D3-BF4B-00C04F79EFBC}") = "Pica3.ViewModels", "WPF\Pica3.ViewModels\Pica3.ViewModels.csproj", "{76B3D6D9-188F-4BE9-A7C1-42CD6542CE7F}"
EndProject
Global
	GlobalSection(SolutionConfigurationPlatforms) = preSolution
		Debug|Any CPU = Debug|Any CPU
		Debug|ARM64 = Debug|ARM64
		Debug|x64 = Debug|x64
		Debug|x86 = Debug|x86
		Release|Any CPU = Release|Any CPU
		Release|ARM64 = Release|ARM64
		Release|x64 = Release|x64
		Release|x86 = Release|x86
	EndGlobalSection
	GlobalSection(ProjectConfigurationPlatforms) = postSolution
		{5035948D-039C-4ABA-9010-9952BE587E10}.Debug|Any CPU.ActiveCfg = Debug|Any CPU
		{5035948D-039C-4ABA-9010-9952BE587E10}.Debug|Any CPU.Build.0 = Debug|Any CPU
		{5035948D-039C-4ABA-9010-9952BE587E10}.Debug|ARM64.ActiveCfg = Debug|Any CPU
		{5035948D-039C-4ABA-9010-9952BE587E10}.Debug|ARM64.Build.0 = Debug|Any CPU
		{5035948D-039C-4ABA-9010-9952BE587E10}.Debug|x64.ActiveCfg = Debug|Any CPU
		{5035948D-039C-4ABA-9010-9952BE587E10}.Debug|x64.Build.0 = Debug|Any CPU
		{5035948D-039C-4ABA-9010-9952BE587E10}.Debug|x86.ActiveCfg = Debug|Any CPU
		{5035948D-039C-4ABA-9010-9952BE587E10}.Debug|x86.Build.0 = Debug|Any CPU
		{5035948D-039C-4ABA-9010-9952BE587E10}.Release|Any CPU.ActiveCfg = Release|Any CPU
		{5035948D-039C-4ABA-9010-9952BE587E10}.Release|Any CPU.Build.0 = Release|Any CPU
		{5035948D-039C-4ABA-9010-9952BE587E10}.Release|ARM64.ActiveCfg = Release|Any CPU
		{5035948D-039C-4ABA-9010-9952BE587E10}.Release|ARM64.Build.0 = Release|Any CPU
		{5035948D-039C-4ABA-9010-9952BE587E10}.Release|x64.ActiveCfg = Release|Any CPU
		{5035948D-039C-4ABA-9010-9952BE587E10}.Release|x64.Build.0 = Release|Any CPU
		{5035948D-039C-4ABA-9010-9952BE587E10}.Release|x86.ActiveCfg = Release|Any CPU
		{5035948D-039C-4ABA-9010-9952BE587E10}.Release|x86.Build.0 = Release|Any CPU
		{8AF7C2E1-7BB6-41E7-8CDB-C2DF39AFE629}.Debug|Any CPU.ActiveCfg = Debug|Any CPU
		{8AF7C2E1-7BB6-41E7-8CDB-C2DF39AFE629}.Debug|Any CPU.Build.0 = Debug|Any CPU
		{8AF7C2E1-7BB6-41E7-8CDB-C2DF39AFE629}.Debug|ARM64.ActiveCfg = Debug|Any CPU
		{8AF7C2E1-7BB6-41E7-8CDB-C2DF39AFE629}.Debug|ARM64.Build.0 = Debug|Any CPU
		{8AF7C2E1-7BB6-41E7-8CDB-C2DF39AFE629}.Debug|x64.ActiveCfg = Debug|Any CPU
		{8AF7C2E1-7BB6-41E7-8CDB-C2DF39AFE629}.Debug|x64.Build.0 = Debug|Any CPU
		{8AF7C2E1-7BB6-41E7-8CDB-C2DF39AFE629}.Debug|x86.ActiveCfg = Debug|Any CPU
		{8AF7C2E1-7BB6-41E7-8CDB-C2DF39AFE629}.Debug|x86.Build.0 = Debug|Any CPU
		{8AF7C2E1-7BB6-41E7-8CDB-C2DF39AFE629}.Release|Any CPU.ActiveCfg = Release|Any CPU
		{8AF7C2E1-7BB6-41E7-8CDB-C2DF39AFE629}.Release|Any CPU.Build.0 = Release|Any CPU
		{8AF7C2E1-7BB6-41E7-8CDB-C2DF39AFE629}.Release|ARM64.ActiveCfg = Release|Any CPU
		{8AF7C2E1-7BB6-41E7-8CDB-C2DF39AFE629}.Release|ARM64.Build.0 = Release|Any CPU
		{8AF7C2E1-7BB6-41E7-8CDB-C2DF39AFE629}.Release|x64.ActiveCfg = Release|Any CPU
		{8AF7C2E1-7BB6-41E7-8CDB-C2DF39AFE629}.Release|x64.Build.0 = Release|Any CPU
		{8AF7C2E1-7BB6-41E7-8CDB-C2DF39AFE629}.Release|x86.ActiveCfg = Release|Any CPU
		{8AF7C2E1-7BB6-41E7-8CDB-C2DF39AFE629}.Release|x86.Build.0 = Release|Any CPU
		{5A384803-72D8-47A6-AD38-1AF5EAEEF042}.Debug|Any CPU.ActiveCfg = Debug|Any CPU
		{5A384803-72D8-47A6-AD38-1AF5EAEEF042}.Debug|Any CPU.Build.0 = Debug|Any CPU
		{5A384803-72D8-47A6-AD38-1AF5EAEEF042}.Debug|ARM64.ActiveCfg = Debug|Any CPU
		{5A384803-72D8-47A6-AD38-1AF5EAEEF042}.Debug|ARM64.Build.0 = Debug|Any CPU
		{5A384803-72D8-47A6-AD38-1AF5EAEEF042}.Debug|x64.ActiveCfg = Debug|Any CPU
		{5A384803-72D8-47A6-AD38-1AF5EAEEF042}.Debug|x64.Build.0 = Debug|Any CPU
		{5A384803-72D8-47A6-AD38-1AF5EAEEF042}.Debug|x86.ActiveCfg = Debug|Any CPU
		{5A384803-72D8-47A6-AD38-1AF5EAEEF042}.Debug|x86.Build.0 = Debug|Any CPU
		{5A384803-72D8-47A6-AD38-1AF5EAEEF042}.Release|Any CPU.ActiveCfg = Release|Any CPU
		{5A384803-72D8-47A6-AD38-1AF5EAEEF042}.Release|Any CPU.Build.0 = Release|Any CPU
		{5A384803-72D8-47A6-AD38-1AF5EAEEF042}.Release|ARM64.ActiveCfg = Release|Any CPU
		{5A384803-72D8-47A6-AD38-1AF5EAEEF042}.Release|ARM64.Build.0 = Release|Any CPU
		{5A384803-72D8-47A6-AD38-1AF5EAEEF042}.Release|x64.ActiveCfg = Release|Any CPU
		{5A384803-72D8-47A6-AD38-1AF5EAEEF042}.Release|x64.Build.0 = Release|Any CPU
		{5A384803-72D8-47A6-AD38-1AF5EAEEF042}.Release|x86.ActiveCfg = Release|Any CPU
		{5A384803-72D8-47A6-AD38-1AF5EAEEF042}.Release|x86.Build.0 = Release|Any CPU
		{1BEF0557-86EE-4205-A8DF-54F1A9C10CD8}.Debug|Any CPU.ActiveCfg = Debug|Any CPU
		{1BEF0557-86EE-4205-A8DF-54F1A9C10CD8}.Debug|Any CPU.Build.0 = Debug|Any CPU
		{1BEF0557-86EE-4205-A8DF-54F1A9C10CD8}.Debug|ARM64.ActiveCfg = Debug|Any CPU
		{1BEF0557-86EE-4205-A8DF-54F1A9C10CD8}.Debug|ARM64.Build.0 = Debug|Any CPU
		{1BEF0557-86EE-4205-A8DF-54F1A9C10CD8}.Debug|x64.ActiveCfg = Debug|Any CPU
		{1BEF0557-86EE-4205-A8DF-54F1A9C10CD8}.Debug|x64.Build.0 = Debug|Any CPU
		{1BEF0557-86EE-4205-A8DF-54F1A9C10CD8}.Debug|x86.ActiveCfg = Debug|Any CPU
		{1BEF0557-86EE-4205-A8DF-54F1A9C10CD8}.Debug|x86.Build.0 = Debug|Any CPU
		{1BEF0557-86EE-4205-A8DF-54F1A9C10CD8}.Release|Any CPU.ActiveCfg = Release|Any CPU
		{1BEF0557-86EE-4205-A8DF-54F1A9C10CD8}.Release|Any CPU.Build.0 = Release|Any CPU
		{1BEF0557-86EE-4205-A8DF-54F1A9C10CD8}.Release|ARM64.ActiveCfg = Release|Any CPU
		{1BEF0557-86EE-4205-A8DF-54F1A9C10CD8}.Release|ARM64.Build.0 = Release|Any CPU
		{1BEF0557-86EE-4205-A8DF-54F1A9C10CD8}.Release|x64.ActiveCfg = Release|Any CPU
		{1BEF0557-86EE-4205-A8DF-54F1A9C10CD8}.Release|x64.Build.0 = Release|Any CPU
		{1BEF0557-86EE-4205-A8DF-54F1A9C10CD8}.Release|x86.ActiveCfg = Release|Any CPU
		{1BEF0557-86EE-4205-A8DF-54F1A9C10CD8}.Release|x86.Build.0 = Release|Any CPU
		{7B2DEE15-FE5C-406D-8901-D30C84EE6890}.Debug|Any CPU.ActiveCfg = Debug|Any CPU
		{7B2DEE15-FE5C-406D-8901-D30C84EE6890}.Debug|Any CPU.Build.0 = Debug|Any CPU
		{7B2DEE15-FE5C-406D-8901-D30C84EE6890}.Debug|ARM64.ActiveCfg = Debug|Any CPU
		{7B2DEE15-FE5C-406D-8901-D30C84EE6890}.Debug|ARM64.Build.0 = Debug|Any CPU
		{7B2DEE15-FE5C-406D-8901-D30C84EE6890}.Debug|x64.ActiveCfg = Debug|Any CPU
		{7B2DEE15-FE5C-406D-8901-D30C84EE6890}.Debug|x64.Build.0 = Debug|Any CPU
		{7B2DEE15-FE5C-406D-8901-D30C84EE6890}.Debug|x86.ActiveCfg = Debug|Any CPU
		{7B2DEE15-FE5C-406D-8901-D30C84EE6890}.Debug|x86.Build.0 = Debug|Any CPU
		{7B2DEE15-FE5C-406D-8901-D30C84EE6890}.Release|Any CPU.ActiveCfg = Release|Any CPU
		{7B2DEE15-FE5C-406D-8901-D30C84EE6890}.Release|Any CPU.Build.0 = Release|Any CPU
		{7B2DEE15-FE5C-406D-8901-D30C84EE6890}.Release|ARM64.ActiveCfg = Release|Any CPU
		{7B2DEE15-FE5C-406D-8901-D30C84EE6890}.Release|ARM64.Build.0 = Release|Any CPU
		{7B2DEE15-FE5C-406D-8901-D30C84EE6890}.Release|x64.ActiveCfg = Release|Any CPU
		{7B2DEE15-FE5C-406D-8901-D30C84EE6890}.Release|x64.Build.0 = Release|Any CPU
		{7B2DEE15-FE5C-406D-8901-D30C84EE6890}.Release|x86.ActiveCfg = Release|Any CPU
		{7B2DEE15-FE5C-406D-8901-D30C84EE6890}.Release|x86.Build.0 = Release|Any CPU
		{C3DF1519-9D05-4D28-BBF7-162E82A2BC23}.Debug|Any CPU.ActiveCfg = Debug|Any CPU
		{C3DF1519-9D05-4D28-BBF7-162E82A2BC23}.Debug|Any CPU.Build.0 = Debug|Any CPU
		{C3DF1519-9D05-4D28-BBF7-162E82A2BC23}.Debug|ARM64.ActiveCfg = Debug|Any CPU
		{C3DF1519-9D05-4D28-BBF7-162E82A2BC23}.Debug|ARM64.Build.0 = Debug|Any CPU
		{C3DF1519-9D05-4D28-BBF7-162E82A2BC23}.Debug|x64.ActiveCfg = Debug|Any CPU
		{C3DF1519-9D05-4D28-BBF7-162E82A2BC23}.Debug|x64.Build.0 = Debug|Any CPU
		{C3DF1519-9D05-4D28-BBF7-162E82A2BC23}.Debug|x86.ActiveCfg = Debug|Any CPU
		{C3DF1519-9D05-4D28-BBF7-162E82A2BC23}.Debug|x86.Build.0 = Debug|Any CPU
		{C3DF1519-9D05-4D28-BBF7-162E82A2BC23}.Release|Any CPU.ActiveCfg = Release|Any CPU
		{C3DF1519-9D05-4D28-BBF7-162E82A2BC23}.Release|Any CPU.Build.0 = Release|Any CPU
		{C3DF1519-9D05-4D28-BBF7-162E82A2BC23}.Release|ARM64.ActiveCfg = Release|Any CPU
		{C3DF1519-9D05-4D28-BBF7-162E82A2BC23}.Release|ARM64.Build.0 = Release|Any CPU
		{C3DF1519-9D05-4D28-BBF7-162E82A2BC23}.Release|x64.ActiveCfg = Release|Any CPU
		{C3DF1519-9D05-4D28-BBF7-162E82A2BC23}.Release|x64.Build.0 = Release|Any CPU
		{C3DF1519-9D05-4D28-BBF7-162E82A2BC23}.Release|x86.ActiveCfg = Release|Any CPU
		{C3DF1519-9D05-4D28-BBF7-162E82A2BC23}.Release|x86.Build.0 = Release|Any CPU
		{DEF1D0BF-63A8-4EE1-B985-97C6DE04E172}.Debug|Any CPU.ActiveCfg = Debug|Any CPU
		{DEF1D0BF-63A8-4EE1-B985-97C6DE04E172}.Debug|Any CPU.Build.0 = Debug|Any CPU
		{DEF1D0BF-63A8-4EE1-B985-97C6DE04E172}.Debug|ARM64.ActiveCfg = Debug|Any CPU
		{DEF1D0BF-63A8-4EE1-B985-97C6DE04E172}.Debug|ARM64.Build.0 = Debug|Any CPU
		{DEF1D0BF-63A8-4EE1-B985-97C6DE04E172}.Debug|x64.ActiveCfg = Debug|Any CPU
		{DEF1D0BF-63A8-4EE1-B985-97C6DE04E172}.Debug|x64.Build.0 = Debug|Any CPU
		{DEF1D0BF-63A8-4EE1-B985-97C6DE04E172}.Debug|x86.ActiveCfg = Debug|Any CPU
		{DEF1D0BF-63A8-4EE1-B985-97C6DE04E172}.Debug|x86.Build.0 = Debug|Any CPU
		{DEF1D0BF-63A8-4EE1-B985-97C6DE04E172}.Release|Any CPU.ActiveCfg = Release|Any CPU
		{DEF1D0BF-63A8-4EE1-B985-97C6DE04E172}.Release|Any CPU.Build.0 = Release|Any CPU
		{DEF1D0BF-63A8-4EE1-B985-97C6DE04E172}.Release|ARM64.ActiveCfg = Release|Any CPU
		{DEF1D0BF-63A8-4EE1-B985-97C6DE04E172}.Release|ARM64.Build.0 = Release|Any CPU
		{DEF1D0BF-63A8-4EE1-B985-97C6DE04E172}.Release|x64.ActiveCfg = Release|Any CPU
		{DEF1D0BF-63A8-4EE1-B985-97C6DE04E172}.Release|x64.Build.0 = Release|Any CPU
		{DEF1D0BF-63A8-4EE1-B985-97C6DE04E172}.Release|x86.ActiveCfg = Release|Any CPU
		{DEF1D0BF-63A8-4EE1-B985-97C6DE04E172}.Release|x86.Build.0 = Release|Any CPU
		{27743152-93EC-4C72-B737-754E52BF6205}.Debug|Any CPU.ActiveCfg = Debug|Any CPU
		{27743152-93EC-4C72-B737-754E52BF6205}.Debug|Any CPU.Build.0 = Debug|Any CPU
		{27743152-93EC-4C72-B737-754E52BF6205}.Debug|ARM64.ActiveCfg = Debug|Any CPU
		{27743152-93EC-4C72-B737-754E52BF6205}.Debug|ARM64.Build.0 = Debug|Any CPU
		{27743152-93EC-4C72-B737-754E52BF6205}.Debug|x64.ActiveCfg = Debug|Any CPU
		{27743152-93EC-4C72-B737-754E52BF6205}.Debug|x64.Build.0 = Debug|Any CPU
		{27743152-93EC-4C72-B737-754E52BF6205}.Debug|x86.ActiveCfg = Debug|Any CPU
		{27743152-93EC-4C72-B737-754E52BF6205}.Debug|x86.Build.0 = Debug|Any CPU
		{27743152-93EC-4C72-B737-754E52BF6205}.Release|Any CPU.ActiveCfg = Release|Any CPU
		{27743152-93EC-4C72-B737-754E52BF6205}.Release|Any CPU.Build.0 = Release|Any CPU
		{27743152-93EC-4C72-B737-754E52BF6205}.Release|ARM64.ActiveCfg = Release|Any CPU
		{27743152-93EC-4C72-B737-754E52BF6205}.Release|ARM64.Build.0 = Release|Any CPU
		{27743152-93EC-4C72-B737-754E52BF6205}.Release|x64.ActiveCfg = Release|Any CPU
		{27743152-93EC-4C72-B737-754E52BF6205}.Release|x64.Build.0 = Release|Any CPU
		{27743152-93EC-4C72-B737-754E52BF6205}.Release|x86.ActiveCfg = Release|Any CPU
		{27743152-93EC-4C72-B737-754E52BF6205}.Release|x86.Build.0 = Release|Any CPU
		{DDD1A351-F31C-459E-BE13-6C69132DA4C5}.Debug|Any CPU.ActiveCfg = Debug|Any CPU
		{DDD1A351-F31C-459E-BE13-6C69132DA4C5}.Debug|Any CPU.Build.0 = Debug|Any CPU
		{DDD1A351-F31C-459E-BE13-6C69132DA4C5}.Debug|ARM64.ActiveCfg = Debug|Any CPU
		{DDD1A351-F31C-459E-BE13-6C69132DA4C5}.Debug|ARM64.Build.0 = Debug|Any CPU
		{DDD1A351-F31C-459E-BE13-6C69132DA4C5}.Debug|x64.ActiveCfg = Debug|Any CPU
		{DDD1A351-F31C-459E-BE13-6C69132DA4C5}.Debug|x64.Build.0 = Debug|Any CPU
		{DDD1A351-F31C-459E-BE13-6C69132DA4C5}.Debug|x86.ActiveCfg = Debug|Any CPU
		{DDD1A351-F31C-459E-BE13-6C69132DA4C5}.Debug|x86.Build.0 = Debug|Any CPU
		{DDD1A351-F31C-459E-BE13-6C69132DA4C5}.Release|Any CPU.ActiveCfg = Release|Any CPU
		{DDD1A351-F31C-459E-BE13-6C69132DA4C5}.Release|Any CPU.Build.0 = Release|Any CPU
		{DDD1A351-F31C-459E-BE13-6C69132DA4C5}.Release|ARM64.ActiveCfg = Release|Any CPU
		{DDD1A351-F31C-459E-BE13-6C69132DA4C5}.Release|ARM64.Build.0 = Release|Any CPU
		{DDD1A351-F31C-459E-BE13-6C69132DA4C5}.Release|x64.ActiveCfg = Release|Any CPU
		{DDD1A351-F31C-459E-BE13-6C69132DA4C5}.Release|x64.Build.0 = Release|Any CPU
		{DDD1A351-F31C-459E-BE13-6C69132DA4C5}.Release|x86.ActiveCfg = Release|Any CPU
		{DDD1A351-F31C-459E-BE13-6C69132DA4C5}.Release|x86.Build.0 = Release|Any CPU
		{76B3D6D9-188F-4BE9-A7C1-42CD6542CE7F}.Debug|Any CPU.ActiveCfg = Debug|Any CPU
		{76B3D6D9-188F-4BE9-A7C1-42CD6542CE7F}.Debug|Any CPU.Build.0 = Debug|Any CPU
		{76B3D6D9-188F-4BE9-A7C1-42CD6542CE7F}.Debug|ARM64.ActiveCfg = Debug|Any CPU
		{76B3D6D9-188F-4BE9-A7C1-42CD6542CE7F}.Debug|ARM64.Build.0 = Debug|Any CPU
		{76B3D6D9-188F-4BE9-A7C1-42CD6542CE7F}.Debug|x64.ActiveCfg = Debug|Any CPU
		{76B3D6D9-188F-4BE9-A7C1-42CD6542CE7F}.Debug|x64.Build.0 = Debug|Any CPU
		{76B3D6D9-188F-4BE9-A7C1-42CD6542CE7F}.Debug|x86.ActiveCfg = Debug|Any CPU
		{76B3D6D9-188F-4BE9-A7C1-42CD6542CE7F}.Debug|x86.Build.0 = Debug|Any CPU
		{76B3D6D9-188F-4BE9-A7C1-42CD6542CE7F}.Release|Any CPU.ActiveCfg = Release|Any CPU
		{76B3D6D9-188F-4BE9-A7C1-42CD6542CE7F}.Release|Any CPU.Build.0 = Release|Any CPU
		{76B3D6D9-188F-4BE9-A7C1-42CD6542CE7F}.Release|ARM64.ActiveCfg = Release|Any CPU
		{76B3D6D9-188F-4BE9-A7C1-42CD6542CE7F}.Release|ARM64.Build.0 = Release|Any CPU
		{76B3D6D9-188F-4BE9-A7C1-42CD6542CE7F}.Release|x64.ActiveCfg = Release|Any CPU
		{76B3D6D9-188F-4BE9-A7C1-42CD6542CE7F}.Release|x64.Build.0 = Release|Any CPU
		{76B3D6D9-188F-4BE9-A7C1-42CD6542CE7F}.Release|x86.ActiveCfg = Release|Any CPU
		{76B3D6D9-188F-4BE9-A7C1-42CD6542CE7F}.Release|x86.Build.0 = Release|Any CPU
	EndGlobalSection
	GlobalSection(SolutionProperties) = preSolution
		HideSolutionNode = FALSE
	EndGlobalSection
	GlobalSection(NestedProjects) = preSolution
		{8AF7C2E1-7BB6-41E7-8CDB-C2DF39AFE629} = {0D427D54-F8E6-473D-8B45-1094EB7597EB}
		{5A384803-72D8-47A6-AD38-1AF5EAEEF042} = {0D427D54-F8E6-473D-8B45-1094EB7597EB}
		{1BEF0557-86EE-4205-A8DF-54F1A9C10CD8} = {0D427D54-F8E6-473D-8B45-1094EB7597EB}
		{B1390257-1771-41BD-B1B9-EBE2DE79F0E5} = {0D427D54-F8E6-473D-8B45-1094EB7597EB}
		{7B2DEE15-FE5C-406D-8901-D30C84EE6890} = {B1390257-1771-41BD-B1B9-EBE2DE79F0E5}
		{C3DF1519-9D05-4D28-BBF7-162E82A2BC23} = {B1390257-1771-41BD-B1B9-EBE2DE79F0E5}
		{474C2F05-B34C-4D38-B269-F13EFFF0C0C0} = {C2C46D73-4F0D-4553-9D09-87D55A6CF68E}
		{DEF1D0BF-63A8-4EE1-B985-97C6DE04E172} = {474C2F05-B34C-4D38-B269-F13EFFF0C0C0}
		{27743152-93EC-4C72-B737-754E52BF6205} = {474C2F05-B34C-4D38-B269-F13EFFF0C0C0}
		{DDD1A351-F31C-459E-BE13-6C69132DA4C5} = {474C2F05-B34C-4D38-B269-F13EFFF0C0C0}
		{76B3D6D9-188F-4BE9-A7C1-42CD6542CE7F} = {474C2F05-B34C-4D38-B269-F13EFFF0C0C0}
	EndGlobalSection
	GlobalSection(ExtensibilityGlobals) = postSolution
		SolutionGuid = {ADC908A3-CC5D-4882-A9A4-91848236F864}
	EndGlobalSection
EndGlobal
