
Microsoft Visual Studio Solution File, Format Version 12.00
# Visual Studio Version 17
VisualStudioVersion = 17.4.33205.214
MinimumVisualStudioVersion = 10.0.40219.1
Project("{9A19103F-16F7-4668-BE54-9A1E7A4F7556}") = "PicaTest", "PicaTest\PicaTest.csproj", "{5035948D-039C-4ABA-9010-9952BE587E10}"
EndProject
Project("{9A19103F-16F7-4668-BE54-9A1E7A4F7556}") = "PicaApi", "PicaApi\PicaApi.csproj", "{8AF7C2E1-7BB6-41E7-8CDB-C2DF39AFE629}"
EndProject
Project("{9A19103F-16F7-4668-BE54-9A1E7A4F7556}") = "Pica.Services", "Pica.Services\Pica.Services.csproj", "{5A384803-72D8-47A6-AD38-1AF5EAEEF042}"
EndProject
Project("{9A19103F-16F7-4668-BE54-9A1E7A4F7556}") = "Pica.Interfaces", "Pica.Interfaces\Pica.Interfaces.csproj", "{1BEF0557-86EE-4205-A8DF-54F1A9C10CD8}"
EndProject
Project("{2150E333-8FDC-42A3-9474-1A3956D46DE8}") = "Pica.Models", "Pica.Models", "{B1390257-1771-41BD-B1B9-EBE2DE79F0E5}"
EndProject
Project("{9A19103F-16F7-4668-BE54-9A1E7A4F7556}") = "Pica.Models.ApiModels", "Pica.Models.ApiModels\Pica.Models.ApiModels.csproj", "{7B2DEE15-FE5C-406D-8901-D30C84EE6890}"
EndProject
Project("{9A19103F-16F7-4668-BE54-9A1E7A4F7556}") = "Pica.Models.PicaJsonConverts", "Pica.Models.PicaJsonConverts\Pica.Models.PicaJsonConverts.csproj", "{C3DF1519-9D05-4D28-BBF7-162E82A2BC23}"
EndProject
Project("{2150E333-8FDC-42A3-9474-1A3956D46DE8}") = "PicaApis", "PicaApis", "{0D427D54-F8E6-473D-8B45-1094EB7597EB}"
EndProject
Project("{2150E333-8FDC-42A3-9474-1A3956D46DE8}") = "Pica3GUI", "Pica3GUI", "{C2C46D73-4F0D-4553-9D09-87D55A6CF68E}"
EndProject
Project("{2150E333-8FDC-42A3-9474-1A3956D46DE8}") = "WPF-Net7", "WPF-Net7", "{474C2F05-B34C-4D38-B269-F13EFFF0C0C0}"
EndProject
Project("{9A19103F-16F7-4668-BE54-9A1E7A4F7556}") = "Pica3", "WPF\Pica3\Pica3.csproj", "{DEF1D0BF-63A8-4EE1-B985-97C6DE04E172}"
EndProject
Project("{9A19103F-16F7-4668-BE54-9A1E7A4F7556}") = "Pica3.UI", "WPF\Pica3.UI\Pica3.UI.csproj", "{27743152-93EC-4C72-B737-754E52BF6205}"
EndProject
Project("{9A19103F-16F7-4668-BE54-9A1E7A4F7556}") = "Pica3.Views", "WPF\Pica3.Views\Pica3.Views.csproj", "{DDD1A351-F31C-459E-BE13-6C69132DA4C5}"
EndProject
Project("{9A19103F-16F7-4668-BE54-9A1E7A4F7556}") = "Pica3.ViewModels", "WPF\Pica3.ViewModels\Pica3.ViewModels.csproj", "{76B3D6D9-188F-4BE9-A7C1-42CD6542CE7F}"
EndProject
Project("{9A19103F-16F7-4668-BE54-9A1E7A4F7556}") = "Pica3.Models", "Pica3.Models\Pica3.Models.csproj", "{C25A3685-FCEE-41DD-B161-DEBBEA2DD07A}"
EndProject
Project("{D954291E-2A0B-460D-934E-DC6B0785DB48}") = "Pica.Shared", "Pica\Pica.Shared\Pica.Shared.shproj", "{6279C845-92F8-4333-AB99-3D213163593C}"
EndProject
Project("{2150E333-8FDC-42A3-9474-1A3956D46DE8}") = "Platforms", "Platforms", "{C692D0FB-E69C-48AC-A5B7-AE489F6502DE}"
EndProject
Project("{9A19103F-16F7-4668-BE54-9A1E7A4F7556}") = "Pica.Mobile", "Pica\Pica.Mobile\Pica.Mobile.csproj", "{A2B66BC0-336B-4B9D-AB77-B4904B2AC460}"
EndProject
Project("{9A19103F-16F7-4668-BE54-9A1E7A4F7556}") = "Pica.Windows", "Pica\Pica.Windows\Pica.Windows.csproj", "{19EDDE7A-EBCC-4C4D-82B3-EDA41A377190}"
EndProject
Global
	GlobalSection(SolutionConfigurationPlatforms) = preSolution
		Ad-Hoc|Any CPU = Ad-Hoc|Any CPU
		Ad-Hoc|ARM = Ad-Hoc|ARM
		Ad-Hoc|ARM64 = Ad-Hoc|ARM64
		Ad-Hoc|iPhone = Ad-Hoc|iPhone
		Ad-Hoc|iPhoneSimulator = Ad-Hoc|iPhoneSimulator
		Ad-Hoc|x64 = Ad-Hoc|x64
		Ad-Hoc|x86 = Ad-Hoc|x86
		AppStore|Any CPU = AppStore|Any CPU
		AppStore|ARM = AppStore|ARM
		AppStore|ARM64 = AppStore|ARM64
		AppStore|iPhone = AppStore|iPhone
		AppStore|iPhoneSimulator = AppStore|iPhoneSimulator
		AppStore|x64 = AppStore|x64
		AppStore|x86 = AppStore|x86
		Debug|Any CPU = Debug|Any CPU
		Debug|ARM = Debug|ARM
		Debug|ARM64 = Debug|ARM64
		Debug|iPhone = Debug|iPhone
		Debug|iPhoneSimulator = Debug|iPhoneSimulator
		Debug|x64 = Debug|x64
		Debug|x86 = Debug|x86
		Release|Any CPU = Release|Any CPU
		Release|ARM = Release|ARM
		Release|ARM64 = Release|ARM64
		Release|iPhone = Release|iPhone
		Release|iPhoneSimulator = Release|iPhoneSimulator
		Release|x64 = Release|x64
		Release|x86 = Release|x86
	EndGlobalSection
	GlobalSection(ProjectConfigurationPlatforms) = postSolution
		{5035948D-039C-4ABA-9010-9952BE587E10}.Ad-Hoc|Any CPU.ActiveCfg = Release|Any CPU
		{5035948D-039C-4ABA-9010-9952BE587E10}.Ad-Hoc|Any CPU.Build.0 = Release|Any CPU
		{5035948D-039C-4ABA-9010-9952BE587E10}.Ad-Hoc|ARM.ActiveCfg = Release|Any CPU
		{5035948D-039C-4ABA-9010-9952BE587E10}.Ad-Hoc|ARM.Build.0 = Release|Any CPU
		{5035948D-039C-4ABA-9010-9952BE587E10}.Ad-Hoc|ARM64.ActiveCfg = Release|Any CPU
		{5035948D-039C-4ABA-9010-9952BE587E10}.Ad-Hoc|ARM64.Build.0 = Release|Any CPU
		{5035948D-039C-4ABA-9010-9952BE587E10}.Ad-Hoc|iPhone.ActiveCfg = Release|Any CPU
		{5035948D-039C-4ABA-9010-9952BE587E10}.Ad-Hoc|iPhone.Build.0 = Release|Any CPU
		{5035948D-039C-4ABA-9010-9952BE587E10}.Ad-Hoc|iPhoneSimulator.ActiveCfg = Release|Any CPU
		{5035948D-039C-4ABA-9010-9952BE587E10}.Ad-Hoc|iPhoneSimulator.Build.0 = Release|Any CPU
		{5035948D-039C-4ABA-9010-9952BE587E10}.Ad-Hoc|x64.ActiveCfg = Release|Any CPU
		{5035948D-039C-4ABA-9010-9952BE587E10}.Ad-Hoc|x64.Build.0 = Release|Any CPU
		{5035948D-039C-4ABA-9010-9952BE587E10}.Ad-Hoc|x86.ActiveCfg = Release|Any CPU
		{5035948D-039C-4ABA-9010-9952BE587E10}.Ad-Hoc|x86.Build.0 = Release|Any CPU
		{5035948D-039C-4ABA-9010-9952BE587E10}.AppStore|Any CPU.ActiveCfg = Release|Any CPU
		{5035948D-039C-4ABA-9010-9952BE587E10}.AppStore|Any CPU.Build.0 = Release|Any CPU
		{5035948D-039C-4ABA-9010-9952BE587E10}.AppStore|ARM.ActiveCfg = Release|Any CPU
		{5035948D-039C-4ABA-9010-9952BE587E10}.AppStore|ARM.Build.0 = Release|Any CPU
		{5035948D-039C-4ABA-9010-9952BE587E10}.AppStore|ARM64.ActiveCfg = Release|Any CPU
		{5035948D-039C-4ABA-9010-9952BE587E10}.AppStore|ARM64.Build.0 = Release|Any CPU
		{5035948D-039C-4ABA-9010-9952BE587E10}.AppStore|iPhone.ActiveCfg = Release|Any CPU
		{5035948D-039C-4ABA-9010-9952BE587E10}.AppStore|iPhone.Build.0 = Release|Any CPU
		{5035948D-039C-4ABA-9010-9952BE587E10}.AppStore|iPhoneSimulator.ActiveCfg = Release|Any CPU
		{5035948D-039C-4ABA-9010-9952BE587E10}.AppStore|iPhoneSimulator.Build.0 = Release|Any CPU
		{5035948D-039C-4ABA-9010-9952BE587E10}.AppStore|x64.ActiveCfg = Release|Any CPU
		{5035948D-039C-4ABA-9010-9952BE587E10}.AppStore|x64.Build.0 = Release|Any CPU
		{5035948D-039C-4ABA-9010-9952BE587E10}.AppStore|x86.ActiveCfg = Release|Any CPU
		{5035948D-039C-4ABA-9010-9952BE587E10}.AppStore|x86.Build.0 = Release|Any CPU
		{5035948D-039C-4ABA-9010-9952BE587E10}.Debug|Any CPU.ActiveCfg = Debug|Any CPU
		{5035948D-039C-4ABA-9010-9952BE587E10}.Debug|Any CPU.Build.0 = Debug|Any CPU
		{5035948D-039C-4ABA-9010-9952BE587E10}.Debug|ARM.ActiveCfg = Debug|Any CPU
		{5035948D-039C-4ABA-9010-9952BE587E10}.Debug|ARM.Build.0 = Debug|Any CPU
		{5035948D-039C-4ABA-9010-9952BE587E10}.Debug|ARM64.ActiveCfg = Debug|Any CPU
		{5035948D-039C-4ABA-9010-9952BE587E10}.Debug|ARM64.Build.0 = Debug|Any CPU
		{5035948D-039C-4ABA-9010-9952BE587E10}.Debug|iPhone.ActiveCfg = Debug|Any CPU
		{5035948D-039C-4ABA-9010-9952BE587E10}.Debug|iPhone.Build.0 = Debug|Any CPU
		{5035948D-039C-4ABA-9010-9952BE587E10}.Debug|iPhoneSimulator.ActiveCfg = Debug|Any CPU
		{5035948D-039C-4ABA-9010-9952BE587E10}.Debug|iPhoneSimulator.Build.0 = Debug|Any CPU
		{5035948D-039C-4ABA-9010-9952BE587E10}.Debug|x64.ActiveCfg = Debug|Any CPU
		{5035948D-039C-4ABA-9010-9952BE587E10}.Debug|x64.Build.0 = Debug|Any CPU
		{5035948D-039C-4ABA-9010-9952BE587E10}.Debug|x86.ActiveCfg = Debug|Any CPU
		{5035948D-039C-4ABA-9010-9952BE587E10}.Debug|x86.Build.0 = Debug|Any CPU
		{5035948D-039C-4ABA-9010-9952BE587E10}.Release|Any CPU.ActiveCfg = Release|Any CPU
		{5035948D-039C-4ABA-9010-9952BE587E10}.Release|Any CPU.Build.0 = Release|Any CPU
		{5035948D-039C-4ABA-9010-9952BE587E10}.Release|ARM.ActiveCfg = Release|Any CPU
		{5035948D-039C-4ABA-9010-9952BE587E10}.Release|ARM.Build.0 = Release|Any CPU
		{5035948D-039C-4ABA-9010-9952BE587E10}.Release|ARM64.ActiveCfg = Release|Any CPU
		{5035948D-039C-4ABA-9010-9952BE587E10}.Release|ARM64.Build.0 = Release|Any CPU
		{5035948D-039C-4ABA-9010-9952BE587E10}.Release|iPhone.ActiveCfg = Release|Any CPU
		{5035948D-039C-4ABA-9010-9952BE587E10}.Release|iPhone.Build.0 = Release|Any CPU
		{5035948D-039C-4ABA-9010-9952BE587E10}.Release|iPhoneSimulator.ActiveCfg = Release|Any CPU
		{5035948D-039C-4ABA-9010-9952BE587E10}.Release|iPhoneSimulator.Build.0 = Release|Any CPU
		{5035948D-039C-4ABA-9010-9952BE587E10}.Release|x64.ActiveCfg = Release|Any CPU
		{5035948D-039C-4ABA-9010-9952BE587E10}.Release|x64.Build.0 = Release|Any CPU
		{5035948D-039C-4ABA-9010-9952BE587E10}.Release|x86.ActiveCfg = Release|Any CPU
		{5035948D-039C-4ABA-9010-9952BE587E10}.Release|x86.Build.0 = Release|Any CPU
		{8AF7C2E1-7BB6-41E7-8CDB-C2DF39AFE629}.Ad-Hoc|Any CPU.ActiveCfg = Release|Any CPU
		{8AF7C2E1-7BB6-41E7-8CDB-C2DF39AFE629}.Ad-Hoc|Any CPU.Build.0 = Release|Any CPU
		{8AF7C2E1-7BB6-41E7-8CDB-C2DF39AFE629}.Ad-Hoc|ARM.ActiveCfg = Release|Any CPU
		{8AF7C2E1-7BB6-41E7-8CDB-C2DF39AFE629}.Ad-Hoc|ARM.Build.0 = Release|Any CPU
		{8AF7C2E1-7BB6-41E7-8CDB-C2DF39AFE629}.Ad-Hoc|ARM64.ActiveCfg = Release|Any CPU
		{8AF7C2E1-7BB6-41E7-8CDB-C2DF39AFE629}.Ad-Hoc|ARM64.Build.0 = Release|Any CPU
		{8AF7C2E1-7BB6-41E7-8CDB-C2DF39AFE629}.Ad-Hoc|iPhone.ActiveCfg = Release|Any CPU
		{8AF7C2E1-7BB6-41E7-8CDB-C2DF39AFE629}.Ad-Hoc|iPhone.Build.0 = Release|Any CPU
		{8AF7C2E1-7BB6-41E7-8CDB-C2DF39AFE629}.Ad-Hoc|iPhoneSimulator.ActiveCfg = Release|Any CPU
		{8AF7C2E1-7BB6-41E7-8CDB-C2DF39AFE629}.Ad-Hoc|iPhoneSimulator.Build.0 = Release|Any CPU
		{8AF7C2E1-7BB6-41E7-8CDB-C2DF39AFE629}.Ad-Hoc|x64.ActiveCfg = Release|Any CPU
		{8AF7C2E1-7BB6-41E7-8CDB-C2DF39AFE629}.Ad-Hoc|x64.Build.0 = Release|Any CPU
		{8AF7C2E1-7BB6-41E7-8CDB-C2DF39AFE629}.Ad-Hoc|x86.ActiveCfg = Release|Any CPU
		{8AF7C2E1-7BB6-41E7-8CDB-C2DF39AFE629}.Ad-Hoc|x86.Build.0 = Release|Any CPU
		{8AF7C2E1-7BB6-41E7-8CDB-C2DF39AFE629}.AppStore|Any CPU.ActiveCfg = Release|Any CPU
		{8AF7C2E1-7BB6-41E7-8CDB-C2DF39AFE629}.AppStore|Any CPU.Build.0 = Release|Any CPU
		{8AF7C2E1-7BB6-41E7-8CDB-C2DF39AFE629}.AppStore|ARM.ActiveCfg = Release|Any CPU
		{8AF7C2E1-7BB6-41E7-8CDB-C2DF39AFE629}.AppStore|ARM.Build.0 = Release|Any CPU
		{8AF7C2E1-7BB6-41E7-8CDB-C2DF39AFE629}.AppStore|ARM64.ActiveCfg = Release|Any CPU
		{8AF7C2E1-7BB6-41E7-8CDB-C2DF39AFE629}.AppStore|ARM64.Build.0 = Release|Any CPU
		{8AF7C2E1-7BB6-41E7-8CDB-C2DF39AFE629}.AppStore|iPhone.ActiveCfg = Release|Any CPU
		{8AF7C2E1-7BB6-41E7-8CDB-C2DF39AFE629}.AppStore|iPhone.Build.0 = Release|Any CPU
		{8AF7C2E1-7BB6-41E7-8CDB-C2DF39AFE629}.AppStore|iPhoneSimulator.ActiveCfg = Release|Any CPU
		{8AF7C2E1-7BB6-41E7-8CDB-C2DF39AFE629}.AppStore|iPhoneSimulator.Build.0 = Release|Any CPU
		{8AF7C2E1-7BB6-41E7-8CDB-C2DF39AFE629}.AppStore|x64.ActiveCfg = Release|Any CPU
		{8AF7C2E1-7BB6-41E7-8CDB-C2DF39AFE629}.AppStore|x64.Build.0 = Release|Any CPU
		{8AF7C2E1-7BB6-41E7-8CDB-C2DF39AFE629}.AppStore|x86.ActiveCfg = Release|Any CPU
		{8AF7C2E1-7BB6-41E7-8CDB-C2DF39AFE629}.AppStore|x86.Build.0 = Release|Any CPU
		{8AF7C2E1-7BB6-41E7-8CDB-C2DF39AFE629}.Debug|Any CPU.ActiveCfg = Debug|Any CPU
		{8AF7C2E1-7BB6-41E7-8CDB-C2DF39AFE629}.Debug|Any CPU.Build.0 = Debug|Any CPU
		{8AF7C2E1-7BB6-41E7-8CDB-C2DF39AFE629}.Debug|ARM.ActiveCfg = Debug|Any CPU
		{8AF7C2E1-7BB6-41E7-8CDB-C2DF39AFE629}.Debug|ARM.Build.0 = Debug|Any CPU
		{8AF7C2E1-7BB6-41E7-8CDB-C2DF39AFE629}.Debug|ARM64.ActiveCfg = Debug|Any CPU
		{8AF7C2E1-7BB6-41E7-8CDB-C2DF39AFE629}.Debug|ARM64.Build.0 = Debug|Any CPU
		{8AF7C2E1-7BB6-41E7-8CDB-C2DF39AFE629}.Debug|iPhone.ActiveCfg = Debug|Any CPU
		{8AF7C2E1-7BB6-41E7-8CDB-C2DF39AFE629}.Debug|iPhone.Build.0 = Debug|Any CPU
		{8AF7C2E1-7BB6-41E7-8CDB-C2DF39AFE629}.Debug|iPhoneSimulator.ActiveCfg = Debug|Any CPU
		{8AF7C2E1-7BB6-41E7-8CDB-C2DF39AFE629}.Debug|iPhoneSimulator.Build.0 = Debug|Any CPU
		{8AF7C2E1-7BB6-41E7-8CDB-C2DF39AFE629}.Debug|x64.ActiveCfg = Debug|Any CPU
		{8AF7C2E1-7BB6-41E7-8CDB-C2DF39AFE629}.Debug|x64.Build.0 = Debug|Any CPU
		{8AF7C2E1-7BB6-41E7-8CDB-C2DF39AFE629}.Debug|x86.ActiveCfg = Debug|Any CPU
		{8AF7C2E1-7BB6-41E7-8CDB-C2DF39AFE629}.Debug|x86.Build.0 = Debug|Any CPU
		{8AF7C2E1-7BB6-41E7-8CDB-C2DF39AFE629}.Release|Any CPU.ActiveCfg = Release|Any CPU
		{8AF7C2E1-7BB6-41E7-8CDB-C2DF39AFE629}.Release|Any CPU.Build.0 = Release|Any CPU
		{8AF7C2E1-7BB6-41E7-8CDB-C2DF39AFE629}.Release|ARM.ActiveCfg = Release|Any CPU
		{8AF7C2E1-7BB6-41E7-8CDB-C2DF39AFE629}.Release|ARM.Build.0 = Release|Any CPU
		{8AF7C2E1-7BB6-41E7-8CDB-C2DF39AFE629}.Release|ARM64.ActiveCfg = Release|Any CPU
		{8AF7C2E1-7BB6-41E7-8CDB-C2DF39AFE629}.Release|ARM64.Build.0 = Release|Any CPU
		{8AF7C2E1-7BB6-41E7-8CDB-C2DF39AFE629}.Release|iPhone.ActiveCfg = Release|Any CPU
		{8AF7C2E1-7BB6-41E7-8CDB-C2DF39AFE629}.Release|iPhone.Build.0 = Release|Any CPU
		{8AF7C2E1-7BB6-41E7-8CDB-C2DF39AFE629}.Release|iPhoneSimulator.ActiveCfg = Release|Any CPU
		{8AF7C2E1-7BB6-41E7-8CDB-C2DF39AFE629}.Release|iPhoneSimulator.Build.0 = Release|Any CPU
		{8AF7C2E1-7BB6-41E7-8CDB-C2DF39AFE629}.Release|x64.ActiveCfg = Release|Any CPU
		{8AF7C2E1-7BB6-41E7-8CDB-C2DF39AFE629}.Release|x64.Build.0 = Release|Any CPU
		{8AF7C2E1-7BB6-41E7-8CDB-C2DF39AFE629}.Release|x86.ActiveCfg = Release|Any CPU
		{8AF7C2E1-7BB6-41E7-8CDB-C2DF39AFE629}.Release|x86.Build.0 = Release|Any CPU
		{5A384803-72D8-47A6-AD38-1AF5EAEEF042}.Ad-Hoc|Any CPU.ActiveCfg = Release|Any CPU
		{5A384803-72D8-47A6-AD38-1AF5EAEEF042}.Ad-Hoc|Any CPU.Build.0 = Release|Any CPU
		{5A384803-72D8-47A6-AD38-1AF5EAEEF042}.Ad-Hoc|ARM.ActiveCfg = Release|Any CPU
		{5A384803-72D8-47A6-AD38-1AF5EAEEF042}.Ad-Hoc|ARM.Build.0 = Release|Any CPU
		{5A384803-72D8-47A6-AD38-1AF5EAEEF042}.Ad-Hoc|ARM64.ActiveCfg = Release|Any CPU
		{5A384803-72D8-47A6-AD38-1AF5EAEEF042}.Ad-Hoc|ARM64.Build.0 = Release|Any CPU
		{5A384803-72D8-47A6-AD38-1AF5EAEEF042}.Ad-Hoc|iPhone.ActiveCfg = Release|Any CPU
		{5A384803-72D8-47A6-AD38-1AF5EAEEF042}.Ad-Hoc|iPhone.Build.0 = Release|Any CPU
		{5A384803-72D8-47A6-AD38-1AF5EAEEF042}.Ad-Hoc|iPhoneSimulator.ActiveCfg = Release|Any CPU
		{5A384803-72D8-47A6-AD38-1AF5EAEEF042}.Ad-Hoc|iPhoneSimulator.Build.0 = Release|Any CPU
		{5A384803-72D8-47A6-AD38-1AF5EAEEF042}.Ad-Hoc|x64.ActiveCfg = Release|Any CPU
		{5A384803-72D8-47A6-AD38-1AF5EAEEF042}.Ad-Hoc|x64.Build.0 = Release|Any CPU
		{5A384803-72D8-47A6-AD38-1AF5EAEEF042}.Ad-Hoc|x86.ActiveCfg = Release|Any CPU
		{5A384803-72D8-47A6-AD38-1AF5EAEEF042}.Ad-Hoc|x86.Build.0 = Release|Any CPU
		{5A384803-72D8-47A6-AD38-1AF5EAEEF042}.AppStore|Any CPU.ActiveCfg = Release|Any CPU
		{5A384803-72D8-47A6-AD38-1AF5EAEEF042}.AppStore|Any CPU.Build.0 = Release|Any CPU
		{5A384803-72D8-47A6-AD38-1AF5EAEEF042}.AppStore|ARM.ActiveCfg = Release|Any CPU
		{5A384803-72D8-47A6-AD38-1AF5EAEEF042}.AppStore|ARM.Build.0 = Release|Any CPU
		{5A384803-72D8-47A6-AD38-1AF5EAEEF042}.AppStore|ARM64.ActiveCfg = Release|Any CPU
		{5A384803-72D8-47A6-AD38-1AF5EAEEF042}.AppStore|ARM64.Build.0 = Release|Any CPU
		{5A384803-72D8-47A6-AD38-1AF5EAEEF042}.AppStore|iPhone.ActiveCfg = Release|Any CPU
		{5A384803-72D8-47A6-AD38-1AF5EAEEF042}.AppStore|iPhone.Build.0 = Release|Any CPU
		{5A384803-72D8-47A6-AD38-1AF5EAEEF042}.AppStore|iPhoneSimulator.ActiveCfg = Release|Any CPU
		{5A384803-72D8-47A6-AD38-1AF5EAEEF042}.AppStore|iPhoneSimulator.Build.0 = Release|Any CPU
		{5A384803-72D8-47A6-AD38-1AF5EAEEF042}.AppStore|x64.ActiveCfg = Release|Any CPU
		{5A384803-72D8-47A6-AD38-1AF5EAEEF042}.AppStore|x64.Build.0 = Release|Any CPU
		{5A384803-72D8-47A6-AD38-1AF5EAEEF042}.AppStore|x86.ActiveCfg = Release|Any CPU
		{5A384803-72D8-47A6-AD38-1AF5EAEEF042}.AppStore|x86.Build.0 = Release|Any CPU
		{5A384803-72D8-47A6-AD38-1AF5EAEEF042}.Debug|Any CPU.ActiveCfg = Debug|Any CPU
		{5A384803-72D8-47A6-AD38-1AF5EAEEF042}.Debug|Any CPU.Build.0 = Debug|Any CPU
		{5A384803-72D8-47A6-AD38-1AF5EAEEF042}.Debug|ARM.ActiveCfg = Debug|Any CPU
		{5A384803-72D8-47A6-AD38-1AF5EAEEF042}.Debug|ARM.Build.0 = Debug|Any CPU
		{5A384803-72D8-47A6-AD38-1AF5EAEEF042}.Debug|ARM64.ActiveCfg = Debug|Any CPU
		{5A384803-72D8-47A6-AD38-1AF5EAEEF042}.Debug|ARM64.Build.0 = Debug|Any CPU
		{5A384803-72D8-47A6-AD38-1AF5EAEEF042}.Debug|iPhone.ActiveCfg = Debug|Any CPU
		{5A384803-72D8-47A6-AD38-1AF5EAEEF042}.Debug|iPhone.Build.0 = Debug|Any CPU
		{5A384803-72D8-47A6-AD38-1AF5EAEEF042}.Debug|iPhoneSimulator.ActiveCfg = Debug|Any CPU
		{5A384803-72D8-47A6-AD38-1AF5EAEEF042}.Debug|iPhoneSimulator.Build.0 = Debug|Any CPU
		{5A384803-72D8-47A6-AD38-1AF5EAEEF042}.Debug|x64.ActiveCfg = Debug|Any CPU
		{5A384803-72D8-47A6-AD38-1AF5EAEEF042}.Debug|x64.Build.0 = Debug|Any CPU
		{5A384803-72D8-47A6-AD38-1AF5EAEEF042}.Debug|x86.ActiveCfg = Debug|Any CPU
		{5A384803-72D8-47A6-AD38-1AF5EAEEF042}.Debug|x86.Build.0 = Debug|Any CPU
		{5A384803-72D8-47A6-AD38-1AF5EAEEF042}.Release|Any CPU.ActiveCfg = Release|Any CPU
		{5A384803-72D8-47A6-AD38-1AF5EAEEF042}.Release|Any CPU.Build.0 = Release|Any CPU
		{5A384803-72D8-47A6-AD38-1AF5EAEEF042}.Release|ARM.ActiveCfg = Release|Any CPU
		{5A384803-72D8-47A6-AD38-1AF5EAEEF042}.Release|ARM.Build.0 = Release|Any CPU
		{5A384803-72D8-47A6-AD38-1AF5EAEEF042}.Release|ARM64.ActiveCfg = Release|Any CPU
		{5A384803-72D8-47A6-AD38-1AF5EAEEF042}.Release|ARM64.Build.0 = Release|Any CPU
		{5A384803-72D8-47A6-AD38-1AF5EAEEF042}.Release|iPhone.ActiveCfg = Release|Any CPU
		{5A384803-72D8-47A6-AD38-1AF5EAEEF042}.Release|iPhone.Build.0 = Release|Any CPU
		{5A384803-72D8-47A6-AD38-1AF5EAEEF042}.Release|iPhoneSimulator.ActiveCfg = Release|Any CPU
		{5A384803-72D8-47A6-AD38-1AF5EAEEF042}.Release|iPhoneSimulator.Build.0 = Release|Any CPU
		{5A384803-72D8-47A6-AD38-1AF5EAEEF042}.Release|x64.ActiveCfg = Release|Any CPU
		{5A384803-72D8-47A6-AD38-1AF5EAEEF042}.Release|x64.Build.0 = Release|Any CPU
		{5A384803-72D8-47A6-AD38-1AF5EAEEF042}.Release|x86.ActiveCfg = Release|Any CPU
		{5A384803-72D8-47A6-AD38-1AF5EAEEF042}.Release|x86.Build.0 = Release|Any CPU
		{1BEF0557-86EE-4205-A8DF-54F1A9C10CD8}.Ad-Hoc|Any CPU.ActiveCfg = Release|Any CPU
		{1BEF0557-86EE-4205-A8DF-54F1A9C10CD8}.Ad-Hoc|Any CPU.Build.0 = Release|Any CPU
		{1BEF0557-86EE-4205-A8DF-54F1A9C10CD8}.Ad-Hoc|ARM.ActiveCfg = Release|Any CPU
		{1BEF0557-86EE-4205-A8DF-54F1A9C10CD8}.Ad-Hoc|ARM.Build.0 = Release|Any CPU
		{1BEF0557-86EE-4205-A8DF-54F1A9C10CD8}.Ad-Hoc|ARM64.ActiveCfg = Release|Any CPU
		{1BEF0557-86EE-4205-A8DF-54F1A9C10CD8}.Ad-Hoc|ARM64.Build.0 = Release|Any CPU
		{1BEF0557-86EE-4205-A8DF-54F1A9C10CD8}.Ad-Hoc|iPhone.ActiveCfg = Release|Any CPU
		{1BEF0557-86EE-4205-A8DF-54F1A9C10CD8}.Ad-Hoc|iPhone.Build.0 = Release|Any CPU
		{1BEF0557-86EE-4205-A8DF-54F1A9C10CD8}.Ad-Hoc|iPhoneSimulator.ActiveCfg = Release|Any CPU
		{1BEF0557-86EE-4205-A8DF-54F1A9C10CD8}.Ad-Hoc|iPhoneSimulator.Build.0 = Release|Any CPU
		{1BEF0557-86EE-4205-A8DF-54F1A9C10CD8}.Ad-Hoc|x64.ActiveCfg = Release|Any CPU
		{1BEF0557-86EE-4205-A8DF-54F1A9C10CD8}.Ad-Hoc|x64.Build.0 = Release|Any CPU
		{1BEF0557-86EE-4205-A8DF-54F1A9C10CD8}.Ad-Hoc|x86.ActiveCfg = Release|Any CPU
		{1BEF0557-86EE-4205-A8DF-54F1A9C10CD8}.Ad-Hoc|x86.Build.0 = Release|Any CPU
		{1BEF0557-86EE-4205-A8DF-54F1A9C10CD8}.AppStore|Any CPU.ActiveCfg = Release|Any CPU
		{1BEF0557-86EE-4205-A8DF-54F1A9C10CD8}.AppStore|Any CPU.Build.0 = Release|Any CPU
		{1BEF0557-86EE-4205-A8DF-54F1A9C10CD8}.AppStore|ARM.ActiveCfg = Release|Any CPU
		{1BEF0557-86EE-4205-A8DF-54F1A9C10CD8}.AppStore|ARM.Build.0 = Release|Any CPU
		{1BEF0557-86EE-4205-A8DF-54F1A9C10CD8}.AppStore|ARM64.ActiveCfg = Release|Any CPU
		{1BEF0557-86EE-4205-A8DF-54F1A9C10CD8}.AppStore|ARM64.Build.0 = Release|Any CPU
		{1BEF0557-86EE-4205-A8DF-54F1A9C10CD8}.AppStore|iPhone.ActiveCfg = Release|Any CPU
		{1BEF0557-86EE-4205-A8DF-54F1A9C10CD8}.AppStore|iPhone.Build.0 = Release|Any CPU
		{1BEF0557-86EE-4205-A8DF-54F1A9C10CD8}.AppStore|iPhoneSimulator.ActiveCfg = Release|Any CPU
		{1BEF0557-86EE-4205-A8DF-54F1A9C10CD8}.AppStore|iPhoneSimulator.Build.0 = Release|Any CPU
		{1BEF0557-86EE-4205-A8DF-54F1A9C10CD8}.AppStore|x64.ActiveCfg = Release|Any CPU
		{1BEF0557-86EE-4205-A8DF-54F1A9C10CD8}.AppStore|x64.Build.0 = Release|Any CPU
		{1BEF0557-86EE-4205-A8DF-54F1A9C10CD8}.AppStore|x86.ActiveCfg = Release|Any CPU
		{1BEF0557-86EE-4205-A8DF-54F1A9C10CD8}.AppStore|x86.Build.0 = Release|Any CPU
		{1BEF0557-86EE-4205-A8DF-54F1A9C10CD8}.Debug|Any CPU.ActiveCfg = Debug|Any CPU
		{1BEF0557-86EE-4205-A8DF-54F1A9C10CD8}.Debug|Any CPU.Build.0 = Debug|Any CPU
		{1BEF0557-86EE-4205-A8DF-54F1A9C10CD8}.Debug|ARM.ActiveCfg = Debug|Any CPU
		{1BEF0557-86EE-4205-A8DF-54F1A9C10CD8}.Debug|ARM.Build.0 = Debug|Any CPU
		{1BEF0557-86EE-4205-A8DF-54F1A9C10CD8}.Debug|ARM64.ActiveCfg = Debug|Any CPU
		{1BEF0557-86EE-4205-A8DF-54F1A9C10CD8}.Debug|ARM64.Build.0 = Debug|Any CPU
		{1BEF0557-86EE-4205-A8DF-54F1A9C10CD8}.Debug|iPhone.ActiveCfg = Debug|Any CPU
		{1BEF0557-86EE-4205-A8DF-54F1A9C10CD8}.Debug|iPhone.Build.0 = Debug|Any CPU
		{1BEF0557-86EE-4205-A8DF-54F1A9C10CD8}.Debug|iPhoneSimulator.ActiveCfg = Debug|Any CPU
		{1BEF0557-86EE-4205-A8DF-54F1A9C10CD8}.Debug|iPhoneSimulator.Build.0 = Debug|Any CPU
		{1BEF0557-86EE-4205-A8DF-54F1A9C10CD8}.Debug|x64.ActiveCfg = Debug|Any CPU
		{1BEF0557-86EE-4205-A8DF-54F1A9C10CD8}.Debug|x64.Build.0 = Debug|Any CPU
		{1BEF0557-86EE-4205-A8DF-54F1A9C10CD8}.Debug|x86.ActiveCfg = Debug|Any CPU
		{1BEF0557-86EE-4205-A8DF-54F1A9C10CD8}.Debug|x86.Build.0 = Debug|Any CPU
		{1BEF0557-86EE-4205-A8DF-54F1A9C10CD8}.Release|Any CPU.ActiveCfg = Release|Any CPU
		{1BEF0557-86EE-4205-A8DF-54F1A9C10CD8}.Release|Any CPU.Build.0 = Release|Any CPU
		{1BEF0557-86EE-4205-A8DF-54F1A9C10CD8}.Release|ARM.ActiveCfg = Release|Any CPU
		{1BEF0557-86EE-4205-A8DF-54F1A9C10CD8}.Release|ARM.Build.0 = Release|Any CPU
		{1BEF0557-86EE-4205-A8DF-54F1A9C10CD8}.Release|ARM64.ActiveCfg = Release|Any CPU
		{1BEF0557-86EE-4205-A8DF-54F1A9C10CD8}.Release|ARM64.Build.0 = Release|Any CPU
		{1BEF0557-86EE-4205-A8DF-54F1A9C10CD8}.Release|iPhone.ActiveCfg = Release|Any CPU
		{1BEF0557-86EE-4205-A8DF-54F1A9C10CD8}.Release|iPhone.Build.0 = Release|Any CPU
		{1BEF0557-86EE-4205-A8DF-54F1A9C10CD8}.Release|iPhoneSimulator.ActiveCfg = Release|Any CPU
		{1BEF0557-86EE-4205-A8DF-54F1A9C10CD8}.Release|iPhoneSimulator.Build.0 = Release|Any CPU
		{1BEF0557-86EE-4205-A8DF-54F1A9C10CD8}.Release|x64.ActiveCfg = Release|Any CPU
		{1BEF0557-86EE-4205-A8DF-54F1A9C10CD8}.Release|x64.Build.0 = Release|Any CPU
		{1BEF0557-86EE-4205-A8DF-54F1A9C10CD8}.Release|x86.ActiveCfg = Release|Any CPU
		{1BEF0557-86EE-4205-A8DF-54F1A9C10CD8}.Release|x86.Build.0 = Release|Any CPU
		{7B2DEE15-FE5C-406D-8901-D30C84EE6890}.Ad-Hoc|Any CPU.ActiveCfg = Release|Any CPU
		{7B2DEE15-FE5C-406D-8901-D30C84EE6890}.Ad-Hoc|Any CPU.Build.0 = Release|Any CPU
		{7B2DEE15-FE5C-406D-8901-D30C84EE6890}.Ad-Hoc|ARM.ActiveCfg = Release|Any CPU
		{7B2DEE15-FE5C-406D-8901-D30C84EE6890}.Ad-Hoc|ARM.Build.0 = Release|Any CPU
		{7B2DEE15-FE5C-406D-8901-D30C84EE6890}.Ad-Hoc|ARM64.ActiveCfg = Release|Any CPU
		{7B2DEE15-FE5C-406D-8901-D30C84EE6890}.Ad-Hoc|ARM64.Build.0 = Release|Any CPU
		{7B2DEE15-FE5C-406D-8901-D30C84EE6890}.Ad-Hoc|iPhone.ActiveCfg = Release|Any CPU
		{7B2DEE15-FE5C-406D-8901-D30C84EE6890}.Ad-Hoc|iPhone.Build.0 = Release|Any CPU
		{7B2DEE15-FE5C-406D-8901-D30C84EE6890}.Ad-Hoc|iPhoneSimulator.ActiveCfg = Release|Any CPU
		{7B2DEE15-FE5C-406D-8901-D30C84EE6890}.Ad-Hoc|iPhoneSimulator.Build.0 = Release|Any CPU
		{7B2DEE15-FE5C-406D-8901-D30C84EE6890}.Ad-Hoc|x64.ActiveCfg = Release|Any CPU
		{7B2DEE15-FE5C-406D-8901-D30C84EE6890}.Ad-Hoc|x64.Build.0 = Release|Any CPU
		{7B2DEE15-FE5C-406D-8901-D30C84EE6890}.Ad-Hoc|x86.ActiveCfg = Release|Any CPU
		{7B2DEE15-FE5C-406D-8901-D30C84EE6890}.Ad-Hoc|x86.Build.0 = Release|Any CPU
		{7B2DEE15-FE5C-406D-8901-D30C84EE6890}.AppStore|Any CPU.ActiveCfg = Release|Any CPU
		{7B2DEE15-FE5C-406D-8901-D30C84EE6890}.AppStore|Any CPU.Build.0 = Release|Any CPU
		{7B2DEE15-FE5C-406D-8901-D30C84EE6890}.AppStore|ARM.ActiveCfg = Release|Any CPU
		{7B2DEE15-FE5C-406D-8901-D30C84EE6890}.AppStore|ARM.Build.0 = Release|Any CPU
		{7B2DEE15-FE5C-406D-8901-D30C84EE6890}.AppStore|ARM64.ActiveCfg = Release|Any CPU
		{7B2DEE15-FE5C-406D-8901-D30C84EE6890}.AppStore|ARM64.Build.0 = Release|Any CPU
		{7B2DEE15-FE5C-406D-8901-D30C84EE6890}.AppStore|iPhone.ActiveCfg = Release|Any CPU
		{7B2DEE15-FE5C-406D-8901-D30C84EE6890}.AppStore|iPhone.Build.0 = Release|Any CPU
		{7B2DEE15-FE5C-406D-8901-D30C84EE6890}.AppStore|iPhoneSimulator.ActiveCfg = Release|Any CPU
		{7B2DEE15-FE5C-406D-8901-D30C84EE6890}.AppStore|iPhoneSimulator.Build.0 = Release|Any CPU
		{7B2DEE15-FE5C-406D-8901-D30C84EE6890}.AppStore|x64.ActiveCfg = Release|Any CPU
		{7B2DEE15-FE5C-406D-8901-D30C84EE6890}.AppStore|x64.Build.0 = Release|Any CPU
		{7B2DEE15-FE5C-406D-8901-D30C84EE6890}.AppStore|x86.ActiveCfg = Release|Any CPU
		{7B2DEE15-FE5C-406D-8901-D30C84EE6890}.AppStore|x86.Build.0 = Release|Any CPU
		{7B2DEE15-FE5C-406D-8901-D30C84EE6890}.Debug|Any CPU.ActiveCfg = Debug|Any CPU
		{7B2DEE15-FE5C-406D-8901-D30C84EE6890}.Debug|Any CPU.Build.0 = Debug|Any CPU
		{7B2DEE15-FE5C-406D-8901-D30C84EE6890}.Debug|ARM.ActiveCfg = Debug|Any CPU
		{7B2DEE15-FE5C-406D-8901-D30C84EE6890}.Debug|ARM.Build.0 = Debug|Any CPU
		{7B2DEE15-FE5C-406D-8901-D30C84EE6890}.Debug|ARM64.ActiveCfg = Debug|Any CPU
		{7B2DEE15-FE5C-406D-8901-D30C84EE6890}.Debug|ARM64.Build.0 = Debug|Any CPU
		{7B2DEE15-FE5C-406D-8901-D30C84EE6890}.Debug|iPhone.ActiveCfg = Debug|Any CPU
		{7B2DEE15-FE5C-406D-8901-D30C84EE6890}.Debug|iPhone.Build.0 = Debug|Any CPU
		{7B2DEE15-FE5C-406D-8901-D30C84EE6890}.Debug|iPhoneSimulator.ActiveCfg = Debug|Any CPU
		{7B2DEE15-FE5C-406D-8901-D30C84EE6890}.Debug|iPhoneSimulator.Build.0 = Debug|Any CPU
		{7B2DEE15-FE5C-406D-8901-D30C84EE6890}.Debug|x64.ActiveCfg = Debug|Any CPU
		{7B2DEE15-FE5C-406D-8901-D30C84EE6890}.Debug|x64.Build.0 = Debug|Any CPU
		{7B2DEE15-FE5C-406D-8901-D30C84EE6890}.Debug|x86.ActiveCfg = Debug|Any CPU
		{7B2DEE15-FE5C-406D-8901-D30C84EE6890}.Debug|x86.Build.0 = Debug|Any CPU
		{7B2DEE15-FE5C-406D-8901-D30C84EE6890}.Release|Any CPU.ActiveCfg = Release|Any CPU
		{7B2DEE15-FE5C-406D-8901-D30C84EE6890}.Release|Any CPU.Build.0 = Release|Any CPU
		{7B2DEE15-FE5C-406D-8901-D30C84EE6890}.Release|ARM.ActiveCfg = Release|Any CPU
		{7B2DEE15-FE5C-406D-8901-D30C84EE6890}.Release|ARM.Build.0 = Release|Any CPU
		{7B2DEE15-FE5C-406D-8901-D30C84EE6890}.Release|ARM64.ActiveCfg = Release|Any CPU
		{7B2DEE15-FE5C-406D-8901-D30C84EE6890}.Release|ARM64.Build.0 = Release|Any CPU
		{7B2DEE15-FE5C-406D-8901-D30C84EE6890}.Release|iPhone.ActiveCfg = Release|Any CPU
		{7B2DEE15-FE5C-406D-8901-D30C84EE6890}.Release|iPhone.Build.0 = Release|Any CPU
		{7B2DEE15-FE5C-406D-8901-D30C84EE6890}.Release|iPhoneSimulator.ActiveCfg = Release|Any CPU
		{7B2DEE15-FE5C-406D-8901-D30C84EE6890}.Release|iPhoneSimulator.Build.0 = Release|Any CPU
		{7B2DEE15-FE5C-406D-8901-D30C84EE6890}.Release|x64.ActiveCfg = Release|Any CPU
		{7B2DEE15-FE5C-406D-8901-D30C84EE6890}.Release|x64.Build.0 = Release|Any CPU
		{7B2DEE15-FE5C-406D-8901-D30C84EE6890}.Release|x86.ActiveCfg = Release|Any CPU
		{7B2DEE15-FE5C-406D-8901-D30C84EE6890}.Release|x86.Build.0 = Release|Any CPU
		{C3DF1519-9D05-4D28-BBF7-162E82A2BC23}.Ad-Hoc|Any CPU.ActiveCfg = Release|Any CPU
		{C3DF1519-9D05-4D28-BBF7-162E82A2BC23}.Ad-Hoc|Any CPU.Build.0 = Release|Any CPU
		{C3DF1519-9D05-4D28-BBF7-162E82A2BC23}.Ad-Hoc|ARM.ActiveCfg = Release|Any CPU
		{C3DF1519-9D05-4D28-BBF7-162E82A2BC23}.Ad-Hoc|ARM.Build.0 = Release|Any CPU
		{C3DF1519-9D05-4D28-BBF7-162E82A2BC23}.Ad-Hoc|ARM64.ActiveCfg = Release|Any CPU
		{C3DF1519-9D05-4D28-BBF7-162E82A2BC23}.Ad-Hoc|ARM64.Build.0 = Release|Any CPU
		{C3DF1519-9D05-4D28-BBF7-162E82A2BC23}.Ad-Hoc|iPhone.ActiveCfg = Release|Any CPU
		{C3DF1519-9D05-4D28-BBF7-162E82A2BC23}.Ad-Hoc|iPhone.Build.0 = Release|Any CPU
		{C3DF1519-9D05-4D28-BBF7-162E82A2BC23}.Ad-Hoc|iPhoneSimulator.ActiveCfg = Release|Any CPU
		{C3DF1519-9D05-4D28-BBF7-162E82A2BC23}.Ad-Hoc|iPhoneSimulator.Build.0 = Release|Any CPU
		{C3DF1519-9D05-4D28-BBF7-162E82A2BC23}.Ad-Hoc|x64.ActiveCfg = Release|Any CPU
		{C3DF1519-9D05-4D28-BBF7-162E82A2BC23}.Ad-Hoc|x64.Build.0 = Release|Any CPU
		{C3DF1519-9D05-4D28-BBF7-162E82A2BC23}.Ad-Hoc|x86.ActiveCfg = Release|Any CPU
		{C3DF1519-9D05-4D28-BBF7-162E82A2BC23}.Ad-Hoc|x86.Build.0 = Release|Any CPU
		{C3DF1519-9D05-4D28-BBF7-162E82A2BC23}.AppStore|Any CPU.ActiveCfg = Release|Any CPU
		{C3DF1519-9D05-4D28-BBF7-162E82A2BC23}.AppStore|Any CPU.Build.0 = Release|Any CPU
		{C3DF1519-9D05-4D28-BBF7-162E82A2BC23}.AppStore|ARM.ActiveCfg = Release|Any CPU
		{C3DF1519-9D05-4D28-BBF7-162E82A2BC23}.AppStore|ARM.Build.0 = Release|Any CPU
		{C3DF1519-9D05-4D28-BBF7-162E82A2BC23}.AppStore|ARM64.ActiveCfg = Release|Any CPU
		{C3DF1519-9D05-4D28-BBF7-162E82A2BC23}.AppStore|ARM64.Build.0 = Release|Any CPU
		{C3DF1519-9D05-4D28-BBF7-162E82A2BC23}.AppStore|iPhone.ActiveCfg = Release|Any CPU
		{C3DF1519-9D05-4D28-BBF7-162E82A2BC23}.AppStore|iPhone.Build.0 = Release|Any CPU
		{C3DF1519-9D05-4D28-BBF7-162E82A2BC23}.AppStore|iPhoneSimulator.ActiveCfg = Release|Any CPU
		{C3DF1519-9D05-4D28-BBF7-162E82A2BC23}.AppStore|iPhoneSimulator.Build.0 = Release|Any CPU
		{C3DF1519-9D05-4D28-BBF7-162E82A2BC23}.AppStore|x64.ActiveCfg = Release|Any CPU
		{C3DF1519-9D05-4D28-BBF7-162E82A2BC23}.AppStore|x64.Build.0 = Release|Any CPU
		{C3DF1519-9D05-4D28-BBF7-162E82A2BC23}.AppStore|x86.ActiveCfg = Release|Any CPU
		{C3DF1519-9D05-4D28-BBF7-162E82A2BC23}.AppStore|x86.Build.0 = Release|Any CPU
		{C3DF1519-9D05-4D28-BBF7-162E82A2BC23}.Debug|Any CPU.ActiveCfg = Debug|Any CPU
		{C3DF1519-9D05-4D28-BBF7-162E82A2BC23}.Debug|Any CPU.Build.0 = Debug|Any CPU
		{C3DF1519-9D05-4D28-BBF7-162E82A2BC23}.Debug|ARM.ActiveCfg = Debug|Any CPU
		{C3DF1519-9D05-4D28-BBF7-162E82A2BC23}.Debug|ARM.Build.0 = Debug|Any CPU
		{C3DF1519-9D05-4D28-BBF7-162E82A2BC23}.Debug|ARM64.ActiveCfg = Debug|Any CPU
		{C3DF1519-9D05-4D28-BBF7-162E82A2BC23}.Debug|ARM64.Build.0 = Debug|Any CPU
		{C3DF1519-9D05-4D28-BBF7-162E82A2BC23}.Debug|iPhone.ActiveCfg = Debug|Any CPU
		{C3DF1519-9D05-4D28-BBF7-162E82A2BC23}.Debug|iPhone.Build.0 = Debug|Any CPU
		{C3DF1519-9D05-4D28-BBF7-162E82A2BC23}.Debug|iPhoneSimulator.ActiveCfg = Debug|Any CPU
		{C3DF1519-9D05-4D28-BBF7-162E82A2BC23}.Debug|iPhoneSimulator.Build.0 = Debug|Any CPU
		{C3DF1519-9D05-4D28-BBF7-162E82A2BC23}.Debug|x64.ActiveCfg = Debug|Any CPU
		{C3DF1519-9D05-4D28-BBF7-162E82A2BC23}.Debug|x64.Build.0 = Debug|Any CPU
		{C3DF1519-9D05-4D28-BBF7-162E82A2BC23}.Debug|x86.ActiveCfg = Debug|Any CPU
		{C3DF1519-9D05-4D28-BBF7-162E82A2BC23}.Debug|x86.Build.0 = Debug|Any CPU
		{C3DF1519-9D05-4D28-BBF7-162E82A2BC23}.Release|Any CPU.ActiveCfg = Release|Any CPU
		{C3DF1519-9D05-4D28-BBF7-162E82A2BC23}.Release|Any CPU.Build.0 = Release|Any CPU
		{C3DF1519-9D05-4D28-BBF7-162E82A2BC23}.Release|ARM.ActiveCfg = Release|Any CPU
		{C3DF1519-9D05-4D28-BBF7-162E82A2BC23}.Release|ARM.Build.0 = Release|Any CPU
		{C3DF1519-9D05-4D28-BBF7-162E82A2BC23}.Release|ARM64.ActiveCfg = Release|Any CPU
		{C3DF1519-9D05-4D28-BBF7-162E82A2BC23}.Release|ARM64.Build.0 = Release|Any CPU
		{C3DF1519-9D05-4D28-BBF7-162E82A2BC23}.Release|iPhone.ActiveCfg = Release|Any CPU
		{C3DF1519-9D05-4D28-BBF7-162E82A2BC23}.Release|iPhone.Build.0 = Release|Any CPU
		{C3DF1519-9D05-4D28-BBF7-162E82A2BC23}.Release|iPhoneSimulator.ActiveCfg = Release|Any CPU
		{C3DF1519-9D05-4D28-BBF7-162E82A2BC23}.Release|iPhoneSimulator.Build.0 = Release|Any CPU
		{C3DF1519-9D05-4D28-BBF7-162E82A2BC23}.Release|x64.ActiveCfg = Release|Any CPU
		{C3DF1519-9D05-4D28-BBF7-162E82A2BC23}.Release|x64.Build.0 = Release|Any CPU
		{C3DF1519-9D05-4D28-BBF7-162E82A2BC23}.Release|x86.ActiveCfg = Release|Any CPU
		{C3DF1519-9D05-4D28-BBF7-162E82A2BC23}.Release|x86.Build.0 = Release|Any CPU
		{DEF1D0BF-63A8-4EE1-B985-97C6DE04E172}.Ad-Hoc|Any CPU.ActiveCfg = Release|Any CPU
		{DEF1D0BF-63A8-4EE1-B985-97C6DE04E172}.Ad-Hoc|Any CPU.Build.0 = Release|Any CPU
		{DEF1D0BF-63A8-4EE1-B985-97C6DE04E172}.Ad-Hoc|ARM.ActiveCfg = Release|Any CPU
		{DEF1D0BF-63A8-4EE1-B985-97C6DE04E172}.Ad-Hoc|ARM.Build.0 = Release|Any CPU
		{DEF1D0BF-63A8-4EE1-B985-97C6DE04E172}.Ad-Hoc|ARM64.ActiveCfg = Release|Any CPU
		{DEF1D0BF-63A8-4EE1-B985-97C6DE04E172}.Ad-Hoc|ARM64.Build.0 = Release|Any CPU
		{DEF1D0BF-63A8-4EE1-B985-97C6DE04E172}.Ad-Hoc|iPhone.ActiveCfg = Release|Any CPU
		{DEF1D0BF-63A8-4EE1-B985-97C6DE04E172}.Ad-Hoc|iPhone.Build.0 = Release|Any CPU
		{DEF1D0BF-63A8-4EE1-B985-97C6DE04E172}.Ad-Hoc|iPhoneSimulator.ActiveCfg = Release|Any CPU
		{DEF1D0BF-63A8-4EE1-B985-97C6DE04E172}.Ad-Hoc|iPhoneSimulator.Build.0 = Release|Any CPU
		{DEF1D0BF-63A8-4EE1-B985-97C6DE04E172}.Ad-Hoc|x64.ActiveCfg = Release|Any CPU
		{DEF1D0BF-63A8-4EE1-B985-97C6DE04E172}.Ad-Hoc|x64.Build.0 = Release|Any CPU
		{DEF1D0BF-63A8-4EE1-B985-97C6DE04E172}.Ad-Hoc|x86.ActiveCfg = Release|Any CPU
		{DEF1D0BF-63A8-4EE1-B985-97C6DE04E172}.Ad-Hoc|x86.Build.0 = Release|Any CPU
		{DEF1D0BF-63A8-4EE1-B985-97C6DE04E172}.AppStore|Any CPU.ActiveCfg = Release|Any CPU
		{DEF1D0BF-63A8-4EE1-B985-97C6DE04E172}.AppStore|Any CPU.Build.0 = Release|Any CPU
		{DEF1D0BF-63A8-4EE1-B985-97C6DE04E172}.AppStore|ARM.ActiveCfg = Release|Any CPU
		{DEF1D0BF-63A8-4EE1-B985-97C6DE04E172}.AppStore|ARM.Build.0 = Release|Any CPU
		{DEF1D0BF-63A8-4EE1-B985-97C6DE04E172}.AppStore|ARM64.ActiveCfg = Release|Any CPU
		{DEF1D0BF-63A8-4EE1-B985-97C6DE04E172}.AppStore|ARM64.Build.0 = Release|Any CPU
		{DEF1D0BF-63A8-4EE1-B985-97C6DE04E172}.AppStore|iPhone.ActiveCfg = Release|Any CPU
		{DEF1D0BF-63A8-4EE1-B985-97C6DE04E172}.AppStore|iPhone.Build.0 = Release|Any CPU
		{DEF1D0BF-63A8-4EE1-B985-97C6DE04E172}.AppStore|iPhoneSimulator.ActiveCfg = Release|Any CPU
		{DEF1D0BF-63A8-4EE1-B985-97C6DE04E172}.AppStore|iPhoneSimulator.Build.0 = Release|Any CPU
		{DEF1D0BF-63A8-4EE1-B985-97C6DE04E172}.AppStore|x64.ActiveCfg = Release|Any CPU
		{DEF1D0BF-63A8-4EE1-B985-97C6DE04E172}.AppStore|x64.Build.0 = Release|Any CPU
		{DEF1D0BF-63A8-4EE1-B985-97C6DE04E172}.AppStore|x86.ActiveCfg = Release|Any CPU
		{DEF1D0BF-63A8-4EE1-B985-97C6DE04E172}.AppStore|x86.Build.0 = Release|Any CPU
		{DEF1D0BF-63A8-4EE1-B985-97C6DE04E172}.Debug|Any CPU.ActiveCfg = Debug|Any CPU
		{DEF1D0BF-63A8-4EE1-B985-97C6DE04E172}.Debug|Any CPU.Build.0 = Debug|Any CPU
		{DEF1D0BF-63A8-4EE1-B985-97C6DE04E172}.Debug|ARM.ActiveCfg = Debug|Any CPU
		{DEF1D0BF-63A8-4EE1-B985-97C6DE04E172}.Debug|ARM.Build.0 = Debug|Any CPU
		{DEF1D0BF-63A8-4EE1-B985-97C6DE04E172}.Debug|ARM64.ActiveCfg = Debug|Any CPU
		{DEF1D0BF-63A8-4EE1-B985-97C6DE04E172}.Debug|ARM64.Build.0 = Debug|Any CPU
		{DEF1D0BF-63A8-4EE1-B985-97C6DE04E172}.Debug|iPhone.ActiveCfg = Debug|Any CPU
		{DEF1D0BF-63A8-4EE1-B985-97C6DE04E172}.Debug|iPhone.Build.0 = Debug|Any CPU
		{DEF1D0BF-63A8-4EE1-B985-97C6DE04E172}.Debug|iPhoneSimulator.ActiveCfg = Debug|Any CPU
		{DEF1D0BF-63A8-4EE1-B985-97C6DE04E172}.Debug|iPhoneSimulator.Build.0 = Debug|Any CPU
		{DEF1D0BF-63A8-4EE1-B985-97C6DE04E172}.Debug|x64.ActiveCfg = Debug|Any CPU
		{DEF1D0BF-63A8-4EE1-B985-97C6DE04E172}.Debug|x64.Build.0 = Debug|Any CPU
		{DEF1D0BF-63A8-4EE1-B985-97C6DE04E172}.Debug|x86.ActiveCfg = Debug|Any CPU
		{DEF1D0BF-63A8-4EE1-B985-97C6DE04E172}.Debug|x86.Build.0 = Debug|Any CPU
		{DEF1D0BF-63A8-4EE1-B985-97C6DE04E172}.Release|Any CPU.ActiveCfg = Release|Any CPU
		{DEF1D0BF-63A8-4EE1-B985-97C6DE04E172}.Release|Any CPU.Build.0 = Release|Any CPU
		{DEF1D0BF-63A8-4EE1-B985-97C6DE04E172}.Release|ARM.ActiveCfg = Release|Any CPU
		{DEF1D0BF-63A8-4EE1-B985-97C6DE04E172}.Release|ARM.Build.0 = Release|Any CPU
		{DEF1D0BF-63A8-4EE1-B985-97C6DE04E172}.Release|ARM64.ActiveCfg = Release|Any CPU
		{DEF1D0BF-63A8-4EE1-B985-97C6DE04E172}.Release|ARM64.Build.0 = Release|Any CPU
		{DEF1D0BF-63A8-4EE1-B985-97C6DE04E172}.Release|iPhone.ActiveCfg = Release|Any CPU
		{DEF1D0BF-63A8-4EE1-B985-97C6DE04E172}.Release|iPhone.Build.0 = Release|Any CPU
		{DEF1D0BF-63A8-4EE1-B985-97C6DE04E172}.Release|iPhoneSimulator.ActiveCfg = Release|Any CPU
		{DEF1D0BF-63A8-4EE1-B985-97C6DE04E172}.Release|iPhoneSimulator.Build.0 = Release|Any CPU
		{DEF1D0BF-63A8-4EE1-B985-97C6DE04E172}.Release|x64.ActiveCfg = Release|Any CPU
		{DEF1D0BF-63A8-4EE1-B985-97C6DE04E172}.Release|x64.Build.0 = Release|Any CPU
		{DEF1D0BF-63A8-4EE1-B985-97C6DE04E172}.Release|x86.ActiveCfg = Release|Any CPU
		{DEF1D0BF-63A8-4EE1-B985-97C6DE04E172}.Release|x86.Build.0 = Release|Any CPU
		{27743152-93EC-4C72-B737-754E52BF6205}.Ad-Hoc|Any CPU.ActiveCfg = Release|Any CPU
		{27743152-93EC-4C72-B737-754E52BF6205}.Ad-Hoc|Any CPU.Build.0 = Release|Any CPU
		{27743152-93EC-4C72-B737-754E52BF6205}.Ad-Hoc|ARM.ActiveCfg = Release|Any CPU
		{27743152-93EC-4C72-B737-754E52BF6205}.Ad-Hoc|ARM.Build.0 = Release|Any CPU
		{27743152-93EC-4C72-B737-754E52BF6205}.Ad-Hoc|ARM64.ActiveCfg = Release|Any CPU
		{27743152-93EC-4C72-B737-754E52BF6205}.Ad-Hoc|ARM64.Build.0 = Release|Any CPU
		{27743152-93EC-4C72-B737-754E52BF6205}.Ad-Hoc|iPhone.ActiveCfg = Release|Any CPU
		{27743152-93EC-4C72-B737-754E52BF6205}.Ad-Hoc|iPhone.Build.0 = Release|Any CPU
		{27743152-93EC-4C72-B737-754E52BF6205}.Ad-Hoc|iPhoneSimulator.ActiveCfg = Release|Any CPU
		{27743152-93EC-4C72-B737-754E52BF6205}.Ad-Hoc|iPhoneSimulator.Build.0 = Release|Any CPU
		{27743152-93EC-4C72-B737-754E52BF6205}.Ad-Hoc|x64.ActiveCfg = Release|Any CPU
		{27743152-93EC-4C72-B737-754E52BF6205}.Ad-Hoc|x64.Build.0 = Release|Any CPU
		{27743152-93EC-4C72-B737-754E52BF6205}.Ad-Hoc|x86.ActiveCfg = Release|Any CPU
		{27743152-93EC-4C72-B737-754E52BF6205}.Ad-Hoc|x86.Build.0 = Release|Any CPU
		{27743152-93EC-4C72-B737-754E52BF6205}.AppStore|Any CPU.ActiveCfg = Release|Any CPU
		{27743152-93EC-4C72-B737-754E52BF6205}.AppStore|Any CPU.Build.0 = Release|Any CPU
		{27743152-93EC-4C72-B737-754E52BF6205}.AppStore|ARM.ActiveCfg = Release|Any CPU
		{27743152-93EC-4C72-B737-754E52BF6205}.AppStore|ARM.Build.0 = Release|Any CPU
		{27743152-93EC-4C72-B737-754E52BF6205}.AppStore|ARM64.ActiveCfg = Release|Any CPU
		{27743152-93EC-4C72-B737-754E52BF6205}.AppStore|ARM64.Build.0 = Release|Any CPU
		{27743152-93EC-4C72-B737-754E52BF6205}.AppStore|iPhone.ActiveCfg = Release|Any CPU
		{27743152-93EC-4C72-B737-754E52BF6205}.AppStore|iPhone.Build.0 = Release|Any CPU
		{27743152-93EC-4C72-B737-754E52BF6205}.AppStore|iPhoneSimulator.ActiveCfg = Release|Any CPU
		{27743152-93EC-4C72-B737-754E52BF6205}.AppStore|iPhoneSimulator.Build.0 = Release|Any CPU
		{27743152-93EC-4C72-B737-754E52BF6205}.AppStore|x64.ActiveCfg = Release|Any CPU
		{27743152-93EC-4C72-B737-754E52BF6205}.AppStore|x64.Build.0 = Release|Any CPU
		{27743152-93EC-4C72-B737-754E52BF6205}.AppStore|x86.ActiveCfg = Release|Any CPU
		{27743152-93EC-4C72-B737-754E52BF6205}.AppStore|x86.Build.0 = Release|Any CPU
		{27743152-93EC-4C72-B737-754E52BF6205}.Debug|Any CPU.ActiveCfg = Debug|Any CPU
		{27743152-93EC-4C72-B737-754E52BF6205}.Debug|Any CPU.Build.0 = Debug|Any CPU
		{27743152-93EC-4C72-B737-754E52BF6205}.Debug|ARM.ActiveCfg = Debug|Any CPU
		{27743152-93EC-4C72-B737-754E52BF6205}.Debug|ARM.Build.0 = Debug|Any CPU
		{27743152-93EC-4C72-B737-754E52BF6205}.Debug|ARM64.ActiveCfg = Debug|Any CPU
		{27743152-93EC-4C72-B737-754E52BF6205}.Debug|ARM64.Build.0 = Debug|Any CPU
		{27743152-93EC-4C72-B737-754E52BF6205}.Debug|iPhone.ActiveCfg = Debug|Any CPU
		{27743152-93EC-4C72-B737-754E52BF6205}.Debug|iPhone.Build.0 = Debug|Any CPU
		{27743152-93EC-4C72-B737-754E52BF6205}.Debug|iPhoneSimulator.ActiveCfg = Debug|Any CPU
		{27743152-93EC-4C72-B737-754E52BF6205}.Debug|iPhoneSimulator.Build.0 = Debug|Any CPU
		{27743152-93EC-4C72-B737-754E52BF6205}.Debug|x64.ActiveCfg = Debug|Any CPU
		{27743152-93EC-4C72-B737-754E52BF6205}.Debug|x64.Build.0 = Debug|Any CPU
		{27743152-93EC-4C72-B737-754E52BF6205}.Debug|x86.ActiveCfg = Debug|Any CPU
		{27743152-93EC-4C72-B737-754E52BF6205}.Debug|x86.Build.0 = Debug|Any CPU
		{27743152-93EC-4C72-B737-754E52BF6205}.Release|Any CPU.ActiveCfg = Release|Any CPU
		{27743152-93EC-4C72-B737-754E52BF6205}.Release|Any CPU.Build.0 = Release|Any CPU
		{27743152-93EC-4C72-B737-754E52BF6205}.Release|ARM.ActiveCfg = Release|Any CPU
		{27743152-93EC-4C72-B737-754E52BF6205}.Release|ARM.Build.0 = Release|Any CPU
		{27743152-93EC-4C72-B737-754E52BF6205}.Release|ARM64.ActiveCfg = Release|Any CPU
		{27743152-93EC-4C72-B737-754E52BF6205}.Release|ARM64.Build.0 = Release|Any CPU
		{27743152-93EC-4C72-B737-754E52BF6205}.Release|iPhone.ActiveCfg = Release|Any CPU
		{27743152-93EC-4C72-B737-754E52BF6205}.Release|iPhone.Build.0 = Release|Any CPU
		{27743152-93EC-4C72-B737-754E52BF6205}.Release|iPhoneSimulator.ActiveCfg = Release|Any CPU
		{27743152-93EC-4C72-B737-754E52BF6205}.Release|iPhoneSimulator.Build.0 = Release|Any CPU
		{27743152-93EC-4C72-B737-754E52BF6205}.Release|x64.ActiveCfg = Release|Any CPU
		{27743152-93EC-4C72-B737-754E52BF6205}.Release|x64.Build.0 = Release|Any CPU
		{27743152-93EC-4C72-B737-754E52BF6205}.Release|x86.ActiveCfg = Release|Any CPU
		{27743152-93EC-4C72-B737-754E52BF6205}.Release|x86.Build.0 = Release|Any CPU
		{DDD1A351-F31C-459E-BE13-6C69132DA4C5}.Ad-Hoc|Any CPU.ActiveCfg = Release|Any CPU
		{DDD1A351-F31C-459E-BE13-6C69132DA4C5}.Ad-Hoc|Any CPU.Build.0 = Release|Any CPU
		{DDD1A351-F31C-459E-BE13-6C69132DA4C5}.Ad-Hoc|ARM.ActiveCfg = Release|Any CPU
		{DDD1A351-F31C-459E-BE13-6C69132DA4C5}.Ad-Hoc|ARM.Build.0 = Release|Any CPU
		{DDD1A351-F31C-459E-BE13-6C69132DA4C5}.Ad-Hoc|ARM64.ActiveCfg = Release|Any CPU
		{DDD1A351-F31C-459E-BE13-6C69132DA4C5}.Ad-Hoc|ARM64.Build.0 = Release|Any CPU
		{DDD1A351-F31C-459E-BE13-6C69132DA4C5}.Ad-Hoc|iPhone.ActiveCfg = Release|Any CPU
		{DDD1A351-F31C-459E-BE13-6C69132DA4C5}.Ad-Hoc|iPhone.Build.0 = Release|Any CPU
		{DDD1A351-F31C-459E-BE13-6C69132DA4C5}.Ad-Hoc|iPhoneSimulator.ActiveCfg = Release|Any CPU
		{DDD1A351-F31C-459E-BE13-6C69132DA4C5}.Ad-Hoc|iPhoneSimulator.Build.0 = Release|Any CPU
		{DDD1A351-F31C-459E-BE13-6C69132DA4C5}.Ad-Hoc|x64.ActiveCfg = Release|Any CPU
		{DDD1A351-F31C-459E-BE13-6C69132DA4C5}.Ad-Hoc|x64.Build.0 = Release|Any CPU
		{DDD1A351-F31C-459E-BE13-6C69132DA4C5}.Ad-Hoc|x86.ActiveCfg = Release|Any CPU
		{DDD1A351-F31C-459E-BE13-6C69132DA4C5}.Ad-Hoc|x86.Build.0 = Release|Any CPU
		{DDD1A351-F31C-459E-BE13-6C69132DA4C5}.AppStore|Any CPU.ActiveCfg = Release|Any CPU
		{DDD1A351-F31C-459E-BE13-6C69132DA4C5}.AppStore|Any CPU.Build.0 = Release|Any CPU
		{DDD1A351-F31C-459E-BE13-6C69132DA4C5}.AppStore|ARM.ActiveCfg = Release|Any CPU
		{DDD1A351-F31C-459E-BE13-6C69132DA4C5}.AppStore|ARM.Build.0 = Release|Any CPU
		{DDD1A351-F31C-459E-BE13-6C69132DA4C5}.AppStore|ARM64.ActiveCfg = Release|Any CPU
		{DDD1A351-F31C-459E-BE13-6C69132DA4C5}.AppStore|ARM64.Build.0 = Release|Any CPU
		{DDD1A351-F31C-459E-BE13-6C69132DA4C5}.AppStore|iPhone.ActiveCfg = Release|Any CPU
		{DDD1A351-F31C-459E-BE13-6C69132DA4C5}.AppStore|iPhone.Build.0 = Release|Any CPU
		{DDD1A351-F31C-459E-BE13-6C69132DA4C5}.AppStore|iPhoneSimulator.ActiveCfg = Release|Any CPU
		{DDD1A351-F31C-459E-BE13-6C69132DA4C5}.AppStore|iPhoneSimulator.Build.0 = Release|Any CPU
		{DDD1A351-F31C-459E-BE13-6C69132DA4C5}.AppStore|x64.ActiveCfg = Release|Any CPU
		{DDD1A351-F31C-459E-BE13-6C69132DA4C5}.AppStore|x64.Build.0 = Release|Any CPU
		{DDD1A351-F31C-459E-BE13-6C69132DA4C5}.AppStore|x86.ActiveCfg = Release|Any CPU
		{DDD1A351-F31C-459E-BE13-6C69132DA4C5}.AppStore|x86.Build.0 = Release|Any CPU
		{DDD1A351-F31C-459E-BE13-6C69132DA4C5}.Debug|Any CPU.ActiveCfg = Debug|Any CPU
		{DDD1A351-F31C-459E-BE13-6C69132DA4C5}.Debug|Any CPU.Build.0 = Debug|Any CPU
		{DDD1A351-F31C-459E-BE13-6C69132DA4C5}.Debug|ARM.ActiveCfg = Debug|Any CPU
		{DDD1A351-F31C-459E-BE13-6C69132DA4C5}.Debug|ARM.Build.0 = Debug|Any CPU
		{DDD1A351-F31C-459E-BE13-6C69132DA4C5}.Debug|ARM64.ActiveCfg = Debug|Any CPU
		{DDD1A351-F31C-459E-BE13-6C69132DA4C5}.Debug|ARM64.Build.0 = Debug|Any CPU
		{DDD1A351-F31C-459E-BE13-6C69132DA4C5}.Debug|iPhone.ActiveCfg = Debug|Any CPU
		{DDD1A351-F31C-459E-BE13-6C69132DA4C5}.Debug|iPhone.Build.0 = Debug|Any CPU
		{DDD1A351-F31C-459E-BE13-6C69132DA4C5}.Debug|iPhoneSimulator.ActiveCfg = Debug|Any CPU
		{DDD1A351-F31C-459E-BE13-6C69132DA4C5}.Debug|iPhoneSimulator.Build.0 = Debug|Any CPU
		{DDD1A351-F31C-459E-BE13-6C69132DA4C5}.Debug|x64.ActiveCfg = Debug|Any CPU
		{DDD1A351-F31C-459E-BE13-6C69132DA4C5}.Debug|x64.Build.0 = Debug|Any CPU
		{DDD1A351-F31C-459E-BE13-6C69132DA4C5}.Debug|x86.ActiveCfg = Debug|Any CPU
		{DDD1A351-F31C-459E-BE13-6C69132DA4C5}.Debug|x86.Build.0 = Debug|Any CPU
		{DDD1A351-F31C-459E-BE13-6C69132DA4C5}.Release|Any CPU.ActiveCfg = Release|Any CPU
		{DDD1A351-F31C-459E-BE13-6C69132DA4C5}.Release|Any CPU.Build.0 = Release|Any CPU
		{DDD1A351-F31C-459E-BE13-6C69132DA4C5}.Release|ARM.ActiveCfg = Release|Any CPU
		{DDD1A351-F31C-459E-BE13-6C69132DA4C5}.Release|ARM.Build.0 = Release|Any CPU
		{DDD1A351-F31C-459E-BE13-6C69132DA4C5}.Release|ARM64.ActiveCfg = Release|Any CPU
		{DDD1A351-F31C-459E-BE13-6C69132DA4C5}.Release|ARM64.Build.0 = Release|Any CPU
		{DDD1A351-F31C-459E-BE13-6C69132DA4C5}.Release|iPhone.ActiveCfg = Release|Any CPU
		{DDD1A351-F31C-459E-BE13-6C69132DA4C5}.Release|iPhone.Build.0 = Release|Any CPU
		{DDD1A351-F31C-459E-BE13-6C69132DA4C5}.Release|iPhoneSimulator.ActiveCfg = Release|Any CPU
		{DDD1A351-F31C-459E-BE13-6C69132DA4C5}.Release|iPhoneSimulator.Build.0 = Release|Any CPU
		{DDD1A351-F31C-459E-BE13-6C69132DA4C5}.Release|x64.ActiveCfg = Release|Any CPU
		{DDD1A351-F31C-459E-BE13-6C69132DA4C5}.Release|x64.Build.0 = Release|Any CPU
		{DDD1A351-F31C-459E-BE13-6C69132DA4C5}.Release|x86.ActiveCfg = Release|Any CPU
		{DDD1A351-F31C-459E-BE13-6C69132DA4C5}.Release|x86.Build.0 = Release|Any CPU
		{76B3D6D9-188F-4BE9-A7C1-42CD6542CE7F}.Ad-Hoc|Any CPU.ActiveCfg = Release|Any CPU
		{76B3D6D9-188F-4BE9-A7C1-42CD6542CE7F}.Ad-Hoc|Any CPU.Build.0 = Release|Any CPU
		{76B3D6D9-188F-4BE9-A7C1-42CD6542CE7F}.Ad-Hoc|ARM.ActiveCfg = Release|Any CPU
		{76B3D6D9-188F-4BE9-A7C1-42CD6542CE7F}.Ad-Hoc|ARM.Build.0 = Release|Any CPU
		{76B3D6D9-188F-4BE9-A7C1-42CD6542CE7F}.Ad-Hoc|ARM64.ActiveCfg = Release|Any CPU
		{76B3D6D9-188F-4BE9-A7C1-42CD6542CE7F}.Ad-Hoc|ARM64.Build.0 = Release|Any CPU
		{76B3D6D9-188F-4BE9-A7C1-42CD6542CE7F}.Ad-Hoc|iPhone.ActiveCfg = Release|Any CPU
		{76B3D6D9-188F-4BE9-A7C1-42CD6542CE7F}.Ad-Hoc|iPhone.Build.0 = Release|Any CPU
		{76B3D6D9-188F-4BE9-A7C1-42CD6542CE7F}.Ad-Hoc|iPhoneSimulator.ActiveCfg = Release|Any CPU
		{76B3D6D9-188F-4BE9-A7C1-42CD6542CE7F}.Ad-Hoc|iPhoneSimulator.Build.0 = Release|Any CPU
		{76B3D6D9-188F-4BE9-A7C1-42CD6542CE7F}.Ad-Hoc|x64.ActiveCfg = Release|Any CPU
		{76B3D6D9-188F-4BE9-A7C1-42CD6542CE7F}.Ad-Hoc|x64.Build.0 = Release|Any CPU
		{76B3D6D9-188F-4BE9-A7C1-42CD6542CE7F}.Ad-Hoc|x86.ActiveCfg = Release|Any CPU
		{76B3D6D9-188F-4BE9-A7C1-42CD6542CE7F}.Ad-Hoc|x86.Build.0 = Release|Any CPU
		{76B3D6D9-188F-4BE9-A7C1-42CD6542CE7F}.AppStore|Any CPU.ActiveCfg = Release|Any CPU
		{76B3D6D9-188F-4BE9-A7C1-42CD6542CE7F}.AppStore|Any CPU.Build.0 = Release|Any CPU
		{76B3D6D9-188F-4BE9-A7C1-42CD6542CE7F}.AppStore|ARM.ActiveCfg = Release|Any CPU
		{76B3D6D9-188F-4BE9-A7C1-42CD6542CE7F}.AppStore|ARM.Build.0 = Release|Any CPU
		{76B3D6D9-188F-4BE9-A7C1-42CD6542CE7F}.AppStore|ARM64.ActiveCfg = Release|Any CPU
		{76B3D6D9-188F-4BE9-A7C1-42CD6542CE7F}.AppStore|ARM64.Build.0 = Release|Any CPU
		{76B3D6D9-188F-4BE9-A7C1-42CD6542CE7F}.AppStore|iPhone.ActiveCfg = Release|Any CPU
		{76B3D6D9-188F-4BE9-A7C1-42CD6542CE7F}.AppStore|iPhone.Build.0 = Release|Any CPU
		{76B3D6D9-188F-4BE9-A7C1-42CD6542CE7F}.AppStore|iPhoneSimulator.ActiveCfg = Release|Any CPU
		{76B3D6D9-188F-4BE9-A7C1-42CD6542CE7F}.AppStore|iPhoneSimulator.Build.0 = Release|Any CPU
		{76B3D6D9-188F-4BE9-A7C1-42CD6542CE7F}.AppStore|x64.ActiveCfg = Release|Any CPU
		{76B3D6D9-188F-4BE9-A7C1-42CD6542CE7F}.AppStore|x64.Build.0 = Release|Any CPU
		{76B3D6D9-188F-4BE9-A7C1-42CD6542CE7F}.AppStore|x86.ActiveCfg = Release|Any CPU
		{76B3D6D9-188F-4BE9-A7C1-42CD6542CE7F}.AppStore|x86.Build.0 = Release|Any CPU
		{76B3D6D9-188F-4BE9-A7C1-42CD6542CE7F}.Debug|Any CPU.ActiveCfg = Debug|Any CPU
		{76B3D6D9-188F-4BE9-A7C1-42CD6542CE7F}.Debug|Any CPU.Build.0 = Debug|Any CPU
		{76B3D6D9-188F-4BE9-A7C1-42CD6542CE7F}.Debug|ARM.ActiveCfg = Debug|Any CPU
		{76B3D6D9-188F-4BE9-A7C1-42CD6542CE7F}.Debug|ARM.Build.0 = Debug|Any CPU
		{76B3D6D9-188F-4BE9-A7C1-42CD6542CE7F}.Debug|ARM64.ActiveCfg = Debug|Any CPU
		{76B3D6D9-188F-4BE9-A7C1-42CD6542CE7F}.Debug|ARM64.Build.0 = Debug|Any CPU
		{76B3D6D9-188F-4BE9-A7C1-42CD6542CE7F}.Debug|iPhone.ActiveCfg = Debug|Any CPU
		{76B3D6D9-188F-4BE9-A7C1-42CD6542CE7F}.Debug|iPhone.Build.0 = Debug|Any CPU
		{76B3D6D9-188F-4BE9-A7C1-42CD6542CE7F}.Debug|iPhoneSimulator.ActiveCfg = Debug|Any CPU
		{76B3D6D9-188F-4BE9-A7C1-42CD6542CE7F}.Debug|iPhoneSimulator.Build.0 = Debug|Any CPU
		{76B3D6D9-188F-4BE9-A7C1-42CD6542CE7F}.Debug|x64.ActiveCfg = Debug|Any CPU
		{76B3D6D9-188F-4BE9-A7C1-42CD6542CE7F}.Debug|x64.Build.0 = Debug|Any CPU
		{76B3D6D9-188F-4BE9-A7C1-42CD6542CE7F}.Debug|x86.ActiveCfg = Debug|Any CPU
		{76B3D6D9-188F-4BE9-A7C1-42CD6542CE7F}.Debug|x86.Build.0 = Debug|Any CPU
		{76B3D6D9-188F-4BE9-A7C1-42CD6542CE7F}.Release|Any CPU.ActiveCfg = Release|Any CPU
		{76B3D6D9-188F-4BE9-A7C1-42CD6542CE7F}.Release|Any CPU.Build.0 = Release|Any CPU
		{76B3D6D9-188F-4BE9-A7C1-42CD6542CE7F}.Release|ARM.ActiveCfg = Release|Any CPU
		{76B3D6D9-188F-4BE9-A7C1-42CD6542CE7F}.Release|ARM.Build.0 = Release|Any CPU
		{76B3D6D9-188F-4BE9-A7C1-42CD6542CE7F}.Release|ARM64.ActiveCfg = Release|Any CPU
		{76B3D6D9-188F-4BE9-A7C1-42CD6542CE7F}.Release|ARM64.Build.0 = Release|Any CPU
		{76B3D6D9-188F-4BE9-A7C1-42CD6542CE7F}.Release|iPhone.ActiveCfg = Release|Any CPU
		{76B3D6D9-188F-4BE9-A7C1-42CD6542CE7F}.Release|iPhone.Build.0 = Release|Any CPU
		{76B3D6D9-188F-4BE9-A7C1-42CD6542CE7F}.Release|iPhoneSimulator.ActiveCfg = Release|Any CPU
		{76B3D6D9-188F-4BE9-A7C1-42CD6542CE7F}.Release|iPhoneSimulator.Build.0 = Release|Any CPU
		{76B3D6D9-188F-4BE9-A7C1-42CD6542CE7F}.Release|x64.ActiveCfg = Release|Any CPU
		{76B3D6D9-188F-4BE9-A7C1-42CD6542CE7F}.Release|x64.Build.0 = Release|Any CPU
		{76B3D6D9-188F-4BE9-A7C1-42CD6542CE7F}.Release|x86.ActiveCfg = Release|Any CPU
		{76B3D6D9-188F-4BE9-A7C1-42CD6542CE7F}.Release|x86.Build.0 = Release|Any CPU
		{C25A3685-FCEE-41DD-B161-DEBBEA2DD07A}.Ad-Hoc|Any CPU.ActiveCfg = Release|Any CPU
		{C25A3685-FCEE-41DD-B161-DEBBEA2DD07A}.Ad-Hoc|Any CPU.Build.0 = Release|Any CPU
		{C25A3685-FCEE-41DD-B161-DEBBEA2DD07A}.Ad-Hoc|ARM.ActiveCfg = Release|Any CPU
		{C25A3685-FCEE-41DD-B161-DEBBEA2DD07A}.Ad-Hoc|ARM.Build.0 = Release|Any CPU
		{C25A3685-FCEE-41DD-B161-DEBBEA2DD07A}.Ad-Hoc|ARM64.ActiveCfg = Release|Any CPU
		{C25A3685-FCEE-41DD-B161-DEBBEA2DD07A}.Ad-Hoc|ARM64.Build.0 = Release|Any CPU
		{C25A3685-FCEE-41DD-B161-DEBBEA2DD07A}.Ad-Hoc|iPhone.ActiveCfg = Release|Any CPU
		{C25A3685-FCEE-41DD-B161-DEBBEA2DD07A}.Ad-Hoc|iPhone.Build.0 = Release|Any CPU
		{C25A3685-FCEE-41DD-B161-DEBBEA2DD07A}.Ad-Hoc|iPhoneSimulator.ActiveCfg = Release|Any CPU
		{C25A3685-FCEE-41DD-B161-DEBBEA2DD07A}.Ad-Hoc|iPhoneSimulator.Build.0 = Release|Any CPU
		{C25A3685-FCEE-41DD-B161-DEBBEA2DD07A}.Ad-Hoc|x64.ActiveCfg = Release|Any CPU
		{C25A3685-FCEE-41DD-B161-DEBBEA2DD07A}.Ad-Hoc|x64.Build.0 = Release|Any CPU
		{C25A3685-FCEE-41DD-B161-DEBBEA2DD07A}.Ad-Hoc|x86.ActiveCfg = Release|Any CPU
		{C25A3685-FCEE-41DD-B161-DEBBEA2DD07A}.Ad-Hoc|x86.Build.0 = Release|Any CPU
		{C25A3685-FCEE-41DD-B161-DEBBEA2DD07A}.AppStore|Any CPU.ActiveCfg = Release|Any CPU
		{C25A3685-FCEE-41DD-B161-DEBBEA2DD07A}.AppStore|Any CPU.Build.0 = Release|Any CPU
		{C25A3685-FCEE-41DD-B161-DEBBEA2DD07A}.AppStore|ARM.ActiveCfg = Release|Any CPU
		{C25A3685-FCEE-41DD-B161-DEBBEA2DD07A}.AppStore|ARM.Build.0 = Release|Any CPU
		{C25A3685-FCEE-41DD-B161-DEBBEA2DD07A}.AppStore|ARM64.ActiveCfg = Release|Any CPU
		{C25A3685-FCEE-41DD-B161-DEBBEA2DD07A}.AppStore|ARM64.Build.0 = Release|Any CPU
		{C25A3685-FCEE-41DD-B161-DEBBEA2DD07A}.AppStore|iPhone.ActiveCfg = Release|Any CPU
		{C25A3685-FCEE-41DD-B161-DEBBEA2DD07A}.AppStore|iPhone.Build.0 = Release|Any CPU
		{C25A3685-FCEE-41DD-B161-DEBBEA2DD07A}.AppStore|iPhoneSimulator.ActiveCfg = Release|Any CPU
		{C25A3685-FCEE-41DD-B161-DEBBEA2DD07A}.AppStore|iPhoneSimulator.Build.0 = Release|Any CPU
		{C25A3685-FCEE-41DD-B161-DEBBEA2DD07A}.AppStore|x64.ActiveCfg = Release|Any CPU
		{C25A3685-FCEE-41DD-B161-DEBBEA2DD07A}.AppStore|x64.Build.0 = Release|Any CPU
		{C25A3685-FCEE-41DD-B161-DEBBEA2DD07A}.AppStore|x86.ActiveCfg = Release|Any CPU
		{C25A3685-FCEE-41DD-B161-DEBBEA2DD07A}.AppStore|x86.Build.0 = Release|Any CPU
		{C25A3685-FCEE-41DD-B161-DEBBEA2DD07A}.Debug|Any CPU.ActiveCfg = Debug|Any CPU
		{C25A3685-FCEE-41DD-B161-DEBBEA2DD07A}.Debug|Any CPU.Build.0 = Debug|Any CPU
		{C25A3685-FCEE-41DD-B161-DEBBEA2DD07A}.Debug|ARM.ActiveCfg = Debug|Any CPU
		{C25A3685-FCEE-41DD-B161-DEBBEA2DD07A}.Debug|ARM.Build.0 = Debug|Any CPU
		{C25A3685-FCEE-41DD-B161-DEBBEA2DD07A}.Debug|ARM64.ActiveCfg = Debug|Any CPU
		{C25A3685-FCEE-41DD-B161-DEBBEA2DD07A}.Debug|ARM64.Build.0 = Debug|Any CPU
		{C25A3685-FCEE-41DD-B161-DEBBEA2DD07A}.Debug|iPhone.ActiveCfg = Debug|Any CPU
		{C25A3685-FCEE-41DD-B161-DEBBEA2DD07A}.Debug|iPhone.Build.0 = Debug|Any CPU
		{C25A3685-FCEE-41DD-B161-DEBBEA2DD07A}.Debug|iPhoneSimulator.ActiveCfg = Debug|Any CPU
		{C25A3685-FCEE-41DD-B161-DEBBEA2DD07A}.Debug|iPhoneSimulator.Build.0 = Debug|Any CPU
		{C25A3685-FCEE-41DD-B161-DEBBEA2DD07A}.Debug|x64.ActiveCfg = Debug|Any CPU
		{C25A3685-FCEE-41DD-B161-DEBBEA2DD07A}.Debug|x64.Build.0 = Debug|Any CPU
		{C25A3685-FCEE-41DD-B161-DEBBEA2DD07A}.Debug|x86.ActiveCfg = Debug|Any CPU
		{C25A3685-FCEE-41DD-B161-DEBBEA2DD07A}.Debug|x86.Build.0 = Debug|Any CPU
		{C25A3685-FCEE-41DD-B161-DEBBEA2DD07A}.Release|Any CPU.ActiveCfg = Release|Any CPU
		{C25A3685-FCEE-41DD-B161-DEBBEA2DD07A}.Release|Any CPU.Build.0 = Release|Any CPU
		{C25A3685-FCEE-41DD-B161-DEBBEA2DD07A}.Release|ARM.ActiveCfg = Release|Any CPU
		{C25A3685-FCEE-41DD-B161-DEBBEA2DD07A}.Release|ARM.Build.0 = Release|Any CPU
		{C25A3685-FCEE-41DD-B161-DEBBEA2DD07A}.Release|ARM64.ActiveCfg = Release|Any CPU
		{C25A3685-FCEE-41DD-B161-DEBBEA2DD07A}.Release|ARM64.Build.0 = Release|Any CPU
		{C25A3685-FCEE-41DD-B161-DEBBEA2DD07A}.Release|iPhone.ActiveCfg = Release|Any CPU
		{C25A3685-FCEE-41DD-B161-DEBBEA2DD07A}.Release|iPhone.Build.0 = Release|Any CPU
		{C25A3685-FCEE-41DD-B161-DEBBEA2DD07A}.Release|iPhoneSimulator.ActiveCfg = Release|Any CPU
		{C25A3685-FCEE-41DD-B161-DEBBEA2DD07A}.Release|iPhoneSimulator.Build.0 = Release|Any CPU
		{C25A3685-FCEE-41DD-B161-DEBBEA2DD07A}.Release|x64.ActiveCfg = Release|Any CPU
		{C25A3685-FCEE-41DD-B161-DEBBEA2DD07A}.Release|x64.Build.0 = Release|Any CPU
		{C25A3685-FCEE-41DD-B161-DEBBEA2DD07A}.Release|x86.ActiveCfg = Release|Any CPU
		{C25A3685-FCEE-41DD-B161-DEBBEA2DD07A}.Release|x86.Build.0 = Release|Any CPU
		{A2B66BC0-336B-4B9D-AB77-B4904B2AC460}.Ad-Hoc|Any CPU.ActiveCfg = Debug|Any CPU
		{A2B66BC0-336B-4B9D-AB77-B4904B2AC460}.Ad-Hoc|Any CPU.Build.0 = Debug|Any CPU
		{A2B66BC0-336B-4B9D-AB77-B4904B2AC460}.Ad-Hoc|Any CPU.Deploy.0 = Debug|Any CPU
		{A2B66BC0-336B-4B9D-AB77-B4904B2AC460}.Ad-Hoc|ARM.ActiveCfg = Debug|Any CPU
		{A2B66BC0-336B-4B9D-AB77-B4904B2AC460}.Ad-Hoc|ARM.Build.0 = Debug|Any CPU
		{A2B66BC0-336B-4B9D-AB77-B4904B2AC460}.Ad-Hoc|ARM.Deploy.0 = Debug|Any CPU
		{A2B66BC0-336B-4B9D-AB77-B4904B2AC460}.Ad-Hoc|ARM64.ActiveCfg = Debug|Any CPU
		{A2B66BC0-336B-4B9D-AB77-B4904B2AC460}.Ad-Hoc|ARM64.Build.0 = Debug|Any CPU
		{A2B66BC0-336B-4B9D-AB77-B4904B2AC460}.Ad-Hoc|ARM64.Deploy.0 = Debug|Any CPU
		{A2B66BC0-336B-4B9D-AB77-B4904B2AC460}.Ad-Hoc|iPhone.ActiveCfg = Debug|Any CPU
		{A2B66BC0-336B-4B9D-AB77-B4904B2AC460}.Ad-Hoc|iPhone.Build.0 = Debug|Any CPU
		{A2B66BC0-336B-4B9D-AB77-B4904B2AC460}.Ad-Hoc|iPhone.Deploy.0 = Debug|Any CPU
		{A2B66BC0-336B-4B9D-AB77-B4904B2AC460}.Ad-Hoc|iPhoneSimulator.ActiveCfg = Debug|Any CPU
		{A2B66BC0-336B-4B9D-AB77-B4904B2AC460}.Ad-Hoc|iPhoneSimulator.Build.0 = Debug|Any CPU
		{A2B66BC0-336B-4B9D-AB77-B4904B2AC460}.Ad-Hoc|iPhoneSimulator.Deploy.0 = Debug|Any CPU
		{A2B66BC0-336B-4B9D-AB77-B4904B2AC460}.Ad-Hoc|x64.ActiveCfg = Debug|Any CPU
		{A2B66BC0-336B-4B9D-AB77-B4904B2AC460}.Ad-Hoc|x64.Build.0 = Debug|Any CPU
		{A2B66BC0-336B-4B9D-AB77-B4904B2AC460}.Ad-Hoc|x64.Deploy.0 = Debug|Any CPU
		{A2B66BC0-336B-4B9D-AB77-B4904B2AC460}.Ad-Hoc|x86.ActiveCfg = Debug|Any CPU
		{A2B66BC0-336B-4B9D-AB77-B4904B2AC460}.Ad-Hoc|x86.Build.0 = Debug|Any CPU
		{A2B66BC0-336B-4B9D-AB77-B4904B2AC460}.Ad-Hoc|x86.Deploy.0 = Debug|Any CPU
		{A2B66BC0-336B-4B9D-AB77-B4904B2AC460}.AppStore|Any CPU.ActiveCfg = Debug|Any CPU
		{A2B66BC0-336B-4B9D-AB77-B4904B2AC460}.AppStore|Any CPU.Build.0 = Debug|Any CPU
		{A2B66BC0-336B-4B9D-AB77-B4904B2AC460}.AppStore|Any CPU.Deploy.0 = Debug|Any CPU
		{A2B66BC0-336B-4B9D-AB77-B4904B2AC460}.AppStore|ARM.ActiveCfg = Debug|Any CPU
		{A2B66BC0-336B-4B9D-AB77-B4904B2AC460}.AppStore|ARM.Build.0 = Debug|Any CPU
		{A2B66BC0-336B-4B9D-AB77-B4904B2AC460}.AppStore|ARM.Deploy.0 = Debug|Any CPU
		{A2B66BC0-336B-4B9D-AB77-B4904B2AC460}.AppStore|ARM64.ActiveCfg = Debug|Any CPU
		{A2B66BC0-336B-4B9D-AB77-B4904B2AC460}.AppStore|ARM64.Build.0 = Debug|Any CPU
		{A2B66BC0-336B-4B9D-AB77-B4904B2AC460}.AppStore|ARM64.Deploy.0 = Debug|Any CPU
		{A2B66BC0-336B-4B9D-AB77-B4904B2AC460}.AppStore|iPhone.ActiveCfg = Debug|Any CPU
		{A2B66BC0-336B-4B9D-AB77-B4904B2AC460}.AppStore|iPhone.Build.0 = Debug|Any CPU
		{A2B66BC0-336B-4B9D-AB77-B4904B2AC460}.AppStore|iPhone.Deploy.0 = Debug|Any CPU
		{A2B66BC0-336B-4B9D-AB77-B4904B2AC460}.AppStore|iPhoneSimulator.ActiveCfg = Debug|Any CPU
		{A2B66BC0-336B-4B9D-AB77-B4904B2AC460}.AppStore|iPhoneSimulator.Build.0 = Debug|Any CPU
		{A2B66BC0-336B-4B9D-AB77-B4904B2AC460}.AppStore|iPhoneSimulator.Deploy.0 = Debug|Any CPU
		{A2B66BC0-336B-4B9D-AB77-B4904B2AC460}.AppStore|x64.ActiveCfg = Debug|Any CPU
		{A2B66BC0-336B-4B9D-AB77-B4904B2AC460}.AppStore|x64.Build.0 = Debug|Any CPU
		{A2B66BC0-336B-4B9D-AB77-B4904B2AC460}.AppStore|x64.Deploy.0 = Debug|Any CPU
		{A2B66BC0-336B-4B9D-AB77-B4904B2AC460}.AppStore|x86.ActiveCfg = Debug|Any CPU
		{A2B66BC0-336B-4B9D-AB77-B4904B2AC460}.AppStore|x86.Build.0 = Debug|Any CPU
		{A2B66BC0-336B-4B9D-AB77-B4904B2AC460}.AppStore|x86.Deploy.0 = Debug|Any CPU
		{A2B66BC0-336B-4B9D-AB77-B4904B2AC460}.Debug|Any CPU.ActiveCfg = Debug|Any CPU
		{A2B66BC0-336B-4B9D-AB77-B4904B2AC460}.Debug|Any CPU.Build.0 = Debug|Any CPU
		{A2B66BC0-336B-4B9D-AB77-B4904B2AC460}.Debug|Any CPU.Deploy.0 = Debug|Any CPU
		{A2B66BC0-336B-4B9D-AB77-B4904B2AC460}.Debug|ARM.ActiveCfg = Debug|Any CPU
		{A2B66BC0-336B-4B9D-AB77-B4904B2AC460}.Debug|ARM.Build.0 = Debug|Any CPU
		{A2B66BC0-336B-4B9D-AB77-B4904B2AC460}.Debug|ARM.Deploy.0 = Debug|Any CPU
		{A2B66BC0-336B-4B9D-AB77-B4904B2AC460}.Debug|ARM64.ActiveCfg = Debug|Any CPU
		{A2B66BC0-336B-4B9D-AB77-B4904B2AC460}.Debug|ARM64.Build.0 = Debug|Any CPU
		{A2B66BC0-336B-4B9D-AB77-B4904B2AC460}.Debug|ARM64.Deploy.0 = Debug|Any CPU
		{A2B66BC0-336B-4B9D-AB77-B4904B2AC460}.Debug|iPhone.ActiveCfg = Debug|Any CPU
		{A2B66BC0-336B-4B9D-AB77-B4904B2AC460}.Debug|iPhone.Build.0 = Debug|Any CPU
		{A2B66BC0-336B-4B9D-AB77-B4904B2AC460}.Debug|iPhone.Deploy.0 = Debug|Any CPU
		{A2B66BC0-336B-4B9D-AB77-B4904B2AC460}.Debug|iPhoneSimulator.ActiveCfg = Debug|Any CPU
		{A2B66BC0-336B-4B9D-AB77-B4904B2AC460}.Debug|iPhoneSimulator.Build.0 = Debug|Any CPU
		{A2B66BC0-336B-4B9D-AB77-B4904B2AC460}.Debug|iPhoneSimulator.Deploy.0 = Debug|Any CPU
		{A2B66BC0-336B-4B9D-AB77-B4904B2AC460}.Debug|x64.ActiveCfg = Debug|Any CPU
		{A2B66BC0-336B-4B9D-AB77-B4904B2AC460}.Debug|x64.Build.0 = Debug|Any CPU
		{A2B66BC0-336B-4B9D-AB77-B4904B2AC460}.Debug|x64.Deploy.0 = Debug|Any CPU
		{A2B66BC0-336B-4B9D-AB77-B4904B2AC460}.Debug|x86.ActiveCfg = Debug|Any CPU
		{A2B66BC0-336B-4B9D-AB77-B4904B2AC460}.Debug|x86.Build.0 = Debug|Any CPU
		{A2B66BC0-336B-4B9D-AB77-B4904B2AC460}.Debug|x86.Deploy.0 = Debug|Any CPU
		{A2B66BC0-336B-4B9D-AB77-B4904B2AC460}.Release|Any CPU.ActiveCfg = Release|Any CPU
		{A2B66BC0-336B-4B9D-AB77-B4904B2AC460}.Release|Any CPU.Build.0 = Release|Any CPU
		{A2B66BC0-336B-4B9D-AB77-B4904B2AC460}.Release|Any CPU.Deploy.0 = Release|Any CPU
		{A2B66BC0-336B-4B9D-AB77-B4904B2AC460}.Release|ARM.ActiveCfg = Release|Any CPU
		{A2B66BC0-336B-4B9D-AB77-B4904B2AC460}.Release|ARM.Build.0 = Release|Any CPU
		{A2B66BC0-336B-4B9D-AB77-B4904B2AC460}.Release|ARM.Deploy.0 = Release|Any CPU
		{A2B66BC0-336B-4B9D-AB77-B4904B2AC460}.Release|ARM64.ActiveCfg = Release|Any CPU
		{A2B66BC0-336B-4B9D-AB77-B4904B2AC460}.Release|ARM64.Build.0 = Release|Any CPU
		{A2B66BC0-336B-4B9D-AB77-B4904B2AC460}.Release|ARM64.Deploy.0 = Release|Any CPU
		{A2B66BC0-336B-4B9D-AB77-B4904B2AC460}.Release|iPhone.ActiveCfg = Release|Any CPU
		{A2B66BC0-336B-4B9D-AB77-B4904B2AC460}.Release|iPhone.Build.0 = Release|Any CPU
		{A2B66BC0-336B-4B9D-AB77-B4904B2AC460}.Release|iPhone.Deploy.0 = Release|Any CPU
		{A2B66BC0-336B-4B9D-AB77-B4904B2AC460}.Release|iPhoneSimulator.ActiveCfg = Release|Any CPU
		{A2B66BC0-336B-4B9D-AB77-B4904B2AC460}.Release|iPhoneSimulator.Build.0 = Release|Any CPU
		{A2B66BC0-336B-4B9D-AB77-B4904B2AC460}.Release|iPhoneSimulator.Deploy.0 = Release|Any CPU
		{A2B66BC0-336B-4B9D-AB77-B4904B2AC460}.Release|x64.ActiveCfg = Release|Any CPU
		{A2B66BC0-336B-4B9D-AB77-B4904B2AC460}.Release|x64.Build.0 = Release|Any CPU
		{A2B66BC0-336B-4B9D-AB77-B4904B2AC460}.Release|x64.Deploy.0 = Release|Any CPU
		{A2B66BC0-336B-4B9D-AB77-B4904B2AC460}.Release|x86.ActiveCfg = Release|Any CPU
		{A2B66BC0-336B-4B9D-AB77-B4904B2AC460}.Release|x86.Build.0 = Release|Any CPU
		{A2B66BC0-336B-4B9D-AB77-B4904B2AC460}.Release|x86.Deploy.0 = Release|Any CPU
		{19EDDE7A-EBCC-4C4D-82B3-EDA41A377190}.Ad-Hoc|Any CPU.ActiveCfg = Debug|x64
		{19EDDE7A-EBCC-4C4D-82B3-EDA41A377190}.Ad-Hoc|Any CPU.Build.0 = Debug|x64
		{19EDDE7A-EBCC-4C4D-82B3-EDA41A377190}.Ad-Hoc|Any CPU.Deploy.0 = Debug|x64
		{19EDDE7A-EBCC-4C4D-82B3-EDA41A377190}.Ad-Hoc|ARM.ActiveCfg = Debug|x64
		{19EDDE7A-EBCC-4C4D-82B3-EDA41A377190}.Ad-Hoc|ARM.Build.0 = Debug|x64
		{19EDDE7A-EBCC-4C4D-82B3-EDA41A377190}.Ad-Hoc|ARM.Deploy.0 = Debug|x64
		{19EDDE7A-EBCC-4C4D-82B3-EDA41A377190}.Ad-Hoc|ARM64.ActiveCfg = Debug|arm64
		{19EDDE7A-EBCC-4C4D-82B3-EDA41A377190}.Ad-Hoc|ARM64.Build.0 = Debug|arm64
		{19EDDE7A-EBCC-4C4D-82B3-EDA41A377190}.Ad-Hoc|ARM64.Deploy.0 = Debug|arm64
		{19EDDE7A-EBCC-4C4D-82B3-EDA41A377190}.Ad-Hoc|iPhone.ActiveCfg = Debug|x64
		{19EDDE7A-EBCC-4C4D-82B3-EDA41A377190}.Ad-Hoc|iPhone.Build.0 = Debug|x64
		{19EDDE7A-EBCC-4C4D-82B3-EDA41A377190}.Ad-Hoc|iPhone.Deploy.0 = Debug|x64
		{19EDDE7A-EBCC-4C4D-82B3-EDA41A377190}.Ad-Hoc|iPhoneSimulator.ActiveCfg = Debug|x64
		{19EDDE7A-EBCC-4C4D-82B3-EDA41A377190}.Ad-Hoc|iPhoneSimulator.Build.0 = Debug|x64
		{19EDDE7A-EBCC-4C4D-82B3-EDA41A377190}.Ad-Hoc|iPhoneSimulator.Deploy.0 = Debug|x64
		{19EDDE7A-EBCC-4C4D-82B3-EDA41A377190}.Ad-Hoc|x64.ActiveCfg = Debug|x64
		{19EDDE7A-EBCC-4C4D-82B3-EDA41A377190}.Ad-Hoc|x64.Build.0 = Debug|x64
		{19EDDE7A-EBCC-4C4D-82B3-EDA41A377190}.Ad-Hoc|x64.Deploy.0 = Debug|x64
		{19EDDE7A-EBCC-4C4D-82B3-EDA41A377190}.Ad-Hoc|x86.ActiveCfg = Debug|x86
		{19EDDE7A-EBCC-4C4D-82B3-EDA41A377190}.Ad-Hoc|x86.Build.0 = Debug|x86
		{19EDDE7A-EBCC-4C4D-82B3-EDA41A377190}.Ad-Hoc|x86.Deploy.0 = Debug|x86
		{19EDDE7A-EBCC-4C4D-82B3-EDA41A377190}.AppStore|Any CPU.ActiveCfg = Debug|x64
		{19EDDE7A-EBCC-4C4D-82B3-EDA41A377190}.AppStore|Any CPU.Build.0 = Debug|x64
		{19EDDE7A-EBCC-4C4D-82B3-EDA41A377190}.AppStore|Any CPU.Deploy.0 = Debug|x64
		{19EDDE7A-EBCC-4C4D-82B3-EDA41A377190}.AppStore|ARM.ActiveCfg = Debug|x64
		{19EDDE7A-EBCC-4C4D-82B3-EDA41A377190}.AppStore|ARM.Build.0 = Debug|x64
		{19EDDE7A-EBCC-4C4D-82B3-EDA41A377190}.AppStore|ARM.Deploy.0 = Debug|x64
		{19EDDE7A-EBCC-4C4D-82B3-EDA41A377190}.AppStore|ARM64.ActiveCfg = Debug|arm64
		{19EDDE7A-EBCC-4C4D-82B3-EDA41A377190}.AppStore|ARM64.Build.0 = Debug|arm64
		{19EDDE7A-EBCC-4C4D-82B3-EDA41A377190}.AppStore|ARM64.Deploy.0 = Debug|arm64
		{19EDDE7A-EBCC-4C4D-82B3-EDA41A377190}.AppStore|iPhone.ActiveCfg = Debug|x64
		{19EDDE7A-EBCC-4C4D-82B3-EDA41A377190}.AppStore|iPhone.Build.0 = Debug|x64
		{19EDDE7A-EBCC-4C4D-82B3-EDA41A377190}.AppStore|iPhone.Deploy.0 = Debug|x64
		{19EDDE7A-EBCC-4C4D-82B3-EDA41A377190}.AppStore|iPhoneSimulator.ActiveCfg = Debug|x64
		{19EDDE7A-EBCC-4C4D-82B3-EDA41A377190}.AppStore|iPhoneSimulator.Build.0 = Debug|x64
		{19EDDE7A-EBCC-4C4D-82B3-EDA41A377190}.AppStore|iPhoneSimulator.Deploy.0 = Debug|x64
		{19EDDE7A-EBCC-4C4D-82B3-EDA41A377190}.AppStore|x64.ActiveCfg = Debug|x64
		{19EDDE7A-EBCC-4C4D-82B3-EDA41A377190}.AppStore|x64.Build.0 = Debug|x64
		{19EDDE7A-EBCC-4C4D-82B3-EDA41A377190}.AppStore|x64.Deploy.0 = Debug|x64
		{19EDDE7A-EBCC-4C4D-82B3-EDA41A377190}.AppStore|x86.ActiveCfg = Debug|x86
		{19EDDE7A-EBCC-4C4D-82B3-EDA41A377190}.AppStore|x86.Build.0 = Debug|x86
		{19EDDE7A-EBCC-4C4D-82B3-EDA41A377190}.AppStore|x86.Deploy.0 = Debug|x86
		{19EDDE7A-EBCC-4C4D-82B3-EDA41A377190}.Debug|Any CPU.ActiveCfg = Debug|x64
		{19EDDE7A-EBCC-4C4D-82B3-EDA41A377190}.Debug|Any CPU.Build.0 = Debug|x64
		{19EDDE7A-EBCC-4C4D-82B3-EDA41A377190}.Debug|Any CPU.Deploy.0 = Debug|x64
		{19EDDE7A-EBCC-4C4D-82B3-EDA41A377190}.Debug|ARM.ActiveCfg = Debug|x64
		{19EDDE7A-EBCC-4C4D-82B3-EDA41A377190}.Debug|ARM.Build.0 = Debug|x64
		{19EDDE7A-EBCC-4C4D-82B3-EDA41A377190}.Debug|ARM.Deploy.0 = Debug|x64
		{19EDDE7A-EBCC-4C4D-82B3-EDA41A377190}.Debug|ARM64.ActiveCfg = Debug|arm64
		{19EDDE7A-EBCC-4C4D-82B3-EDA41A377190}.Debug|ARM64.Build.0 = Debug|arm64
		{19EDDE7A-EBCC-4C4D-82B3-EDA41A377190}.Debug|ARM64.Deploy.0 = Debug|arm64
		{19EDDE7A-EBCC-4C4D-82B3-EDA41A377190}.Debug|iPhone.ActiveCfg = Debug|x64
		{19EDDE7A-EBCC-4C4D-82B3-EDA41A377190}.Debug|iPhone.Build.0 = Debug|x64
		{19EDDE7A-EBCC-4C4D-82B3-EDA41A377190}.Debug|iPhone.Deploy.0 = Debug|x64
		{19EDDE7A-EBCC-4C4D-82B3-EDA41A377190}.Debug|iPhoneSimulator.ActiveCfg = Debug|x64
		{19EDDE7A-EBCC-4C4D-82B3-EDA41A377190}.Debug|iPhoneSimulator.Build.0 = Debug|x64
		{19EDDE7A-EBCC-4C4D-82B3-EDA41A377190}.Debug|iPhoneSimulator.Deploy.0 = Debug|x64
		{19EDDE7A-EBCC-4C4D-82B3-EDA41A377190}.Debug|x64.ActiveCfg = Debug|x64
		{19EDDE7A-EBCC-4C4D-82B3-EDA41A377190}.Debug|x64.Build.0 = Debug|x64
		{19EDDE7A-EBCC-4C4D-82B3-EDA41A377190}.Debug|x64.Deploy.0 = Debug|x64
		{19EDDE7A-EBCC-4C4D-82B3-EDA41A377190}.Debug|x86.ActiveCfg = Debug|x86
		{19EDDE7A-EBCC-4C4D-82B3-EDA41A377190}.Debug|x86.Build.0 = Debug|x86
		{19EDDE7A-EBCC-4C4D-82B3-EDA41A377190}.Debug|x86.Deploy.0 = Debug|x86
		{19EDDE7A-EBCC-4C4D-82B3-EDA41A377190}.Release|Any CPU.ActiveCfg = Release|x64
		{19EDDE7A-EBCC-4C4D-82B3-EDA41A377190}.Release|Any CPU.Build.0 = Release|x64
		{19EDDE7A-EBCC-4C4D-82B3-EDA41A377190}.Release|Any CPU.Deploy.0 = Release|x64
		{19EDDE7A-EBCC-4C4D-82B3-EDA41A377190}.Release|ARM.ActiveCfg = Release|x64
		{19EDDE7A-EBCC-4C4D-82B3-EDA41A377190}.Release|ARM.Build.0 = Release|x64
		{19EDDE7A-EBCC-4C4D-82B3-EDA41A377190}.Release|ARM.Deploy.0 = Release|x64
		{19EDDE7A-EBCC-4C4D-82B3-EDA41A377190}.Release|ARM64.ActiveCfg = Release|arm64
		{19EDDE7A-EBCC-4C4D-82B3-EDA41A377190}.Release|ARM64.Build.0 = Release|arm64
		{19EDDE7A-EBCC-4C4D-82B3-EDA41A377190}.Release|ARM64.Deploy.0 = Release|arm64
		{19EDDE7A-EBCC-4C4D-82B3-EDA41A377190}.Release|iPhone.ActiveCfg = Release|x64
		{19EDDE7A-EBCC-4C4D-82B3-EDA41A377190}.Release|iPhone.Build.0 = Release|x64
		{19EDDE7A-EBCC-4C4D-82B3-EDA41A377190}.Release|iPhone.Deploy.0 = Release|x64
		{19EDDE7A-EBCC-4C4D-82B3-EDA41A377190}.Release|iPhoneSimulator.ActiveCfg = Release|x64
		{19EDDE7A-EBCC-4C4D-82B3-EDA41A377190}.Release|iPhoneSimulator.Build.0 = Release|x64
		{19EDDE7A-EBCC-4C4D-82B3-EDA41A377190}.Release|iPhoneSimulator.Deploy.0 = Release|x64
		{19EDDE7A-EBCC-4C4D-82B3-EDA41A377190}.Release|x64.ActiveCfg = Release|x64
		{19EDDE7A-EBCC-4C4D-82B3-EDA41A377190}.Release|x64.Build.0 = Release|x64
		{19EDDE7A-EBCC-4C4D-82B3-EDA41A377190}.Release|x64.Deploy.0 = Release|x64
		{19EDDE7A-EBCC-4C4D-82B3-EDA41A377190}.Release|x86.ActiveCfg = Release|x86
		{19EDDE7A-EBCC-4C4D-82B3-EDA41A377190}.Release|x86.Build.0 = Release|x86
		{19EDDE7A-EBCC-4C4D-82B3-EDA41A377190}.Release|x86.Deploy.0 = Release|x86
	EndGlobalSection
	GlobalSection(SolutionProperties) = preSolution
		HideSolutionNode = FALSE
	EndGlobalSection
	GlobalSection(NestedProjects) = preSolution
		{8AF7C2E1-7BB6-41E7-8CDB-C2DF39AFE629} = {0D427D54-F8E6-473D-8B45-1094EB7597EB}
		{5A384803-72D8-47A6-AD38-1AF5EAEEF042} = {0D427D54-F8E6-473D-8B45-1094EB7597EB}
		{1BEF0557-86EE-4205-A8DF-54F1A9C10CD8} = {0D427D54-F8E6-473D-8B45-1094EB7597EB}
		{B1390257-1771-41BD-B1B9-EBE2DE79F0E5} = {0D427D54-F8E6-473D-8B45-1094EB7597EB}
		{7B2DEE15-FE5C-406D-8901-D30C84EE6890} = {B1390257-1771-41BD-B1B9-EBE2DE79F0E5}
		{C3DF1519-9D05-4D28-BBF7-162E82A2BC23} = {B1390257-1771-41BD-B1B9-EBE2DE79F0E5}
		{474C2F05-B34C-4D38-B269-F13EFFF0C0C0} = {C2C46D73-4F0D-4553-9D09-87D55A6CF68E}
		{DEF1D0BF-63A8-4EE1-B985-97C6DE04E172} = {474C2F05-B34C-4D38-B269-F13EFFF0C0C0}
		{27743152-93EC-4C72-B737-754E52BF6205} = {474C2F05-B34C-4D38-B269-F13EFFF0C0C0}
		{DDD1A351-F31C-459E-BE13-6C69132DA4C5} = {474C2F05-B34C-4D38-B269-F13EFFF0C0C0}
		{76B3D6D9-188F-4BE9-A7C1-42CD6542CE7F} = {474C2F05-B34C-4D38-B269-F13EFFF0C0C0}
		{C25A3685-FCEE-41DD-B161-DEBBEA2DD07A} = {474C2F05-B34C-4D38-B269-F13EFFF0C0C0}
		{A2B66BC0-336B-4B9D-AB77-B4904B2AC460} = {C692D0FB-E69C-48AC-A5B7-AE489F6502DE}
		{19EDDE7A-EBCC-4C4D-82B3-EDA41A377190} = {C692D0FB-E69C-48AC-A5B7-AE489F6502DE}
	EndGlobalSection
	GlobalSection(ExtensibilityGlobals) = postSolution
		SolutionGuid = {ADC908A3-CC5D-4882-A9A4-91848236F864}
	EndGlobalSection
	GlobalSection(SharedMSBuildProjectFiles) = preSolution
		Pica\Pica.Shared\Pica.Shared.projitems*{19edde7a-ebcc-4c4d-82b3-eda41a377190}*SharedItemsImports = 5
		Pica\Pica.Shared\Pica.Shared.projitems*{6279c845-92f8-4333-ab99-3d213163593c}*SharedItemsImports = 13
		Pica\Pica.Shared\Pica.Shared.projitems*{a2b66bc0-336b-4b9d-ab77-b4904b2ac460}*SharedItemsImports = 5
	EndGlobalSection
EndGlobal
